<?xml version="1.0" encoding="utf-8"?>
<Project ToolsVersion="4.0" xmlns="http://schemas.microsoft.com/developer/msbuild/2003">
  <ItemGroup>
    <Filter Include="소스 파일">
      <UniqueIdentifier>{4FC737F1-C7A5-4376-A066-2A32D752A2FF}</UniqueIdentifier>
      <Extensions>cpp;c;cc;cxx;c++;def;odl;idl;hpj;bat;asm;asmx</Extensions>
    </Filter>
    <Filter Include="헤더 파일">
      <UniqueIdentifier>{93995380-89BD-4b04-88EB-625FBE52EBFB}</UniqueIdentifier>
      <Extensions>h;hh;hpp;hxx;h++;hm;inl;inc;ipp;xsd</Extensions>
    </Filter>
    <Filter Include="리소스 파일">
      <UniqueIdentifier>{67DA6AB6-F800-4c08-8B7A-83BB121AAD01}</UniqueIdentifier>
      <Extensions>rc;ico;cur;bmp;dlg;rc2;rct;bin;rgs;gif;jpg;jpeg;jpe;resx;tiff;tif;png;wav;mfcribbon-ms</Extensions>
    </Filter>
    <Filter Include="헤더 파일\Interface">
      <UniqueIdentifier>{9b8e08d9-ff17-44ac-8658-cc4159ae9961}</UniqueIdentifier>
    </Filter>
    <Filter Include="헤더 파일\Utill">
      <UniqueIdentifier>{81cd530b-295e-4b06-88f9-0285b480de8b}</UniqueIdentifier>
    </Filter>
    <Filter Include="헤더 파일\etc">
      <UniqueIdentifier>{804ed941-a6e1-4636-8811-478616dfedbd}</UniqueIdentifier>
    </Filter>
    <Filter Include="헤더 파일\Core">
      <UniqueIdentifier>{e58ac9a7-0da7-4503-a05b-45db1f8f0083}</UniqueIdentifier>
    </Filter>
    <Filter Include="헤더 파일\Core\System">
      <UniqueIdentifier>{1ba0fcd0-c294-4bf8-8ded-c7b6201f1be0}</UniqueIdentifier>
    </Filter>
    <Filter Include="헤더 파일\Core\Entity">
      <UniqueIdentifier>{70ced97a-4a5e-4ac7-a93d-978a763130a7}</UniqueIdentifier>
    </Filter>
    <Filter Include="헤더 파일\Core\Component">
      <UniqueIdentifier>{ab1f513e-2f3f-47f3-b0d7-3092e30caf37}</UniqueIdentifier>
    </Filter>
  </ItemGroup>
  <ItemGroup>
    <ClCompile Include="src\pch.cpp">
      <Filter>소스 파일</Filter>
    </ClCompile>
    <ClCompile Include="src\KGLib.cpp">
      <Filter>소스 파일</Filter>
    </ClCompile>
    <ClCompile Include="src\IComponent.cpp">
      <Filter>소스 파일</Filter>
    </ClCompile>
    <ClCompile Include="src\TransformSystem.cpp">
      <Filter>소스 파일</Filter>
    </ClCompile>
    <ClCompile Include="src\AssimpImpoter.cpp">
      <Filter>소스 파일</Filter>
    </ClCompile>
    <ClCompile Include="src\tinyxml2.cpp">
      <Filter>소스 파일</Filter>
    </ClCompile>
    <ClCompile Include="src\Transform.cpp">
      <Filter>소스 파일</Filter>
    </ClCompile>
  </ItemGroup>
  <ItemGroup>
    <ClInclude Include="include\MathHelper.h">
      <Filter>헤더 파일\Utill</Filter>
    </ClInclude>
    <ClInclude Include="include\hash.h">
      <Filter>헤더 파일\Utill</Filter>
    </ClInclude>
    <ClInclude Include="include_In\framework.h">
      <Filter>헤더 파일\etc</Filter>
    </ClInclude>
    <ClInclude Include="include_In\pch.h">
      <Filter>헤더 파일\etc</Filter>
    </ClInclude>
    <ClInclude Include="include\Debug.h">
      <Filter>헤더 파일\Utill</Filter>
    </ClInclude>
    <ClInclude Include="include\AssimpImpoter.h">
      <Filter>헤더 파일\Utill</Filter>
    </ClInclude>
    <ClInclude Include="include\GameObject.h">
      <Filter>헤더 파일\Core\Entity</Filter>
    </ClInclude>
    <ClInclude Include="include\Transform.h">
      <Filter>헤더 파일\Core\Component</Filter>
    </ClInclude>
    <ClInclude Include="include\ComponentContainer.h">
      <Filter>헤더 파일\Core\Component</Filter>
    </ClInclude>
    <ClInclude Include="include\IComponent.h">
      <Filter>헤더 파일\Core\Component</Filter>
    </ClInclude>
    <ClInclude Include="include\IHierarchy.h">
      <Filter>헤더 파일\Core\Component</Filter>
    </ClInclude>
    <ClInclude Include="include\ISystem.h">
      <Filter>헤더 파일\Core\System</Filter>
    </ClInclude>
    <ClInclude Include="include\TransformSystem.h">
      <Filter>헤더 파일\Core\System</Filter>
    </ClInclude>
    <ClInclude Include="include\tinyxml2.h">
      <Filter>헤더 파일\Utill</Filter>
    </ClInclude>
    <ClInclude Include="include\KGMacroUtill.h">
      <Filter>헤더 파일\Utill</Filter>
    </ClInclude>
    <ClInclude Include="include\InputManager.h">
      <Filter>헤더 파일\Utill</Filter>
    </ClInclude>
  </ItemGroup>
</Project>