<?xml version="1.0" encoding="utf-8"?>
<Project ToolsVersion="4.0" xmlns="http://schemas.microsoft.com/developer/msbuild/2003">
  <ItemGroup>
    <Filter Include="소스 파일">
      <UniqueIdentifier>{4FC737F1-C7A5-4376-A066-2A32D752A2FF}</UniqueIdentifier>
      <Extensions>cpp;c;cc;cxx;c++;def;odl;idl;hpj;bat;asm;asmx</Extensions>
    </Filter>
    <Filter Include="헤더 파일">
      <UniqueIdentifier>{93995380-89BD-4b04-88EB-625FBE52EBFB}</UniqueIdentifier>
      <Extensions>h;hh;hpp;hxx;h++;hm;inl;inc;ipp;xsd</Extensions>
    </Filter>
    <Filter Include="리소스 파일">
      <UniqueIdentifier>{67DA6AB6-F800-4c08-8B7A-83BB121AAD01}</UniqueIdentifier>
      <Extensions>rc;ico;cur;bmp;dlg;rc2;rct;bin;rgs;gif;jpg;jpeg;jpe;resx;tiff;tif;png;wav;mfcribbon-ms</Extensions>
    </Filter>
    <Filter Include="헤더 파일\etc">
      <UniqueIdentifier>{84bd69ec-0e2a-4e26-88e8-85069ff0edbd}</UniqueIdentifier>
    </Filter>
    <Filter Include="헤더 파일\Framework">
      <UniqueIdentifier>{f39e64af-b882-4a5c-ad33-7d6cd3e73a91}</UniqueIdentifier>
    </Filter>
    <Filter Include="헤더 파일\Framework\Utill">
      <UniqueIdentifier>{f53e83d2-314b-43b4-8670-19bb4a4a2313}</UniqueIdentifier>
    </Filter>
    <Filter Include="소스 파일\Framework">
      <UniqueIdentifier>{f79428ad-4b61-46c7-b506-1871f096ebd6}</UniqueIdentifier>
    </Filter>
    <Filter Include="소스 파일\Framework\Utill">
      <UniqueIdentifier>{3099ec77-cdfd-4a86-95ca-5dd469d3b6e2}</UniqueIdentifier>
    </Filter>
    <Filter Include="소스 파일\Component">
      <UniqueIdentifier>{f135efb2-e6c5-4166-91d0-124220ef3c3e}</UniqueIdentifier>
    </Filter>
    <Filter Include="헤더 파일\Component">
      <UniqueIdentifier>{8415b8e5-df21-476b-bb59-c77ef9c1ddb4}</UniqueIdentifier>
    </Filter>
  </ItemGroup>
  <ItemGroup>
    <ClInclude Include="framework.h">
      <Filter>헤더 파일\etc</Filter>
    </ClInclude>
    <ClInclude Include="Resource.h">
      <Filter>헤더 파일\etc</Filter>
    </ClInclude>
    <ClInclude Include="targetver.h">
      <Filter>헤더 파일\etc</Filter>
    </ClInclude>
    <ClInclude Include="KGFramework.h">
      <Filter>헤더 파일\Framework</Filter>
    </ClInclude>
    <ClInclude Include="GameTimer.h">
      <Filter>헤더 파일\Framework\Utill</Filter>
    </ClInclude>
    <ClInclude Include="KGMain.h">
      <Filter>헤더 파일</Filter>
    </ClInclude>
    <ClInclude Include="Setting.h">
      <Filter>헤더 파일\Framework</Filter>
    </ClInclude>
    <ClInclude Include="Systems.h">
      <Filter>헤더 파일\Framework</Filter>
    </ClInclude>
    <ClInclude Include="PlayerControllerComponent.h">
      <Filter>헤더 파일\Component</Filter>
    </ClInclude>
    <ClInclude Include="SceneCameraComponent.h">
      <Filter>헤더 파일\Component</Filter>
    </ClInclude>
  </ItemGroup>
  <ItemGroup>
    <ResourceCompile Include="KGMain.rc">
      <Filter>리소스 파일</Filter>
    </ResourceCompile>
  </ItemGroup>
  <ItemGroup>
    <Image Include="small.ico">
      <Filter>리소스 파일</Filter>
    </Image>
    <Image Include="KGMain.ico">
      <Filter>리소스 파일</Filter>
    </Image>
  </ItemGroup>
  <ItemGroup>
    <ClCompile Include="GameTimer.cpp">
      <Filter>소스 파일\Framework\Utill</Filter>
    </ClCompile>
    <ClCompile Include="KGMain.cpp">
      <Filter>소스 파일</Filter>
    </ClCompile>
    <ClCompile Include="Setting.cpp">
      <Filter>소스 파일</Filter>
    </ClCompile>
    <ClCompile Include="KGFramework.cpp">
      <Filter>소스 파일\Framework</Filter>
    </ClCompile>
    <ClCompile Include="ComponentRegister.cpp">
      <Filter>소스 파일\Framework</Filter>
    </ClCompile>
    <ClCompile Include="PlayerControllerComponent.cpp">
      <Filter>소스 파일\Component</Filter>
    </ClCompile>
    <ClCompile Include="SceneCameraComponent.cpp">
      <Filter>소스 파일\Component</Filter>
    </ClCompile>
    <ClCompile Include="NetworkFunctions.cpp">
      <Filter>소스 파일\Framework</Filter>
    </ClCompile>
    <ClCompile Include="ServerFunction.cpp">
      <Filter>소스 파일\Framework</Filter>
    </ClCompile>
  </ItemGroup>
</Project>