
Microsoft Visual Studio Solution File, Format Version 11.00
# Visual Studio Version 16
Project("{8BC9CEB8-8B4A-11D0-8D11-00A0C91BC942}") = "3d", "3d.vcxproj", "{E9A51BC9-85D8-4DC7-9531-150B82C91ECA}"
EndProject
Project("{8BC9CEB8-8B4A-11D0-8D11-00A0C91BC942}") = "3d_multi", "3d_multi.vcxproj", "{D92DDA57-C9F3-46F8-8438-A0314173942D}"
EndProject
Project("{8BC9CEB8-8B4A-11D0-8D11-00A0C91BC942}") = "event_parameter", "event_parameter.vcxproj", "{D1C1B586-128B-48A5-AE05-B6F8FF4DAC50}"
EndProject
Project("{8BC9CEB8-8B4A-11D0-8D11-00A0C91BC942}") = "load_banks", "load_banks.vcxproj", "{D59D15E0-F140-4B37-AEA3-74DE7916409D}"
EndProject
Project("{8BC9CEB8-8B4A-11D0-8D11-00A0C91BC942}") = "music_callbacks", "music_callbacks.vcxproj", "{8EE62911-F102-42CC-9C8E-8A472813CEB8}"
EndProject
Project("{8BC9CEB8-8B4A-11D0-8D11-00A0C91BC942}") = "objectpan", "objectpan.vcxproj", "{E6DD7ABF-B0DF-4523-A2C1-57D10624D9B2}"
EndProject
Project("{8BC9CEB8-8B4A-11D0-8D11-00A0C91BC942}") = "programmer_sound", "programmer_sound.vcxproj", "{DBE9312E-4FE8-4AF8-B681-6AFA1F5FB9FA}"
EndProject
Project("{8BC9CEB8-8B4A-11D0-8D11-00A0C91BC942}") = "recording_playback", "recording_playback.vcxproj", "{272F742E-04CF-4152-B281-A4E84BCDA6A9}"
EndProject
Project("{8BC9CEB8-8B4A-11D0-8D11-00A0C91BC942}") = "simple_event", "simple_event.vcxproj", "{15E0A7E8-A26D-414E-80FF-5F7EAD978D72}"
EndProject
Global
	GlobalSection(SolutionConfigurationPlatforms) = preSolution
		Debug|Win32 = Debug|Win32
		Debug|x64 = Debug|x64
		Release|Win32 = Release|Win32
		Release|x64 = Release|x64
	EndGlobalSection
	GlobalSection(ProjectConfigurationPlatforms) = postSolution
		{E9A51BC9-85D8-4DC7-9531-150B82C91ECA}.Debug|Win32.ActiveCfg = Debug|Win32
		{E9A51BC9-85D8-4DC7-9531-150B82C91ECA}.Debug|Win32.Build.0 = Debug|Win32
		{E9A51BC9-85D8-4DC7-9531-150B82C91ECA}.Debug|Win32.Deploy.0 = Debug|Win32
		{E9A51BC9-85D8-4DC7-9531-150B82C91ECA}.Debug|x64.ActiveCfg = Debug|x64
		{E9A51BC9-85D8-4DC7-9531-150B82C91ECA}.Debug|x64.Build.0 = Debug|x64
		{E9A51BC9-85D8-4DC7-9531-150B82C91ECA}.Debug|x64.Deploy.0 = Debug|x64
		{E9A51BC9-85D8-4DC7-9531-150B82C91ECA}.Release|Win32.ActiveCfg = Release|Win32
		{E9A51BC9-85D8-4DC7-9531-150B82C91ECA}.Release|Win32.Build.0 = Release|Win32
		{E9A51BC9-85D8-4DC7-9531-150B82C91ECA}.Release|Win32.Deploy.0 = Release|Win32
		{E9A51BC9-85D8-4DC7-9531-150B82C91ECA}.Release|x64.ActiveCfg = Release|x64
		{E9A51BC9-85D8-4DC7-9531-150B82C91ECA}.Release|x64.Build.0 = Release|x64
		{E9A51BC9-85D8-4DC7-9531-150B82C91ECA}.Release|x64.Deploy.0 = Release|x64
		{D92DDA57-C9F3-46F8-8438-A0314173942D}.Debug|Win32.ActiveCfg = Debug|Win32
		{D92DDA57-C9F3-46F8-8438-A0314173942D}.Debug|Win32.Build.0 = Debug|Win32
		{D92DDA57-C9F3-46F8-8438-A0314173942D}.Debug|Win32.Deploy.0 = Debug|Win32
		{D92DDA57-C9F3-46F8-8438-A0314173942D}.Debug|x64.ActiveCfg = Debug|x64
		{D92DDA57-C9F3-46F8-8438-A0314173942D}.Debug|x64.Build.0 = Debug|x64
		{D92DDA57-C9F3-46F8-8438-A0314173942D}.Debug|x64.Deploy.0 = Debug|x64
		{D92DDA57-C9F3-46F8-8438-A0314173942D}.Release|Win32.ActiveCfg = Release|Win32
		{D92DDA57-C9F3-46F8-8438-A0314173942D}.Release|Win32.Build.0 = Release|Win32
		{D92DDA57-C9F3-46F8-8438-A0314173942D}.Release|Win32.Deploy.0 = Release|Win32
		{D92DDA57-C9F3-46F8-8438-A0314173942D}.Release|x64.ActiveCfg = Release|x64
		{D92DDA57-C9F3-46F8-8438-A0314173942D}.Release|x64.Build.0 = Release|x64
		{D92DDA57-C9F3-46F8-8438-A0314173942D}.Release|x64.Deploy.0 = Release|x64
		{D1C1B586-128B-48A5-AE05-B6F8FF4DAC50}.Debug|Win32.ActiveCfg = Debug|Win32
		{D1C1B586-128B-48A5-AE05-B6F8FF4DAC50}.Debug|Win32.Build.0 = Debug|Win32
		{D1C1B586-128B-48A5-AE05-B6F8FF4DAC50}.Debug|Win32.Deploy.0 = Debug|Win32
		{D1C1B586-128B-48A5-AE05-B6F8FF4DAC50}.Debug|x64.ActiveCfg = Debug|x64
		{D1C1B586-128B-48A5-AE05-B6F8FF4DAC50}.Debug|x64.Build.0 = Debug|x64
		{D1C1B586-128B-48A5-AE05-B6F8FF4DAC50}.Debug|x64.Deploy.0 = Debug|x64
		{D1C1B586-128B-48A5-AE05-B6F8FF4DAC50}.Release|Win32.ActiveCfg = Release|Win32
		{D1C1B586-128B-48A5-AE05-B6F8FF4DAC50}.Release|Win32.Build.0 = Release|Win32
		{D1C1B586-128B-48A5-AE05-B6F8FF4DAC50}.Release|Win32.Deploy.0 = Release|Win32
		{D1C1B586-128B-48A5-AE05-B6F8FF4DAC50}.Release|x64.ActiveCfg = Release|x64
		{D1C1B586-128B-48A5-AE05-B6F8FF4DAC50}.Release|x64.Build.0 = Release|x64
		{D1C1B586-128B-48A5-AE05-B6F8FF4DAC50}.Release|x64.Deploy.0 = Release|x64
		{D59D15E0-F140-4B37-AEA3-74DE7916409D}.Debug|Win32.ActiveCfg = Debug|Win32
		{D59D15E0-F140-4B37-AEA3-74DE7916409D}.Debug|Win32.Build.0 = Debug|Win32
		{D59D15E0-F140-4B37-AEA3-74DE7916409D}.Debug|Win32.Deploy.0 = Debug|Win32
		{D59D15E0-F140-4B37-AEA3-74DE7916409D}.Debug|x64.ActiveCfg = Debug|x64
		{D59D15E0-F140-4B37-AEA3-74DE7916409D}.Debug|x64.Build.0 = Debug|x64
		{D59D15E0-F140-4B37-AEA3-74DE7916409D}.Debug|x64.Deploy.0 = Debug|x64
		{D59D15E0-F140-4B37-AEA3-74DE7916409D}.Release|Win32.ActiveCfg = Release|Win32
		{D59D15E0-F140-4B37-AEA3-74DE7916409D}.Release|Win32.Build.0 = Release|Win32
		{D59D15E0-F140-4B37-AEA3-74DE7916409D}.Release|Win32.Deploy.0 = Release|Win32
		{D59D15E0-F140-4B37-AEA3-74DE7916409D}.Release|x64.ActiveCfg = Release|x64
		{D59D15E0-F140-4B37-AEA3-74DE7916409D}.Release|x64.Build.0 = Release|x64
		{D59D15E0-F140-4B37-AEA3-74DE7916409D}.Release|x64.Deploy.0 = Release|x64
		{8EE62911-F102-42CC-9C8E-8A472813CEB8}.Debug|Win32.ActiveCfg = Debug|Win32
		{8EE62911-F102-42CC-9C8E-8A472813CEB8}.Debug|Win32.Build.0 = Debug|Win32
		{8EE62911-F102-42CC-9C8E-8A472813CEB8}.Debug|Win32.Deploy.0 = Debug|Win32
		{8EE62911-F102-42CC-9C8E-8A472813CEB8}.Debug|x64.ActiveCfg = Debug|x64
		{8EE62911-F102-42CC-9C8E-8A472813CEB8}.Debug|x64.Build.0 = Debug|x64
		{8EE62911-F102-42CC-9C8E-8A472813CEB8}.Debug|x64.Deploy.0 = Debug|x64
		{8EE62911-F102-42CC-9C8E-8A472813CEB8}.Release|Win32.ActiveCfg = Release|Win32
		{8EE62911-F102-42CC-9C8E-8A472813CEB8}.Release|Win32.Build.0 = Release|Win32
		{8EE62911-F102-42CC-9C8E-8A472813CEB8}.Release|Win32.Deploy.0 = Release|Win32
		{8EE62911-F102-42CC-9C8E-8A472813CEB8}.Release|x64.ActiveCfg = Release|x64
		{8EE62911-F102-42CC-9C8E-8A472813CEB8}.Release|x64.Build.0 = Release|x64
		{8EE62911-F102-42CC-9C8E-8A472813CEB8}.Release|x64.Deploy.0 = Release|x64
		{E6DD7ABF-B0DF-4523-A2C1-57D10624D9B2}.Debug|Win32.ActiveCfg = Debug|Win32
		{E6DD7ABF-B0DF-4523-A2C1-57D10624D9B2}.Debug|Win32.Build.0 = Debug|Win32
		{E6DD7ABF-B0DF-4523-A2C1-57D10624D9B2}.Debug|Win32.Deploy.0 = Debug|Win32
		{E6DD7ABF-B0DF-4523-A2C1-57D10624D9B2}.Debug|x64.ActiveCfg = Debug|x64
		{E6DD7ABF-B0DF-4523-A2C1-57D10624D9B2}.Debug|x64.Build.0 = Debug|x64
		{E6DD7ABF-B0DF-4523-A2C1-57D10624D9B2}.Debug|x64.Deploy.0 = Debug|x64
		{E6DD7ABF-B0DF-4523-A2C1-57D10624D9B2}.Release|Win32.ActiveCfg = Release|Win32
		{E6DD7ABF-B0DF-4523-A2C1-57D10624D9B2}.Release|Win32.Build.0 = Release|Win32
		{E6DD7ABF-B0DF-4523-A2C1-57D10624D9B2}.Release|Win32.Deploy.0 = Release|Win32
		{E6DD7ABF-B0DF-4523-A2C1-57D10624D9B2}.Release|x64.ActiveCfg = Release|x64
		{E6DD7ABF-B0DF-4523-A2C1-57D10624D9B2}.Release|x64.Build.0 = Release|x64
		{E6DD7ABF-B0DF-4523-A2C1-57D10624D9B2}.Release|x64.Deploy.0 = Release|x64
		{DBE9312E-4FE8-4AF8-B681-6AFA1F5FB9FA}.Debug|Win32.ActiveCfg = Debug|Win32
		{DBE9312E-4FE8-4AF8-B681-6AFA1F5FB9FA}.Debug|Win32.Build.0 = Debug|Win32
		{DBE9312E-4FE8-4AF8-B681-6AFA1F5FB9FA}.Debug|Win32.Deploy.0 = Debug|Win32
		{DBE9312E-4FE8-4AF8-B681-6AFA1F5FB9FA}.Debug|x64.ActiveCfg = Debug|x64
		{DBE9312E-4FE8-4AF8-B681-6AFA1F5FB9FA}.Debug|x64.Build.0 = Debug|x64
		{DBE9312E-4FE8-4AF8-B681-6AFA1F5FB9FA}.Debug|x64.Deploy.0 = Debug|x64
		{DBE9312E-4FE8-4AF8-B681-6AFA1F5FB9FA}.Release|Win32.ActiveCfg = Release|Win32
		{DBE9312E-4FE8-4AF8-B681-6AFA1F5FB9FA}.Release|Win32.Build.0 = Release|Win32
		{DBE9312E-4FE8-4AF8-B681-6AFA1F5FB9FA}.Release|Win32.Deploy.0 = Release|Win32
		{DBE9312E-4FE8-4AF8-B681-6AFA1F5FB9FA}.Release|x64.ActiveCfg = Release|x64
		{DBE9312E-4FE8-4AF8-B681-6AFA1F5FB9FA}.Release|x64.Build.0 = Release|x64
		{DBE9312E-4FE8-4AF8-B681-6AFA1F5FB9FA}.Release|x64.Deploy.0 = Release|x64
		{272F742E-04CF-4152-B281-A4E84BCDA6A9}.Debug|Win32.ActiveCfg = Debug|Win32
		{272F742E-04CF-4152-B281-A4E84BCDA6A9}.Debug|Win32.Build.0 = Debug|Win32
		{272F742E-04CF-4152-B281-A4E84BCDA6A9}.Debug|Win32.Deploy.0 = Debug|Win32
		{272F742E-04CF-4152-B281-A4E84BCDA6A9}.Debug|x64.ActiveCfg = Debug|x64
		{272F742E-04CF-4152-B281-A4E84BCDA6A9}.Debug|x64.Build.0 = Debug|x64
		{272F742E-04CF-4152-B281-A4E84BCDA6A9}.Debug|x64.Deploy.0 = Debug|x64
		{272F742E-04CF-4152-B281-A4E84BCDA6A9}.Release|Win32.ActiveCfg = Release|Win32
		{272F742E-04CF-4152-B281-A4E84BCDA6A9}.Release|Win32.Build.0 = Release|Win32
		{272F742E-04CF-4152-B281-A4E84BCDA6A9}.Release|Win32.Deploy.0 = Release|Win32
		{272F742E-04CF-4152-B281-A4E84BCDA6A9}.Release|x64.ActiveCfg = Release|x64
		{272F742E-04CF-4152-B281-A4E84BCDA6A9}.Release|x64.Build.0 = Release|x64
		{272F742E-04CF-4152-B281-A4E84BCDA6A9}.Release|x64.Deploy.0 = Release|x64
		{15E0A7E8-A26D-414E-80FF-5F7EAD978D72}.Debug|Win32.ActiveCfg = Debug|Win32
		{15E0A7E8-A26D-414E-80FF-5F7EAD978D72}.Debug|Win32.Build.0 = Debug|Win32
		{15E0A7E8-A26D-414E-80FF-5F7EAD978D72}.Debug|Win32.Deploy.0 = Debug|Win32
		{15E0A7E8-A26D-414E-80FF-5F7EAD978D72}.Debug|x64.ActiveCfg = Debug|x64
		{15E0A7E8-A26D-414E-80FF-5F7EAD978D72}.Debug|x64.Build.0 = Debug|x64
		{15E0A7E8-A26D-414E-80FF-5F7EAD978D72}.Debug|x64.Deploy.0 = Debug|x64
		{15E0A7E8-A26D-414E-80FF-5F7EAD978D72}.Release|Win32.ActiveCfg = Release|Win32
		{15E0A7E8-A26D-414E-80FF-5F7EAD978D72}.Release|Win32.Build.0 = Release|Win32
		{15E0A7E8-A26D-414E-80FF-5F7EAD978D72}.Release|Win32.Deploy.0 = Release|Win32
		{15E0A7E8-A26D-414E-80FF-5F7EAD978D72}.Release|x64.ActiveCfg = Release|x64
		{15E0A7E8-A26D-414E-80FF-5F7EAD978D72}.Release|x64.Build.0 = Release|x64
		{15E0A7E8-A26D-414E-80FF-5F7EAD978D72}.Release|x64.Deploy.0 = Release|x64
	EndGlobalSection
	GlobalSection(SolutionProperties) = preSolution
		HideSolutionNode = FALSE
	EndGlobalSection
EndGlobal
