
Microsoft Visual Studio Solution File, Format Version 11.00
# Visual Studio 15
Project("{8BC9CEB8-8B4A-11D0-8D11-00A0C91BC942}") = "3d", "3d.vcxproj", "{0B2F0467-B0B4-4A29-8650-E2B8FD1ECC3D}"
EndProject
Project("{8BC9CEB8-8B4A-11D0-8D11-00A0C91BC942}") = "asyncio", "asyncio.vcxproj", "{DED2119B-9611-4C19-925E-45C5558153E7}"
EndProject
Project("{8BC9CEB8-8B4A-11D0-8D11-00A0C91BC942}") = "channel_groups", "channel_groups.vcxproj", "{47555716-17E9-4D25-8920-8F39DDA83D56}"
EndProject
Project("{8BC9CEB8-8B4A-11D0-8D11-00A0C91BC942}") = "convolution_reverb", "convolution_reverb.vcxproj", "{F4142F4F-D93E-4F46-B4EA-B2B3616CF511}"
EndProject
Project("{8BC9CEB8-8B4A-11D0-8D11-00A0C91BC942}") = "dsp_custom", "dsp_custom.vcxproj", "{5735BDBD-8825-4E07-9D92-36B69DCAEB61}"
EndProject
Project("{8BC9CEB8-8B4A-11D0-8D11-00A0C91BC942}") = "dsp_effect_per_speaker", "dsp_effect_per_speaker.vcxproj", "{7046F147-D413-49B1-B25D-1B2868BFD088}"
EndProject
Project("{8BC9CEB8-8B4A-11D0-8D11-00A0C91BC942}") = "dsp_inspector", "dsp_inspector.vcxproj", "{6E92D53C-8B2B-4A68-8614-E582BA299190}"
EndProject
Project("{8BC9CEB8-8B4A-11D0-8D11-00A0C91BC942}") = "effects", "effects.vcxproj", "{ED7ED9E6-33A6-4FBF-B68A-52CF563A53FB}"
EndProject
Project("{8BC9CEB8-8B4A-11D0-8D11-00A0C91BC942}") = "gapless_playback", "gapless_playback.vcxproj", "{4EC21A3C-1BB9-4F84-A402-F67D1D816263}"
EndProject
Project("{8BC9CEB8-8B4A-11D0-8D11-00A0C91BC942}") = "generate_tone", "generate_tone.vcxproj", "{F329E78F-A063-4B39-AFFD-3143C51D812C}"
EndProject
Project("{8BC9CEB8-8B4A-11D0-8D11-00A0C91BC942}") = "granular_synth", "granular_synth.vcxproj", "{AC7D6178-314F-4702-B903-64E16DA23EE7}"
EndProject
Project("{8BC9CEB8-8B4A-11D0-8D11-00A0C91BC942}") = "load_from_memory", "load_from_memory.vcxproj", "{DC55077E-8FEB-4909-B905-7F630731FCBF}"
EndProject
Project("{8BC9CEB8-8B4A-11D0-8D11-00A0C91BC942}") = "multiple_speaker", "multiple_speaker.vcxproj", "{80BBD8B7-61C1-43F2-9BD4-6781F6D4CC04}"
EndProject
Project("{8BC9CEB8-8B4A-11D0-8D11-00A0C91BC942}") = "multiple_system", "multiple_system.vcxproj", "{48158442-CB73-4D4C-B128-760E67B054B3}"
EndProject
Project("{8BC9CEB8-8B4A-11D0-8D11-00A0C91BC942}") = "net_stream", "net_stream.vcxproj", "{F9A2DA3D-0575-4E50-900C-41B7DD68762F}"
EndProject
Project("{8BC9CEB8-8B4A-11D0-8D11-00A0C91BC942}") = "play_sound", "play_sound.vcxproj", "{C6223708-F01F-41C2-9C3B-5C77632D6430}"
EndProject
Project("{8BC9CEB8-8B4A-11D0-8D11-00A0C91BC942}") = "play_stream", "play_stream.vcxproj", "{D8B2B012-F1CA-4955-A565-6E86A21F7DAC}"
EndProject
Project("{8BC9CEB8-8B4A-11D0-8D11-00A0C91BC942}") = "record", "record.vcxproj", "{8E5D4810-6EAD-4D04-9FD0-3214068342DE}"
EndProject
Project("{8BC9CEB8-8B4A-11D0-8D11-00A0C91BC942}") = "record_enumeration", "record_enumeration.vcxproj", "{8B1A8BDB-6A7F-42B8-81DE-39B26F8B1A3F}"
EndProject
Project("{8BC9CEB8-8B4A-11D0-8D11-00A0C91BC942}") = "user_created_sound", "user_created_sound.vcxproj", "{6D9134D4-F466-4208-9D4A-C1639EE82CE3}"
EndProject
Project("{8BC9CEB8-8B4A-11D0-8D11-00A0C91BC942}") = "fmod_codec_raw", "fmod_codec_raw.vcxproj", "{3576DDA4-E857-4C1C-B7C4-D744E34D6989}"
EndProject
Project("{8BC9CEB8-8B4A-11D0-8D11-00A0C91BC942}") = "fmod_distance_filter", "fmod_distance_filter.vcxproj", "{DBB84AC8-9B6A-4CEF-9B78-21EE372ACA6B}"
EndProject
Project("{8BC9CEB8-8B4A-11D0-8D11-00A0C91BC942}") = "fmod_gain", "fmod_gain.vcxproj", "{87C1E377-4FB7-464A-9626-9E8B7DAD8C0F}"
EndProject
Project("{8BC9CEB8-8B4A-11D0-8D11-00A0C91BC942}") = "fmod_noise", "fmod_noise.vcxproj", "{1C70D0DA-EEF1-4EB7-B2E6-4867DFAF1B72}"
EndProject
Project("{8BC9CEB8-8B4A-11D0-8D11-00A0C91BC942}") = "output_mp3", "output_mp3.vcxproj", "{A369F458-D5AD-4EEC-80A8-AC10B1EC0785}"
EndProject
Global
	GlobalSection(SolutionConfigurationPlatforms) = preSolution
		Debug|Win32 = Debug|Win32
		Debug|x64 = Debug|x64
		Release|Win32 = Release|Win32
		Release|x64 = Release|x64
	EndGlobalSection
	GlobalSection(ProjectConfigurationPlatforms) = postSolution
		{0B2F0467-B0B4-4A29-8650-E2B8FD1ECC3D}.Debug|Win32.ActiveCfg = Debug|Win32
		{0B2F0467-B0B4-4A29-8650-E2B8FD1ECC3D}.Debug|Win32.Build.0 = Debug|Win32
		{0B2F0467-B0B4-4A29-8650-E2B8FD1ECC3D}.Debug|Win32.Deploy.0 = Debug|Win32
		{0B2F0467-B0B4-4A29-8650-E2B8FD1ECC3D}.Debug|x64.ActiveCfg = Debug|x64
		{0B2F0467-B0B4-4A29-8650-E2B8FD1ECC3D}.Debug|x64.Build.0 = Debug|x64
		{0B2F0467-B0B4-4A29-8650-E2B8FD1ECC3D}.Debug|x64.Deploy.0 = Debug|x64
		{0B2F0467-B0B4-4A29-8650-E2B8FD1ECC3D}.Release|Win32.ActiveCfg = Release|Win32
		{0B2F0467-B0B4-4A29-8650-E2B8FD1ECC3D}.Release|Win32.Build.0 = Release|Win32
		{0B2F0467-B0B4-4A29-8650-E2B8FD1ECC3D}.Release|Win32.Deploy.0 = Release|Win32
		{0B2F0467-B0B4-4A29-8650-E2B8FD1ECC3D}.Release|x64.ActiveCfg = Release|x64
		{0B2F0467-B0B4-4A29-8650-E2B8FD1ECC3D}.Release|x64.Build.0 = Release|x64
		{0B2F0467-B0B4-4A29-8650-E2B8FD1ECC3D}.Release|x64.Deploy.0 = Release|x64
		{DED2119B-9611-4C19-925E-45C5558153E7}.Debug|Win32.ActiveCfg = Debug|Win32
		{DED2119B-9611-4C19-925E-45C5558153E7}.Debug|Win32.Build.0 = Debug|Win32
		{DED2119B-9611-4C19-925E-45C5558153E7}.Debug|Win32.Deploy.0 = Debug|Win32
		{DED2119B-9611-4C19-925E-45C5558153E7}.Debug|x64.ActiveCfg = Debug|x64
		{DED2119B-9611-4C19-925E-45C5558153E7}.Debug|x64.Build.0 = Debug|x64
		{DED2119B-9611-4C19-925E-45C5558153E7}.Debug|x64.Deploy.0 = Debug|x64
		{DED2119B-9611-4C19-925E-45C5558153E7}.Release|Win32.ActiveCfg = Release|Win32
		{DED2119B-9611-4C19-925E-45C5558153E7}.Release|Win32.Build.0 = Release|Win32
		{DED2119B-9611-4C19-925E-45C5558153E7}.Release|Win32.Deploy.0 = Release|Win32
		{DED2119B-9611-4C19-925E-45C5558153E7}.Release|x64.ActiveCfg = Release|x64
		{DED2119B-9611-4C19-925E-45C5558153E7}.Release|x64.Build.0 = Release|x64
		{DED2119B-9611-4C19-925E-45C5558153E7}.Release|x64.Deploy.0 = Release|x64
		{47555716-17E9-4D25-8920-8F39DDA83D56}.Debug|Win32.ActiveCfg = Debug|Win32
		{47555716-17E9-4D25-8920-8F39DDA83D56}.Debug|Win32.Build.0 = Debug|Win32
		{47555716-17E9-4D25-8920-8F39DDA83D56}.Debug|Win32.Deploy.0 = Debug|Win32
		{47555716-17E9-4D25-8920-8F39DDA83D56}.Debug|x64.ActiveCfg = Debug|x64
		{47555716-17E9-4D25-8920-8F39DDA83D56}.Debug|x64.Build.0 = Debug|x64
		{47555716-17E9-4D25-8920-8F39DDA83D56}.Debug|x64.Deploy.0 = Debug|x64
		{47555716-17E9-4D25-8920-8F39DDA83D56}.Release|Win32.ActiveCfg = Release|Win32
		{47555716-17E9-4D25-8920-8F39DDA83D56}.Release|Win32.Build.0 = Release|Win32
		{47555716-17E9-4D25-8920-8F39DDA83D56}.Release|Win32.Deploy.0 = Release|Win32
		{47555716-17E9-4D25-8920-8F39DDA83D56}.Release|x64.ActiveCfg = Release|x64
		{47555716-17E9-4D25-8920-8F39DDA83D56}.Release|x64.Build.0 = Release|x64
		{47555716-17E9-4D25-8920-8F39DDA83D56}.Release|x64.Deploy.0 = Release|x64
		{F4142F4F-D93E-4F46-B4EA-B2B3616CF511}.Debug|Win32.ActiveCfg = Debug|Win32
		{F4142F4F-D93E-4F46-B4EA-B2B3616CF511}.Debug|Win32.Build.0 = Debug|Win32
		{F4142F4F-D93E-4F46-B4EA-B2B3616CF511}.Debug|Win32.Deploy.0 = Debug|Win32
		{F4142F4F-D93E-4F46-B4EA-B2B3616CF511}.Debug|x64.ActiveCfg = Debug|x64
		{F4142F4F-D93E-4F46-B4EA-B2B3616CF511}.Debug|x64.Build.0 = Debug|x64
		{F4142F4F-D93E-4F46-B4EA-B2B3616CF511}.Debug|x64.Deploy.0 = Debug|x64
		{F4142F4F-D93E-4F46-B4EA-B2B3616CF511}.Release|Win32.ActiveCfg = Release|Win32
		{F4142F4F-D93E-4F46-B4EA-B2B3616CF511}.Release|Win32.Build.0 = Release|Win32
		{F4142F4F-D93E-4F46-B4EA-B2B3616CF511}.Release|Win32.Deploy.0 = Release|Win32
		{F4142F4F-D93E-4F46-B4EA-B2B3616CF511}.Release|x64.ActiveCfg = Release|x64
		{F4142F4F-D93E-4F46-B4EA-B2B3616CF511}.Release|x64.Build.0 = Release|x64
		{F4142F4F-D93E-4F46-B4EA-B2B3616CF511}.Release|x64.Deploy.0 = Release|x64
		{5735BDBD-8825-4E07-9D92-36B69DCAEB61}.Debug|Win32.ActiveCfg = Debug|Win32
		{5735BDBD-8825-4E07-9D92-36B69DCAEB61}.Debug|Win32.Build.0 = Debug|Win32
		{5735BDBD-8825-4E07-9D92-36B69DCAEB61}.Debug|Win32.Deploy.0 = Debug|Win32
		{5735BDBD-8825-4E07-9D92-36B69DCAEB61}.Debug|x64.ActiveCfg = Debug|x64
		{5735BDBD-8825-4E07-9D92-36B69DCAEB61}.Debug|x64.Build.0 = Debug|x64
		{5735BDBD-8825-4E07-9D92-36B69DCAEB61}.Debug|x64.Deploy.0 = Debug|x64
		{5735BDBD-8825-4E07-9D92-36B69DCAEB61}.Release|Win32.ActiveCfg = Release|Win32
		{5735BDBD-8825-4E07-9D92-36B69DCAEB61}.Release|Win32.Build.0 = Release|Win32
		{5735BDBD-8825-4E07-9D92-36B69DCAEB61}.Release|Win32.Deploy.0 = Release|Win32
		{5735BDBD-8825-4E07-9D92-36B69DCAEB61}.Release|x64.ActiveCfg = Release|x64
		{5735BDBD-8825-4E07-9D92-36B69DCAEB61}.Release|x64.Build.0 = Release|x64
		{5735BDBD-8825-4E07-9D92-36B69DCAEB61}.Release|x64.Deploy.0 = Release|x64
		{7046F147-D413-49B1-B25D-1B2868BFD088}.Debug|Win32.ActiveCfg = Debug|Win32
		{7046F147-D413-49B1-B25D-1B2868BFD088}.Debug|Win32.Build.0 = Debug|Win32
		{7046F147-D413-49B1-B25D-1B2868BFD088}.Debug|Win32.Deploy.0 = Debug|Win32
		{7046F147-D413-49B1-B25D-1B2868BFD088}.Debug|x64.ActiveCfg = Debug|x64
		{7046F147-D413-49B1-B25D-1B2868BFD088}.Debug|x64.Build.0 = Debug|x64
		{7046F147-D413-49B1-B25D-1B2868BFD088}.Debug|x64.Deploy.0 = Debug|x64
		{7046F147-D413-49B1-B25D-1B2868BFD088}.Release|Win32.ActiveCfg = Release|Win32
		{7046F147-D413-49B1-B25D-1B2868BFD088}.Release|Win32.Build.0 = Release|Win32
		{7046F147-D413-49B1-B25D-1B2868BFD088}.Release|Win32.Deploy.0 = Release|Win32
		{7046F147-D413-49B1-B25D-1B2868BFD088}.Release|x64.ActiveCfg = Release|x64
		{7046F147-D413-49B1-B25D-1B2868BFD088}.Release|x64.Build.0 = Release|x64
		{7046F147-D413-49B1-B25D-1B2868BFD088}.Release|x64.Deploy.0 = Release|x64
		{6E92D53C-8B2B-4A68-8614-E582BA299190}.Debug|Win32.ActiveCfg = Debug|Win32
		{6E92D53C-8B2B-4A68-8614-E582BA299190}.Debug|Win32.Build.0 = Debug|Win32
		{6E92D53C-8B2B-4A68-8614-E582BA299190}.Debug|Win32.Deploy.0 = Debug|Win32
		{6E92D53C-8B2B-4A68-8614-E582BA299190}.Debug|x64.ActiveCfg = Debug|x64
		{6E92D53C-8B2B-4A68-8614-E582BA299190}.Debug|x64.Build.0 = Debug|x64
		{6E92D53C-8B2B-4A68-8614-E582BA299190}.Debug|x64.Deploy.0 = Debug|x64
		{6E92D53C-8B2B-4A68-8614-E582BA299190}.Release|Win32.ActiveCfg = Release|Win32
		{6E92D53C-8B2B-4A68-8614-E582BA299190}.Release|Win32.Build.0 = Release|Win32
		{6E92D53C-8B2B-4A68-8614-E582BA299190}.Release|Win32.Deploy.0 = Release|Win32
		{6E92D53C-8B2B-4A68-8614-E582BA299190}.Release|x64.ActiveCfg = Release|x64
		{6E92D53C-8B2B-4A68-8614-E582BA299190}.Release|x64.Build.0 = Release|x64
		{6E92D53C-8B2B-4A68-8614-E582BA299190}.Release|x64.Deploy.0 = Release|x64
		{ED7ED9E6-33A6-4FBF-B68A-52CF563A53FB}.Debug|Win32.ActiveCfg = Debug|Win32
		{ED7ED9E6-33A6-4FBF-B68A-52CF563A53FB}.Debug|Win32.Build.0 = Debug|Win32
		{ED7ED9E6-33A6-4FBF-B68A-52CF563A53FB}.Debug|Win32.Deploy.0 = Debug|Win32
		{ED7ED9E6-33A6-4FBF-B68A-52CF563A53FB}.Debug|x64.ActiveCfg = Debug|x64
		{ED7ED9E6-33A6-4FBF-B68A-52CF563A53FB}.Debug|x64.Build.0 = Debug|x64
		{ED7ED9E6-33A6-4FBF-B68A-52CF563A53FB}.Debug|x64.Deploy.0 = Debug|x64
		{ED7ED9E6-33A6-4FBF-B68A-52CF563A53FB}.Release|Win32.ActiveCfg = Release|Win32
		{ED7ED9E6-33A6-4FBF-B68A-52CF563A53FB}.Release|Win32.Build.0 = Release|Win32
		{ED7ED9E6-33A6-4FBF-B68A-52CF563A53FB}.Release|Win32.Deploy.0 = Release|Win32
		{ED7ED9E6-33A6-4FBF-B68A-52CF563A53FB}.Release|x64.ActiveCfg = Release|x64
		{ED7ED9E6-33A6-4FBF-B68A-52CF563A53FB}.Release|x64.Build.0 = Release|x64
		{ED7ED9E6-33A6-4FBF-B68A-52CF563A53FB}.Release|x64.Deploy.0 = Release|x64
		{4EC21A3C-1BB9-4F84-A402-F67D1D816263}.Debug|Win32.ActiveCfg = Debug|Win32
		{4EC21A3C-1BB9-4F84-A402-F67D1D816263}.Debug|Win32.Build.0 = Debug|Win32
		{4EC21A3C-1BB9-4F84-A402-F67D1D816263}.Debug|Win32.Deploy.0 = Debug|Win32
		{4EC21A3C-1BB9-4F84-A402-F67D1D816263}.Debug|x64.ActiveCfg = Debug|x64
		{4EC21A3C-1BB9-4F84-A402-F67D1D816263}.Debug|x64.Build.0 = Debug|x64
		{4EC21A3C-1BB9-4F84-A402-F67D1D816263}.Debug|x64.Deploy.0 = Debug|x64
		{4EC21A3C-1BB9-4F84-A402-F67D1D816263}.Release|Win32.ActiveCfg = Release|Win32
		{4EC21A3C-1BB9-4F84-A402-F67D1D816263}.Release|Win32.Build.0 = Release|Win32
		{4EC21A3C-1BB9-4F84-A402-F67D1D816263}.Release|Win32.Deploy.0 = Release|Win32
		{4EC21A3C-1BB9-4F84-A402-F67D1D816263}.Release|x64.ActiveCfg = Release|x64
		{4EC21A3C-1BB9-4F84-A402-F67D1D816263}.Release|x64.Build.0 = Release|x64
		{4EC21A3C-1BB9-4F84-A402-F67D1D816263}.Release|x64.Deploy.0 = Release|x64
		{F329E78F-A063-4B39-AFFD-3143C51D812C}.Debug|Win32.ActiveCfg = Debug|Win32
		{F329E78F-A063-4B39-AFFD-3143C51D812C}.Debug|Win32.Build.0 = Debug|Win32
		{F329E78F-A063-4B39-AFFD-3143C51D812C}.Debug|Win32.Deploy.0 = Debug|Win32
		{F329E78F-A063-4B39-AFFD-3143C51D812C}.Debug|x64.ActiveCfg = Debug|x64
		{F329E78F-A063-4B39-AFFD-3143C51D812C}.Debug|x64.Build.0 = Debug|x64
		{F329E78F-A063-4B39-AFFD-3143C51D812C}.Debug|x64.Deploy.0 = Debug|x64
		{F329E78F-A063-4B39-AFFD-3143C51D812C}.Release|Win32.ActiveCfg = Release|Win32
		{F329E78F-A063-4B39-AFFD-3143C51D812C}.Release|Win32.Build.0 = Release|Win32
		{F329E78F-A063-4B39-AFFD-3143C51D812C}.Release|Win32.Deploy.0 = Release|Win32
		{F329E78F-A063-4B39-AFFD-3143C51D812C}.Release|x64.ActiveCfg = Release|x64
		{F329E78F-A063-4B39-AFFD-3143C51D812C}.Release|x64.Build.0 = Release|x64
		{F329E78F-A063-4B39-AFFD-3143C51D812C}.Release|x64.Deploy.0 = Release|x64
		{AC7D6178-314F-4702-B903-64E16DA23EE7}.Debug|Win32.ActiveCfg = Debug|Win32
		{AC7D6178-314F-4702-B903-64E16DA23EE7}.Debug|Win32.Build.0 = Debug|Win32
		{AC7D6178-314F-4702-B903-64E16DA23EE7}.Debug|Win32.Deploy.0 = Debug|Win32
		{AC7D6178-314F-4702-B903-64E16DA23EE7}.Debug|x64.ActiveCfg = Debug|x64
		{AC7D6178-314F-4702-B903-64E16DA23EE7}.Debug|x64.Build.0 = Debug|x64
		{AC7D6178-314F-4702-B903-64E16DA23EE7}.Debug|x64.Deploy.0 = Debug|x64
		{AC7D6178-314F-4702-B903-64E16DA23EE7}.Release|Win32.ActiveCfg = Release|Win32
		{AC7D6178-314F-4702-B903-64E16DA23EE7}.Release|Win32.Build.0 = Release|Win32
		{AC7D6178-314F-4702-B903-64E16DA23EE7}.Release|Win32.Deploy.0 = Release|Win32
		{AC7D6178-314F-4702-B903-64E16DA23EE7}.Release|x64.ActiveCfg = Release|x64
		{AC7D6178-314F-4702-B903-64E16DA23EE7}.Release|x64.Build.0 = Release|x64
		{AC7D6178-314F-4702-B903-64E16DA23EE7}.Release|x64.Deploy.0 = Release|x64
		{DC55077E-8FEB-4909-B905-7F630731FCBF}.Debug|Win32.ActiveCfg = Debug|Win32
		{DC55077E-8FEB-4909-B905-7F630731FCBF}.Debug|Win32.Build.0 = Debug|Win32
		{DC55077E-8FEB-4909-B905-7F630731FCBF}.Debug|Win32.Deploy.0 = Debug|Win32
		{DC55077E-8FEB-4909-B905-7F630731FCBF}.Debug|x64.ActiveCfg = Debug|x64
		{DC55077E-8FEB-4909-B905-7F630731FCBF}.Debug|x64.Build.0 = Debug|x64
		{DC55077E-8FEB-4909-B905-7F630731FCBF}.Debug|x64.Deploy.0 = Debug|x64
		{DC55077E-8FEB-4909-B905-7F630731FCBF}.Release|Win32.ActiveCfg = Release|Win32
		{DC55077E-8FEB-4909-B905-7F630731FCBF}.Release|Win32.Build.0 = Release|Win32
		{DC55077E-8FEB-4909-B905-7F630731FCBF}.Release|Win32.Deploy.0 = Release|Win32
		{DC55077E-8FEB-4909-B905-7F630731FCBF}.Release|x64.ActiveCfg = Release|x64
		{DC55077E-8FEB-4909-B905-7F630731FCBF}.Release|x64.Build.0 = Release|x64
		{DC55077E-8FEB-4909-B905-7F630731FCBF}.Release|x64.Deploy.0 = Release|x64
		{80BBD8B7-61C1-43F2-9BD4-6781F6D4CC04}.Debug|Win32.ActiveCfg = Debug|Win32
		{80BBD8B7-61C1-43F2-9BD4-6781F6D4CC04}.Debug|Win32.Build.0 = Debug|Win32
		{80BBD8B7-61C1-43F2-9BD4-6781F6D4CC04}.Debug|Win32.Deploy.0 = Debug|Win32
		{80BBD8B7-61C1-43F2-9BD4-6781F6D4CC04}.Debug|x64.ActiveCfg = Debug|x64
		{80BBD8B7-61C1-43F2-9BD4-6781F6D4CC04}.Debug|x64.Build.0 = Debug|x64
		{80BBD8B7-61C1-43F2-9BD4-6781F6D4CC04}.Debug|x64.Deploy.0 = Debug|x64
		{80BBD8B7-61C1-43F2-9BD4-6781F6D4CC04}.Release|Win32.ActiveCfg = Release|Win32
		{80BBD8B7-61C1-43F2-9BD4-6781F6D4CC04}.Release|Win32.Build.0 = Release|Win32
		{80BBD8B7-61C1-43F2-9BD4-6781F6D4CC04}.Release|Win32.Deploy.0 = Release|Win32
		{80BBD8B7-61C1-43F2-9BD4-6781F6D4CC04}.Release|x64.ActiveCfg = Release|x64
		{80BBD8B7-61C1-43F2-9BD4-6781F6D4CC04}.Release|x64.Build.0 = Release|x64
		{80BBD8B7-61C1-43F2-9BD4-6781F6D4CC04}.Release|x64.Deploy.0 = Release|x64
		{48158442-CB73-4D4C-B128-760E67B054B3}.Debug|Win32.ActiveCfg = Debug|Win32
		{48158442-CB73-4D4C-B128-760E67B054B3}.Debug|Win32.Build.0 = Debug|Win32
		{48158442-CB73-4D4C-B128-760E67B054B3}.Debug|Win32.Deploy.0 = Debug|Win32
		{48158442-CB73-4D4C-B128-760E67B054B3}.Debug|x64.ActiveCfg = Debug|x64
		{48158442-CB73-4D4C-B128-760E67B054B3}.Debug|x64.Build.0 = Debug|x64
		{48158442-CB73-4D4C-B128-760E67B054B3}.Debug|x64.Deploy.0 = Debug|x64
		{48158442-CB73-4D4C-B128-760E67B054B3}.Release|Win32.ActiveCfg = Release|Win32
		{48158442-CB73-4D4C-B128-760E67B054B3}.Release|Win32.Build.0 = Release|Win32
		{48158442-CB73-4D4C-B128-760E67B054B3}.Release|Win32.Deploy.0 = Release|Win32
		{48158442-CB73-4D4C-B128-760E67B054B3}.Release|x64.ActiveCfg = Release|x64
		{48158442-CB73-4D4C-B128-760E67B054B3}.Release|x64.Build.0 = Release|x64
		{48158442-CB73-4D4C-B128-760E67B054B3}.Release|x64.Deploy.0 = Release|x64
		{F9A2DA3D-0575-4E50-900C-41B7DD68762F}.Debug|Win32.ActiveCfg = Debug|Win32
		{F9A2DA3D-0575-4E50-900C-41B7DD68762F}.Debug|Win32.Build.0 = Debug|Win32
		{F9A2DA3D-0575-4E50-900C-41B7DD68762F}.Debug|Win32.Deploy.0 = Debug|Win32
		{F9A2DA3D-0575-4E50-900C-41B7DD68762F}.Debug|x64.ActiveCfg = Debug|x64
		{F9A2DA3D-0575-4E50-900C-41B7DD68762F}.Debug|x64.Build.0 = Debug|x64
		{F9A2DA3D-0575-4E50-900C-41B7DD68762F}.Debug|x64.Deploy.0 = Debug|x64
		{F9A2DA3D-0575-4E50-900C-41B7DD68762F}.Release|Win32.ActiveCfg = Release|Win32
		{F9A2DA3D-0575-4E50-900C-41B7DD68762F}.Release|Win32.Build.0 = Release|Win32
		{F9A2DA3D-0575-4E50-900C-41B7DD68762F}.Release|Win32.Deploy.0 = Release|Win32
		{F9A2DA3D-0575-4E50-900C-41B7DD68762F}.Release|x64.ActiveCfg = Release|x64
		{F9A2DA3D-0575-4E50-900C-41B7DD68762F}.Release|x64.Build.0 = Release|x64
		{F9A2DA3D-0575-4E50-900C-41B7DD68762F}.Release|x64.Deploy.0 = Release|x64
		{C6223708-F01F-41C2-9C3B-5C77632D6430}.Debug|Win32.ActiveCfg = Debug|Win32
		{C6223708-F01F-41C2-9C3B-5C77632D6430}.Debug|Win32.Build.0 = Debug|Win32
		{C6223708-F01F-41C2-9C3B-5C77632D6430}.Debug|Win32.Deploy.0 = Debug|Win32
		{C6223708-F01F-41C2-9C3B-5C77632D6430}.Debug|x64.ActiveCfg = Debug|x64
		{C6223708-F01F-41C2-9C3B-5C77632D6430}.Debug|x64.Build.0 = Debug|x64
		{C6223708-F01F-41C2-9C3B-5C77632D6430}.Debug|x64.Deploy.0 = Debug|x64
		{C6223708-F01F-41C2-9C3B-5C77632D6430}.Release|Win32.ActiveCfg = Release|Win32
		{C6223708-F01F-41C2-9C3B-5C77632D6430}.Release|Win32.Build.0 = Release|Win32
		{C6223708-F01F-41C2-9C3B-5C77632D6430}.Release|Win32.Deploy.0 = Release|Win32
		{C6223708-F01F-41C2-9C3B-5C77632D6430}.Release|x64.ActiveCfg = Release|x64
		{C6223708-F01F-41C2-9C3B-5C77632D6430}.Release|x64.Build.0 = Release|x64
		{C6223708-F01F-41C2-9C3B-5C77632D6430}.Release|x64.Deploy.0 = Release|x64
		{D8B2B012-F1CA-4955-A565-6E86A21F7DAC}.Debug|Win32.ActiveCfg = Debug|Win32
		{D8B2B012-F1CA-4955-A565-6E86A21F7DAC}.Debug|Win32.Build.0 = Debug|Win32
		{D8B2B012-F1CA-4955-A565-6E86A21F7DAC}.Debug|Win32.Deploy.0 = Debug|Win32
		{D8B2B012-F1CA-4955-A565-6E86A21F7DAC}.Debug|x64.ActiveCfg = Debug|x64
		{D8B2B012-F1CA-4955-A565-6E86A21F7DAC}.Debug|x64.Build.0 = Debug|x64
		{D8B2B012-F1CA-4955-A565-6E86A21F7DAC}.Debug|x64.Deploy.0 = Debug|x64
		{D8B2B012-F1CA-4955-A565-6E86A21F7DAC}.Release|Win32.ActiveCfg = Release|Win32
		{D8B2B012-F1CA-4955-A565-6E86A21F7DAC}.Release|Win32.Build.0 = Release|Win32
		{D8B2B012-F1CA-4955-A565-6E86A21F7DAC}.Release|Win32.Deploy.0 = Release|Win32
		{D8B2B012-F1CA-4955-A565-6E86A21F7DAC}.Release|x64.ActiveCfg = Release|x64
		{D8B2B012-F1CA-4955-A565-6E86A21F7DAC}.Release|x64.Build.0 = Release|x64
		{D8B2B012-F1CA-4955-A565-6E86A21F7DAC}.Release|x64.Deploy.0 = Release|x64
		{8E5D4810-6EAD-4D04-9FD0-3214068342DE}.Debug|Win32.ActiveCfg = Debug|Win32
		{8E5D4810-6EAD-4D04-9FD0-3214068342DE}.Debug|Win32.Build.0 = Debug|Win32
		{8E5D4810-6EAD-4D04-9FD0-3214068342DE}.Debug|Win32.Deploy.0 = Debug|Win32
		{8E5D4810-6EAD-4D04-9FD0-3214068342DE}.Debug|x64.ActiveCfg = Debug|x64
		{8E5D4810-6EAD-4D04-9FD0-3214068342DE}.Debug|x64.Build.0 = Debug|x64
		{8E5D4810-6EAD-4D04-9FD0-3214068342DE}.Debug|x64.Deploy.0 = Debug|x64
		{8E5D4810-6EAD-4D04-9FD0-3214068342DE}.Release|Win32.ActiveCfg = Release|Win32
		{8E5D4810-6EAD-4D04-9FD0-3214068342DE}.Release|Win32.Build.0 = Release|Win32
		{8E5D4810-6EAD-4D04-9FD0-3214068342DE}.Release|Win32.Deploy.0 = Release|Win32
		{8E5D4810-6EAD-4D04-9FD0-3214068342DE}.Release|x64.ActiveCfg = Release|x64
		{8E5D4810-6EAD-4D04-9FD0-3214068342DE}.Release|x64.Build.0 = Release|x64
		{8E5D4810-6EAD-4D04-9FD0-3214068342DE}.Release|x64.Deploy.0 = Release|x64
		{8B1A8BDB-6A7F-42B8-81DE-39B26F8B1A3F}.Debug|Win32.ActiveCfg = Debug|Win32
		{8B1A8BDB-6A7F-42B8-81DE-39B26F8B1A3F}.Debug|Win32.Build.0 = Debug|Win32
		{8B1A8BDB-6A7F-42B8-81DE-39B26F8B1A3F}.Debug|Win32.Deploy.0 = Debug|Win32
		{8B1A8BDB-6A7F-42B8-81DE-39B26F8B1A3F}.Debug|x64.ActiveCfg = Debug|x64
		{8B1A8BDB-6A7F-42B8-81DE-39B26F8B1A3F}.Debug|x64.Build.0 = Debug|x64
		{8B1A8BDB-6A7F-42B8-81DE-39B26F8B1A3F}.Debug|x64.Deploy.0 = Debug|x64
		{8B1A8BDB-6A7F-42B8-81DE-39B26F8B1A3F}.Release|Win32.ActiveCfg = Release|Win32
		{8B1A8BDB-6A7F-42B8-81DE-39B26F8B1A3F}.Release|Win32.Build.0 = Release|Win32
		{8B1A8BDB-6A7F-42B8-81DE-39B26F8B1A3F}.Release|Win32.Deploy.0 = Release|Win32
		{8B1A8BDB-6A7F-42B8-81DE-39B26F8B1A3F}.Release|x64.ActiveCfg = Release|x64
		{8B1A8BDB-6A7F-42B8-81DE-39B26F8B1A3F}.Release|x64.Build.0 = Release|x64
		{8B1A8BDB-6A7F-42B8-81DE-39B26F8B1A3F}.Release|x64.Deploy.0 = Release|x64
		{6D9134D4-F466-4208-9D4A-C1639EE82CE3}.Debug|Win32.ActiveCfg = Debug|Win32
		{6D9134D4-F466-4208-9D4A-C1639EE82CE3}.Debug|Win32.Build.0 = Debug|Win32
		{6D9134D4-F466-4208-9D4A-C1639EE82CE3}.Debug|Win32.Deploy.0 = Debug|Win32
		{6D9134D4-F466-4208-9D4A-C1639EE82CE3}.Debug|x64.ActiveCfg = Debug|x64
		{6D9134D4-F466-4208-9D4A-C1639EE82CE3}.Debug|x64.Build.0 = Debug|x64
		{6D9134D4-F466-4208-9D4A-C1639EE82CE3}.Debug|x64.Deploy.0 = Debug|x64
		{6D9134D4-F466-4208-9D4A-C1639EE82CE3}.Release|Win32.ActiveCfg = Release|Win32
		{6D9134D4-F466-4208-9D4A-C1639EE82CE3}.Release|Win32.Build.0 = Release|Win32
		{6D9134D4-F466-4208-9D4A-C1639EE82CE3}.Release|Win32.Deploy.0 = Release|Win32
		{6D9134D4-F466-4208-9D4A-C1639EE82CE3}.Release|x64.ActiveCfg = Release|x64
		{6D9134D4-F466-4208-9D4A-C1639EE82CE3}.Release|x64.Build.0 = Release|x64
		{6D9134D4-F466-4208-9D4A-C1639EE82CE3}.Release|x64.Deploy.0 = Release|x64
		{3576DDA4-E857-4C1C-B7C4-D744E34D6989}.Debug|Win32.ActiveCfg = Debug|Win32
		{3576DDA4-E857-4C1C-B7C4-D744E34D6989}.Debug|Win32.Build.0 = Debug|Win32
		{3576DDA4-E857-4C1C-B7C4-D744E34D6989}.Debug|Win32.Deploy.0 = Debug|Win32
		{3576DDA4-E857-4C1C-B7C4-D744E34D6989}.Debug|x64.ActiveCfg = Debug|x64
		{3576DDA4-E857-4C1C-B7C4-D744E34D6989}.Debug|x64.Build.0 = Debug|x64
		{3576DDA4-E857-4C1C-B7C4-D744E34D6989}.Debug|x64.Deploy.0 = Debug|x64
		{3576DDA4-E857-4C1C-B7C4-D744E34D6989}.Release|Win32.ActiveCfg = Release|Win32
		{3576DDA4-E857-4C1C-B7C4-D744E34D6989}.Release|Win32.Build.0 = Release|Win32
		{3576DDA4-E857-4C1C-B7C4-D744E34D6989}.Release|Win32.Deploy.0 = Release|Win32
		{3576DDA4-E857-4C1C-B7C4-D744E34D6989}.Release|x64.ActiveCfg = Release|x64
		{3576DDA4-E857-4C1C-B7C4-D744E34D6989}.Release|x64.Build.0 = Release|x64
		{3576DDA4-E857-4C1C-B7C4-D744E34D6989}.Release|x64.Deploy.0 = Release|x64
		{DBB84AC8-9B6A-4CEF-9B78-21EE372ACA6B}.Debug|Win32.ActiveCfg = Debug|Win32
		{DBB84AC8-9B6A-4CEF-9B78-21EE372ACA6B}.Debug|Win32.Build.0 = Debug|Win32
		{DBB84AC8-9B6A-4CEF-9B78-21EE372ACA6B}.Debug|Win32.Deploy.0 = Debug|Win32
		{DBB84AC8-9B6A-4CEF-9B78-21EE372ACA6B}.Debug|x64.ActiveCfg = Debug|x64
		{DBB84AC8-9B6A-4CEF-9B78-21EE372ACA6B}.Debug|x64.Build.0 = Debug|x64
		{DBB84AC8-9B6A-4CEF-9B78-21EE372ACA6B}.Debug|x64.Deploy.0 = Debug|x64
		{DBB84AC8-9B6A-4CEF-9B78-21EE372ACA6B}.Release|Win32.ActiveCfg = Release|Win32
		{DBB84AC8-9B6A-4CEF-9B78-21EE372ACA6B}.Release|Win32.Build.0 = Release|Win32
		{DBB84AC8-9B6A-4CEF-9B78-21EE372ACA6B}.Release|Win32.Deploy.0 = Release|Win32
		{DBB84AC8-9B6A-4CEF-9B78-21EE372ACA6B}.Release|x64.ActiveCfg = Release|x64
		{DBB84AC8-9B6A-4CEF-9B78-21EE372ACA6B}.Release|x64.Build.0 = Release|x64
		{DBB84AC8-9B6A-4CEF-9B78-21EE372ACA6B}.Release|x64.Deploy.0 = Release|x64
		{87C1E377-4FB7-464A-9626-9E8B7DAD8C0F}.Debug|Win32.ActiveCfg = Debug|Win32
		{87C1E377-4FB7-464A-9626-9E8B7DAD8C0F}.Debug|Win32.Build.0 = Debug|Win32
		{87C1E377-4FB7-464A-9626-9E8B7DAD8C0F}.Debug|Win32.Deploy.0 = Debug|Win32
		{87C1E377-4FB7-464A-9626-9E8B7DAD8C0F}.Debug|x64.ActiveCfg = Debug|x64
		{87C1E377-4FB7-464A-9626-9E8B7DAD8C0F}.Debug|x64.Build.0 = Debug|x64
		{87C1E377-4FB7-464A-9626-9E8B7DAD8C0F}.Debug|x64.Deploy.0 = Debug|x64
		{87C1E377-4FB7-464A-9626-9E8B7DAD8C0F}.Release|Win32.ActiveCfg = Release|Win32
		{87C1E377-4FB7-464A-9626-9E8B7DAD8C0F}.Release|Win32.Build.0 = Release|Win32
		{87C1E377-4FB7-464A-9626-9E8B7DAD8C0F}.Release|Win32.Deploy.0 = Release|Win32
		{87C1E377-4FB7-464A-9626-9E8B7DAD8C0F}.Release|x64.ActiveCfg = Release|x64
		{87C1E377-4FB7-464A-9626-9E8B7DAD8C0F}.Release|x64.Build.0 = Release|x64
		{87C1E377-4FB7-464A-9626-9E8B7DAD8C0F}.Release|x64.Deploy.0 = Release|x64
		{1C70D0DA-EEF1-4EB7-B2E6-4867DFAF1B72}.Debug|Win32.ActiveCfg = Debug|Win32
		{1C70D0DA-EEF1-4EB7-B2E6-4867DFAF1B72}.Debug|Win32.Build.0 = Debug|Win32
		{1C70D0DA-EEF1-4EB7-B2E6-4867DFAF1B72}.Debug|Win32.Deploy.0 = Debug|Win32
		{1C70D0DA-EEF1-4EB7-B2E6-4867DFAF1B72}.Debug|x64.ActiveCfg = Debug|x64
		{1C70D0DA-EEF1-4EB7-B2E6-4867DFAF1B72}.Debug|x64.Build.0 = Debug|x64
		{1C70D0DA-EEF1-4EB7-B2E6-4867DFAF1B72}.Debug|x64.Deploy.0 = Debug|x64
		{1C70D0DA-EEF1-4EB7-B2E6-4867DFAF1B72}.Release|Win32.ActiveCfg = Release|Win32
		{1C70D0DA-EEF1-4EB7-B2E6-4867DFAF1B72}.Release|Win32.Build.0 = Release|Win32
		{1C70D0DA-EEF1-4EB7-B2E6-4867DFAF1B72}.Release|Win32.Deploy.0 = Release|Win32
		{1C70D0DA-EEF1-4EB7-B2E6-4867DFAF1B72}.Release|x64.ActiveCfg = Release|x64
		{1C70D0DA-EEF1-4EB7-B2E6-4867DFAF1B72}.Release|x64.Build.0 = Release|x64
		{1C70D0DA-EEF1-4EB7-B2E6-4867DFAF1B72}.Release|x64.Deploy.0 = Release|x64
		{A369F458-D5AD-4EEC-80A8-AC10B1EC0785}.Debug|Win32.ActiveCfg = Debug|Win32
		{A369F458-D5AD-4EEC-80A8-AC10B1EC0785}.Debug|Win32.Build.0 = Debug|Win32
		{A369F458-D5AD-4EEC-80A8-AC10B1EC0785}.Debug|Win32.Deploy.0 = Debug|Win32
		{A369F458-D5AD-4EEC-80A8-AC10B1EC0785}.Debug|x64.ActiveCfg = Debug|x64
		{A369F458-D5AD-4EEC-80A8-AC10B1EC0785}.Debug|x64.Build.0 = Debug|x64
		{A369F458-D5AD-4EEC-80A8-AC10B1EC0785}.Debug|x64.Deploy.0 = Debug|x64
		{A369F458-D5AD-4EEC-80A8-AC10B1EC0785}.Release|Win32.ActiveCfg = Release|Win32
		{A369F458-D5AD-4EEC-80A8-AC10B1EC0785}.Release|Win32.Build.0 = Release|Win32
		{A369F458-D5AD-4EEC-80A8-AC10B1EC0785}.Release|Win32.Deploy.0 = Release|Win32
		{A369F458-D5AD-4EEC-80A8-AC10B1EC0785}.Release|x64.ActiveCfg = Release|x64
		{A369F458-D5AD-4EEC-80A8-AC10B1EC0785}.Release|x64.Build.0 = Release|x64
		{A369F458-D5AD-4EEC-80A8-AC10B1EC0785}.Release|x64.Deploy.0 = Release|x64
	EndGlobalSection
	GlobalSection(SolutionProperties) = preSolution
		HideSolutionNode = FALSE
	EndGlobalSection
EndGlobal
