
Microsoft Visual Studio Solution File, Format Version 12.00
# Visual Studio Version 16
VisualStudioVersion = 16.0.30225.117
MinimumVisualStudioVersion = 10.0.40219.1
Project("{8BC9CEB8-8B4A-11D0-8D11-00A0C91BC942}") = "KGMain", "KGMain\KGMain.vcxproj", "{4883D189-E844-4E93-A4F4-EBB922FFAB56}"
	ProjectSection(ProjectDependencies) = postProject
		{CDD29C29-FC1D-4D1B-8802-8407FA7D20A3} = {CDD29C29-FC1D-4D1B-8802-8407FA7D20A3}
		{3DEE2BEB-BB71-4E48-A50E-CA7725F3BA36} = {3DEE2BEB-BB71-4E48-A50E-CA7725F3BA36}
	EndProjectSection
EndProject
Project("{8BC9CEB8-8B4A-11D0-8D11-00A0C91BC942}") = "KGRenderer", "KGRenderer\KGRenderer.vcxproj", "{499A312C-A98F-4419-A6F9-5FB246A425C0}"
	ProjectSection(ProjectDependencies) = postProject
		{3DEE2BEB-BB71-4E48-A50E-CA7725F3BA36} = {3DEE2BEB-BB71-4E48-A50E-CA7725F3BA36}
	EndProjectSection
EndProject
Project("{8BC9CEB8-8B4A-11D0-8D11-00A0C91BC942}") = "KGLib", "KGLib\KGLib.vcxproj", "{3DEE2BEB-BB71-4E48-A50E-CA7725F3BA36}"
EndProject
Project("{2150E333-8FDC-42A3-9474-1A3956D46DE8}") = "Resource", "Resource", "{1C3E5F5B-2584-476E-8547-6C9D578E07B9}"
EndProject
Project("{2150E333-8FDC-42A3-9474-1A3956D46DE8}") = "XSL", "XSL", "{E0388BA3-9056-4D90-BAC5-B45247984D32}"
	ProjectSection(SolutionItems) = preProject
		Resource\Resource\XML\ResourceDefine.xsd = Resource\Resource\XML\ResourceDefine.xsd
	EndProjectSection
EndProject
Project("{2150E333-8FDC-42A3-9474-1A3956D46DE8}") = "XML", "XML", "{85D78402-5B3A-48F7-8603-F728338BBA95}"
	ProjectSection(SolutionItems) = preProject
		Resource\Resource\GeometrySet.xml = Resource\Resource\GeometrySet.xml
		Resource\Resource\MaterialSet.xml = Resource\Resource\MaterialSet.xml
		Resource\Resource\ShaderCode.xml = Resource\Resource\ShaderCode.xml
		Resource\Resource\TextureSet.xml = Resource\Resource\TextureSet.xml
	EndProjectSection
EndProject
Project("{2150E333-8FDC-42A3-9474-1A3956D46DE8}") = "ShaderCode", "ShaderCode", "{612EE3CC-1D6B-4E8F-8C11-7510E32215FA}"
EndProject
Project("{2150E333-8FDC-42A3-9474-1A3956D46DE8}") = "Document", "Document", "{85EDFD5A-179A-491B-B1BC-1CD4CC6BDB20}"
	ProjectSection(SolutionItems) = preProject
		Doc\GBufferFormat.txt = Doc\GBufferFormat.txt
		Doc\RootParameter.txt = Doc\RootParameter.txt
	EndProjectSection
EndProject
Project("{2150E333-8FDC-42A3-9474-1A3956D46DE8}") = "Mesh", "Mesh", "{74DDEDF6-9870-4F3C-8842-F9569A42DA7B}"
	ProjectSection(SolutionItems) = preProject
		Resource\Resource\ShaderScript\Mesh_Skinned.hlsl = Resource\Resource\ShaderScript\Mesh_Skinned.hlsl
		Resource\Resource\ShaderScript\Mesh_Static.hlsl = Resource\Resource\ShaderScript\Mesh_Static.hlsl
	EndProjectSection
EndProject
Project("{2150E333-8FDC-42A3-9474-1A3956D46DE8}") = "Geomtery", "Geomtery", "{59AF83AA-ED1C-4E93-81E6-1781244E461A}"
	ProjectSection(SolutionItems) = preProject
		Resource\Resource\ShaderScript\Geometry_CascadeShadow.hlsl = Resource\Resource\ShaderScript\Geometry_CascadeShadow.hlsl
		Resource\Resource\ShaderScript\Geometry_Default.hlsl = Resource\Resource\ShaderScript\Geometry_Default.hlsl
		Resource\Resource\ShaderScript\Geometry_GSShadow.hlsl = Resource\Resource\ShaderScript\Geometry_GSShadow.hlsl
		Resource\Resource\ShaderScript\Geometry_SkyBox.hlsl = Resource\Resource\ShaderScript\Geometry_SkyBox.hlsl
	EndProjectSection
EndProject
Project("{2150E333-8FDC-42A3-9474-1A3956D46DE8}") = "ETC", "ETC", "{CC3BB28C-12D7-4184-B7FE-C6D07261749C}"
	ProjectSection(SolutionItems) = preProject
		Resource\Resource\ShaderScript\Light_Ambient.hlsl = Resource\Resource\ShaderScript\Light_Ambient.hlsl
		Resource\Resource\ShaderScript\Light_Directional.hlsl = Resource\Resource\ShaderScript\Light_Directional.hlsl
		Resource\Resource\ShaderScript\Light_Point.hlsl = Resource\Resource\ShaderScript\Light_Point.hlsl
		Resource\Resource\ShaderScript\Light_Spot.hlsl = Resource\Resource\ShaderScript\Light_Spot.hlsl
		Resource\Resource\ShaderScript\Particle_Default.hlsl = Resource\Resource\ShaderScript\Particle_Default.hlsl
		Resource\Resource\ShaderScript\SkyBox_Default.hlsl = Resource\Resource\ShaderScript\SkyBox_Default.hlsl
		Resource\Resource\ShaderScript\Sprite_Default.hlsl = Resource\Resource\ShaderScript\Sprite_Default.hlsl
		Resource\Resource\ShaderScript\UI_Default.hlsl = Resource\Resource\ShaderScript\UI_Default.hlsl
		Resource\Resource\ShaderScript\Utill_LIghtCustom.hlsl = Resource\Resource\ShaderScript\Utill_LIghtCustom.hlsl
		Resource\Resource\ShaderScript\Utill_ShaderSelector.hlsl = Resource\Resource\ShaderScript\Utill_ShaderSelector.hlsl
	EndProjectSection
EndProject
Project("{2150E333-8FDC-42A3-9474-1A3956D46DE8}") = "Pixel", "Pixel", "{3A295F94-2BA0-43B3-816B-784DD6E7D6DF}"
	ProjectSection(SolutionItems) = preProject
		Resource\Resource\ShaderScript\Pixel_Default.hlsl = Resource\Resource\ShaderScript\Pixel_Default.hlsl
		Resource\Resource\ShaderScript\Pixel_GSShadow.hlsl = Resource\Resource\ShaderScript\Pixel_GSShadow.hlsl
		Resource\Resource\ShaderScript\Pixel_Shadow.hlsl = Resource\Resource\ShaderScript\Pixel_Shadow.hlsl
		Resource\Resource\ShaderScript\Pixel_WireFrame.hlsl = Resource\Resource\ShaderScript\Pixel_WireFrame.hlsl
	EndProjectSection
EndProject
Project("{2150E333-8FDC-42A3-9474-1A3956D46DE8}") = "Define", "Define", "{43F92087-EC1C-4518-9AE2-D3F2971C21F3}"
	ProjectSection(SolutionItems) = preProject
		Resource\Resource\ShaderScript\Define_Compute.hlsl = Resource\Resource\ShaderScript\Define_Compute.hlsl
		Resource\Resource\ShaderScript\Define_GBuffer.hlsl = Resource\Resource\ShaderScript\Define_GBuffer.hlsl
		Resource\Resource\ShaderScript\Define_Global.hlsl = Resource\Resource\ShaderScript\Define_Global.hlsl
		Resource\Resource\ShaderScript\Define_GSCamera.hlsl = Resource\Resource\ShaderScript\Define_GSCamera.hlsl
		Resource\Resource\ShaderScript\Define_GSCascadeCamera.hlsl = Resource\Resource\ShaderScript\Define_GSCascadeCamera.hlsl
		Resource\Resource\ShaderScript\Define_Light.hlsl = Resource\Resource\ShaderScript\Define_Light.hlsl
		Resource\Resource\ShaderScript\Define_NormalCamera.hlsl = Resource\Resource\ShaderScript\Define_NormalCamera.hlsl
	EndProjectSection
EndProject
Project("{2150E333-8FDC-42A3-9474-1A3956D46DE8}") = "Surface", "Surface", "{96B900F6-5155-42BF-9A04-808233534E8B}"
	ProjectSection(SolutionItems) = preProject
		Resource\Resource\ShaderScript\Surface_DefaultPBR.hlsl = Resource\Resource\ShaderScript\Surface_DefaultPBR.hlsl
		Resource\Resource\ShaderScript\Surface_Empty.hlsl = Resource\Resource\ShaderScript\Surface_Empty.hlsl
		Resource\Resource\ShaderScript\Surface_SkyBox.hlsl = Resource\Resource\ShaderScript\Surface_SkyBox.hlsl
	EndProjectSection
EndProject
Project("{8BC9CEB8-8B4A-11D0-8D11-00A0C91BC942}") = "KGPhysics", "KGPhysics\KGPhysics.vcxproj", "{CDD29C29-FC1D-4D1B-8802-8407FA7D20A3}"
EndProject
Project("{8BC9CEB8-8B4A-11D0-8D11-00A0C91BC942}") = "KGServer", "KGServer\KGServer.vcxproj", "{06BA77AA-FB77-4434-82C4-C530FC50655F}"
EndProject
Project("{8BC9CEB8-8B4A-11D0-8D11-00A0C91BC942}") = "KGNetwork", "KGNetwork\KGNetwork.vcxproj", "{AF280AFE-9E18-4865-8C66-D980510DF4C0}"
EndProject
Project("{8BC9CEB8-8B4A-11D0-8D11-00A0C91BC942}") = "HashConverter", "HashConverter\HashConverter.vcxproj", "{A73FEAF5-868F-425A-9D96-1067BBDEE97C}"
EndProject
Project("{2150E333-8FDC-42A3-9474-1A3956D46DE8}") = "Compute", "Compute", "{806BF353-281F-4440-BEE1-9C5C6E2D78E8}"
	ProjectSection(SolutionItems) = preProject
		Resource\Resource\ShaderScript\Compute_CopySwapChain.hlsl = Resource\Resource\ShaderScript\Compute_CopySwapChain.hlsl
		Resource\Resource\ShaderScript\Compute_HDR_DEFINE.hlsl = Resource\Resource\ShaderScript\Compute_HDR_DEFINE.hlsl
		Resource\Resource\ShaderScript\Compute_HDR_FOUR.hlsl = Resource\Resource\ShaderScript\Compute_HDR_FOUR.hlsl
		Resource\Resource\ShaderScript\Compute_HDR_ONE.hlsl = Resource\Resource\ShaderScript\Compute_HDR_ONE.hlsl
		Resource\Resource\ShaderScript\Compute_HDR_THREE.hlsl = Resource\Resource\ShaderScript\Compute_HDR_THREE.hlsl
		Resource\Resource\ShaderScript\Compute_HDR_TWO.hlsl = Resource\Resource\ShaderScript\Compute_HDR_TWO.hlsl
		Resource\Resource\ShaderScript\Compute_Test.hlsl = Resource\Resource\ShaderScript\Compute_Test.hlsl
	EndProjectSection
EndProject
Global
	GlobalSection(SolutionConfigurationPlatforms) = preSolution
		Debug|x64 = Debug|x64
		Debug|x86 = Debug|x86
		Release|x64 = Release|x64
		Release|x86 = Release|x86
	EndGlobalSection
	GlobalSection(ProjectConfigurationPlatforms) = postSolution
		{4883D189-E844-4E93-A4F4-EBB922FFAB56}.Debug|x64.ActiveCfg = Debug|x64
		{4883D189-E844-4E93-A4F4-EBB922FFAB56}.Debug|x64.Build.0 = Debug|x64
		{4883D189-E844-4E93-A4F4-EBB922FFAB56}.Debug|x86.ActiveCfg = Debug|Win32
		{4883D189-E844-4E93-A4F4-EBB922FFAB56}.Debug|x86.Build.0 = Debug|Win32
		{4883D189-E844-4E93-A4F4-EBB922FFAB56}.Release|x64.ActiveCfg = Release|x64
		{4883D189-E844-4E93-A4F4-EBB922FFAB56}.Release|x64.Build.0 = Release|x64
		{4883D189-E844-4E93-A4F4-EBB922FFAB56}.Release|x86.ActiveCfg = Release|Win32
		{4883D189-E844-4E93-A4F4-EBB922FFAB56}.Release|x86.Build.0 = Release|Win32
		{499A312C-A98F-4419-A6F9-5FB246A425C0}.Debug|x64.ActiveCfg = Debug|x64
		{499A312C-A98F-4419-A6F9-5FB246A425C0}.Debug|x64.Build.0 = Debug|x64
		{499A312C-A98F-4419-A6F9-5FB246A425C0}.Debug|x86.ActiveCfg = Debug|Win32
		{499A312C-A98F-4419-A6F9-5FB246A425C0}.Debug|x86.Build.0 = Debug|Win32
		{499A312C-A98F-4419-A6F9-5FB246A425C0}.Release|x64.ActiveCfg = Release|x64
		{499A312C-A98F-4419-A6F9-5FB246A425C0}.Release|x64.Build.0 = Release|x64
		{499A312C-A98F-4419-A6F9-5FB246A425C0}.Release|x86.ActiveCfg = Release|Win32
		{499A312C-A98F-4419-A6F9-5FB246A425C0}.Release|x86.Build.0 = Release|Win32
		{3DEE2BEB-BB71-4E48-A50E-CA7725F3BA36}.Debug|x64.ActiveCfg = Debug|x64
		{3DEE2BEB-BB71-4E48-A50E-CA7725F3BA36}.Debug|x64.Build.0 = Debug|x64
		{3DEE2BEB-BB71-4E48-A50E-CA7725F3BA36}.Debug|x86.ActiveCfg = Debug|Win32
		{3DEE2BEB-BB71-4E48-A50E-CA7725F3BA36}.Debug|x86.Build.0 = Debug|Win32
		{3DEE2BEB-BB71-4E48-A50E-CA7725F3BA36}.Release|x64.ActiveCfg = Release|x64
		{3DEE2BEB-BB71-4E48-A50E-CA7725F3BA36}.Release|x64.Build.0 = Release|x64
		{3DEE2BEB-BB71-4E48-A50E-CA7725F3BA36}.Release|x86.ActiveCfg = Release|Win32
		{3DEE2BEB-BB71-4E48-A50E-CA7725F3BA36}.Release|x86.Build.0 = Release|Win32
		{CDD29C29-FC1D-4D1B-8802-8407FA7D20A3}.Debug|x64.ActiveCfg = Debug|x64
		{CDD29C29-FC1D-4D1B-8802-8407FA7D20A3}.Debug|x64.Build.0 = Debug|x64
		{CDD29C29-FC1D-4D1B-8802-8407FA7D20A3}.Debug|x86.ActiveCfg = Debug|Win32
		{CDD29C29-FC1D-4D1B-8802-8407FA7D20A3}.Debug|x86.Build.0 = Debug|Win32
		{CDD29C29-FC1D-4D1B-8802-8407FA7D20A3}.Release|x64.ActiveCfg = Release|x64
		{CDD29C29-FC1D-4D1B-8802-8407FA7D20A3}.Release|x64.Build.0 = Release|x64
		{CDD29C29-FC1D-4D1B-8802-8407FA7D20A3}.Release|x86.ActiveCfg = Release|Win32
		{CDD29C29-FC1D-4D1B-8802-8407FA7D20A3}.Release|x86.Build.0 = Release|Win32
		{06BA77AA-FB77-4434-82C4-C530FC50655F}.Debug|x64.ActiveCfg = Debug|x64
		{06BA77AA-FB77-4434-82C4-C530FC50655F}.Debug|x64.Build.0 = Debug|x64
		{06BA77AA-FB77-4434-82C4-C530FC50655F}.Debug|x86.ActiveCfg = Debug|Win32
		{06BA77AA-FB77-4434-82C4-C530FC50655F}.Debug|x86.Build.0 = Debug|Win32
		{06BA77AA-FB77-4434-82C4-C530FC50655F}.Release|x64.ActiveCfg = Release|x64
		{06BA77AA-FB77-4434-82C4-C530FC50655F}.Release|x64.Build.0 = Release|x64
		{06BA77AA-FB77-4434-82C4-C530FC50655F}.Release|x86.ActiveCfg = Release|Win32
		{06BA77AA-FB77-4434-82C4-C530FC50655F}.Release|x86.Build.0 = Release|Win32
		{AF280AFE-9E18-4865-8C66-D980510DF4C0}.Debug|x64.ActiveCfg = Debug|x64
		{AF280AFE-9E18-4865-8C66-D980510DF4C0}.Debug|x64.Build.0 = Debug|x64
		{AF280AFE-9E18-4865-8C66-D980510DF4C0}.Debug|x86.ActiveCfg = Debug|Win32
		{AF280AFE-9E18-4865-8C66-D980510DF4C0}.Debug|x86.Build.0 = Debug|Win32
		{AF280AFE-9E18-4865-8C66-D980510DF4C0}.Release|x64.ActiveCfg = Release|x64
		{AF280AFE-9E18-4865-8C66-D980510DF4C0}.Release|x64.Build.0 = Release|x64
		{AF280AFE-9E18-4865-8C66-D980510DF4C0}.Release|x86.ActiveCfg = Release|Win32
		{AF280AFE-9E18-4865-8C66-D980510DF4C0}.Release|x86.Build.0 = Release|Win32
		{A73FEAF5-868F-425A-9D96-1067BBDEE97C}.Debug|x64.ActiveCfg = Debug|x64
		{A73FEAF5-868F-425A-9D96-1067BBDEE97C}.Debug|x64.Build.0 = Debug|x64
		{A73FEAF5-868F-425A-9D96-1067BBDEE97C}.Debug|x86.ActiveCfg = Debug|Win32
		{A73FEAF5-868F-425A-9D96-1067BBDEE97C}.Debug|x86.Build.0 = Debug|Win32
		{A73FEAF5-868F-425A-9D96-1067BBDEE97C}.Release|x64.ActiveCfg = Release|x64
		{A73FEAF5-868F-425A-9D96-1067BBDEE97C}.Release|x64.Build.0 = Release|x64
		{A73FEAF5-868F-425A-9D96-1067BBDEE97C}.Release|x86.ActiveCfg = Release|Win32
		{A73FEAF5-868F-425A-9D96-1067BBDEE97C}.Release|x86.Build.0 = Release|Win32
	EndGlobalSection
	GlobalSection(SolutionProperties) = preSolution
		HideSolutionNode = FALSE
	EndGlobalSection
	GlobalSection(NestedProjects) = preSolution
		{E0388BA3-9056-4D90-BAC5-B45247984D32} = {1C3E5F5B-2584-476E-8547-6C9D578E07B9}
		{85D78402-5B3A-48F7-8603-F728338BBA95} = {1C3E5F5B-2584-476E-8547-6C9D578E07B9}
		{612EE3CC-1D6B-4E8F-8C11-7510E32215FA} = {1C3E5F5B-2584-476E-8547-6C9D578E07B9}
		{74DDEDF6-9870-4F3C-8842-F9569A42DA7B} = {612EE3CC-1D6B-4E8F-8C11-7510E32215FA}
		{59AF83AA-ED1C-4E93-81E6-1781244E461A} = {612EE3CC-1D6B-4E8F-8C11-7510E32215FA}
		{CC3BB28C-12D7-4184-B7FE-C6D07261749C} = {612EE3CC-1D6B-4E8F-8C11-7510E32215FA}
		{3A295F94-2BA0-43B3-816B-784DD6E7D6DF} = {612EE3CC-1D6B-4E8F-8C11-7510E32215FA}
		{43F92087-EC1C-4518-9AE2-D3F2971C21F3} = {612EE3CC-1D6B-4E8F-8C11-7510E32215FA}
		{96B900F6-5155-42BF-9A04-808233534E8B} = {612EE3CC-1D6B-4E8F-8C11-7510E32215FA}
		{806BF353-281F-4440-BEE1-9C5C6E2D78E8} = {612EE3CC-1D6B-4E8F-8C11-7510E32215FA}
	EndGlobalSection
	GlobalSection(ExtensibilityGlobals) = postSolution
		SolutionGuid = {EA476DDC-7B81-4DFD-9585-518EB4B6393F}
	EndGlobalSection
EndGlobal
