
Microsoft Visual Studio Solution File, Format Version 11.00
# Visual Studio 15
Project("{8BC9CEB8-8B4A-11D0-8D11-00A0C91BC942}") = "3d", "3d.vcxproj", "{DE87EAAE-2D19-496D-A87F-E70DDC30CF48}"
EndProject
Project("{8BC9CEB8-8B4A-11D0-8D11-00A0C91BC942}") = "3d_multi", "3d_multi.vcxproj", "{414930BA-46A1-45E0-8B9C-BF0CB661440A}"
EndProject
Project("{8BC9CEB8-8B4A-11D0-8D11-00A0C91BC942}") = "event_parameter", "event_parameter.vcxproj", "{E9EAE782-2F95-4ABD-BB53-3973E26EE90D}"
EndProject
Project("{8BC9CEB8-8B4A-11D0-8D11-00A0C91BC942}") = "load_banks", "load_banks.vcxproj", "{FEB560EE-1821-4CB9-BCB4-39D29A3DE6E8}"
EndProject
Project("{8BC9CEB8-8B4A-11D0-8D11-00A0C91BC942}") = "music_callbacks", "music_callbacks.vcxproj", "{2AAB819D-4EBD-42CE-8543-63D89EDDB6A9}"
EndProject
Project("{8BC9CEB8-8B4A-11D0-8D11-00A0C91BC942}") = "objectpan", "objectpan.vcxproj", "{EDB4F14F-6C95-4373-8C22-D62D09D3BF46}"
EndProject
Project("{8BC9CEB8-8B4A-11D0-8D11-00A0C91BC942}") = "programmer_sound", "programmer_sound.vcxproj", "{CFDF53C8-7B79-46D2-96F2-E5958337EF62}"
EndProject
Project("{8BC9CEB8-8B4A-11D0-8D11-00A0C91BC942}") = "recording_playback", "recording_playback.vcxproj", "{2E5A52F4-FF61-4914-B9BD-61C50E835957}"
EndProject
Project("{8BC9CEB8-8B4A-11D0-8D11-00A0C91BC942}") = "simple_event", "simple_event.vcxproj", "{927B7D19-3387-473A-BB92-D791D696C265}"
EndProject
Global
	GlobalSection(SolutionConfigurationPlatforms) = preSolution
		Debug|Win32 = Debug|Win32
		Debug|x64 = Debug|x64
		Release|Win32 = Release|Win32
		Release|x64 = Release|x64
	EndGlobalSection
	GlobalSection(ProjectConfigurationPlatforms) = postSolution
		{DE87EAAE-2D19-496D-A87F-E70DDC30CF48}.Debug|Win32.ActiveCfg = Debug|Win32
		{DE87EAAE-2D19-496D-A87F-E70DDC30CF48}.Debug|Win32.Build.0 = Debug|Win32
		{DE87EAAE-2D19-496D-A87F-E70DDC30CF48}.Debug|Win32.Deploy.0 = Debug|Win32
		{DE87EAAE-2D19-496D-A87F-E70DDC30CF48}.Debug|x64.ActiveCfg = Debug|x64
		{DE87EAAE-2D19-496D-A87F-E70DDC30CF48}.Debug|x64.Build.0 = Debug|x64
		{DE87EAAE-2D19-496D-A87F-E70DDC30CF48}.Debug|x64.Deploy.0 = Debug|x64
		{DE87EAAE-2D19-496D-A87F-E70DDC30CF48}.Release|Win32.ActiveCfg = Release|Win32
		{DE87EAAE-2D19-496D-A87F-E70DDC30CF48}.Release|Win32.Build.0 = Release|Win32
		{DE87EAAE-2D19-496D-A87F-E70DDC30CF48}.Release|Win32.Deploy.0 = Release|Win32
		{DE87EAAE-2D19-496D-A87F-E70DDC30CF48}.Release|x64.ActiveCfg = Release|x64
		{DE87EAAE-2D19-496D-A87F-E70DDC30CF48}.Release|x64.Build.0 = Release|x64
		{DE87EAAE-2D19-496D-A87F-E70DDC30CF48}.Release|x64.Deploy.0 = Release|x64
		{414930BA-46A1-45E0-8B9C-BF0CB661440A}.Debug|Win32.ActiveCfg = Debug|Win32
		{414930BA-46A1-45E0-8B9C-BF0CB661440A}.Debug|Win32.Build.0 = Debug|Win32
		{414930BA-46A1-45E0-8B9C-BF0CB661440A}.Debug|Win32.Deploy.0 = Debug|Win32
		{414930BA-46A1-45E0-8B9C-BF0CB661440A}.Debug|x64.ActiveCfg = Debug|x64
		{414930BA-46A1-45E0-8B9C-BF0CB661440A}.Debug|x64.Build.0 = Debug|x64
		{414930BA-46A1-45E0-8B9C-BF0CB661440A}.Debug|x64.Deploy.0 = Debug|x64
		{414930BA-46A1-45E0-8B9C-BF0CB661440A}.Release|Win32.ActiveCfg = Release|Win32
		{414930BA-46A1-45E0-8B9C-BF0CB661440A}.Release|Win32.Build.0 = Release|Win32
		{414930BA-46A1-45E0-8B9C-BF0CB661440A}.Release|Win32.Deploy.0 = Release|Win32
		{414930BA-46A1-45E0-8B9C-BF0CB661440A}.Release|x64.ActiveCfg = Release|x64
		{414930BA-46A1-45E0-8B9C-BF0CB661440A}.Release|x64.Build.0 = Release|x64
		{414930BA-46A1-45E0-8B9C-BF0CB661440A}.Release|x64.Deploy.0 = Release|x64
		{E9EAE782-2F95-4ABD-BB53-3973E26EE90D}.Debug|Win32.ActiveCfg = Debug|Win32
		{E9EAE782-2F95-4ABD-BB53-3973E26EE90D}.Debug|Win32.Build.0 = Debug|Win32
		{E9EAE782-2F95-4ABD-BB53-3973E26EE90D}.Debug|Win32.Deploy.0 = Debug|Win32
		{E9EAE782-2F95-4ABD-BB53-3973E26EE90D}.Debug|x64.ActiveCfg = Debug|x64
		{E9EAE782-2F95-4ABD-BB53-3973E26EE90D}.Debug|x64.Build.0 = Debug|x64
		{E9EAE782-2F95-4ABD-BB53-3973E26EE90D}.Debug|x64.Deploy.0 = Debug|x64
		{E9EAE782-2F95-4ABD-BB53-3973E26EE90D}.Release|Win32.ActiveCfg = Release|Win32
		{E9EAE782-2F95-4ABD-BB53-3973E26EE90D}.Release|Win32.Build.0 = Release|Win32
		{E9EAE782-2F95-4ABD-BB53-3973E26EE90D}.Release|Win32.Deploy.0 = Release|Win32
		{E9EAE782-2F95-4ABD-BB53-3973E26EE90D}.Release|x64.ActiveCfg = Release|x64
		{E9EAE782-2F95-4ABD-BB53-3973E26EE90D}.Release|x64.Build.0 = Release|x64
		{E9EAE782-2F95-4ABD-BB53-3973E26EE90D}.Release|x64.Deploy.0 = Release|x64
		{FEB560EE-1821-4CB9-BCB4-39D29A3DE6E8}.Debug|Win32.ActiveCfg = Debug|Win32
		{FEB560EE-1821-4CB9-BCB4-39D29A3DE6E8}.Debug|Win32.Build.0 = Debug|Win32
		{FEB560EE-1821-4CB9-BCB4-39D29A3DE6E8}.Debug|Win32.Deploy.0 = Debug|Win32
		{FEB560EE-1821-4CB9-BCB4-39D29A3DE6E8}.Debug|x64.ActiveCfg = Debug|x64
		{FEB560EE-1821-4CB9-BCB4-39D29A3DE6E8}.Debug|x64.Build.0 = Debug|x64
		{FEB560EE-1821-4CB9-BCB4-39D29A3DE6E8}.Debug|x64.Deploy.0 = Debug|x64
		{FEB560EE-1821-4CB9-BCB4-39D29A3DE6E8}.Release|Win32.ActiveCfg = Release|Win32
		{FEB560EE-1821-4CB9-BCB4-39D29A3DE6E8}.Release|Win32.Build.0 = Release|Win32
		{FEB560EE-1821-4CB9-BCB4-39D29A3DE6E8}.Release|Win32.Deploy.0 = Release|Win32
		{FEB560EE-1821-4CB9-BCB4-39D29A3DE6E8}.Release|x64.ActiveCfg = Release|x64
		{FEB560EE-1821-4CB9-BCB4-39D29A3DE6E8}.Release|x64.Build.0 = Release|x64
		{FEB560EE-1821-4CB9-BCB4-39D29A3DE6E8}.Release|x64.Deploy.0 = Release|x64
		{2AAB819D-4EBD-42CE-8543-63D89EDDB6A9}.Debug|Win32.ActiveCfg = Debug|Win32
		{2AAB819D-4EBD-42CE-8543-63D89EDDB6A9}.Debug|Win32.Build.0 = Debug|Win32
		{2AAB819D-4EBD-42CE-8543-63D89EDDB6A9}.Debug|Win32.Deploy.0 = Debug|Win32
		{2AAB819D-4EBD-42CE-8543-63D89EDDB6A9}.Debug|x64.ActiveCfg = Debug|x64
		{2AAB819D-4EBD-42CE-8543-63D89EDDB6A9}.Debug|x64.Build.0 = Debug|x64
		{2AAB819D-4EBD-42CE-8543-63D89EDDB6A9}.Debug|x64.Deploy.0 = Debug|x64
		{2AAB819D-4EBD-42CE-8543-63D89EDDB6A9}.Release|Win32.ActiveCfg = Release|Win32
		{2AAB819D-4EBD-42CE-8543-63D89EDDB6A9}.Release|Win32.Build.0 = Release|Win32
		{2AAB819D-4EBD-42CE-8543-63D89EDDB6A9}.Release|Win32.Deploy.0 = Release|Win32
		{2AAB819D-4EBD-42CE-8543-63D89EDDB6A9}.Release|x64.ActiveCfg = Release|x64
		{2AAB819D-4EBD-42CE-8543-63D89EDDB6A9}.Release|x64.Build.0 = Release|x64
		{2AAB819D-4EBD-42CE-8543-63D89EDDB6A9}.Release|x64.Deploy.0 = Release|x64
		{EDB4F14F-6C95-4373-8C22-D62D09D3BF46}.Debug|Win32.ActiveCfg = Debug|Win32
		{EDB4F14F-6C95-4373-8C22-D62D09D3BF46}.Debug|Win32.Build.0 = Debug|Win32
		{EDB4F14F-6C95-4373-8C22-D62D09D3BF46}.Debug|Win32.Deploy.0 = Debug|Win32
		{EDB4F14F-6C95-4373-8C22-D62D09D3BF46}.Debug|x64.ActiveCfg = Debug|x64
		{EDB4F14F-6C95-4373-8C22-D62D09D3BF46}.Debug|x64.Build.0 = Debug|x64
		{EDB4F14F-6C95-4373-8C22-D62D09D3BF46}.Debug|x64.Deploy.0 = Debug|x64
		{EDB4F14F-6C95-4373-8C22-D62D09D3BF46}.Release|Win32.ActiveCfg = Release|Win32
		{EDB4F14F-6C95-4373-8C22-D62D09D3BF46}.Release|Win32.Build.0 = Release|Win32
		{EDB4F14F-6C95-4373-8C22-D62D09D3BF46}.Release|Win32.Deploy.0 = Release|Win32
		{EDB4F14F-6C95-4373-8C22-D62D09D3BF46}.Release|x64.ActiveCfg = Release|x64
		{EDB4F14F-6C95-4373-8C22-D62D09D3BF46}.Release|x64.Build.0 = Release|x64
		{EDB4F14F-6C95-4373-8C22-D62D09D3BF46}.Release|x64.Deploy.0 = Release|x64
		{CFDF53C8-7B79-46D2-96F2-E5958337EF62}.Debug|Win32.ActiveCfg = Debug|Win32
		{CFDF53C8-7B79-46D2-96F2-E5958337EF62}.Debug|Win32.Build.0 = Debug|Win32
		{CFDF53C8-7B79-46D2-96F2-E5958337EF62}.Debug|Win32.Deploy.0 = Debug|Win32
		{CFDF53C8-7B79-46D2-96F2-E5958337EF62}.Debug|x64.ActiveCfg = Debug|x64
		{CFDF53C8-7B79-46D2-96F2-E5958337EF62}.Debug|x64.Build.0 = Debug|x64
		{CFDF53C8-7B79-46D2-96F2-E5958337EF62}.Debug|x64.Deploy.0 = Debug|x64
		{CFDF53C8-7B79-46D2-96F2-E5958337EF62}.Release|Win32.ActiveCfg = Release|Win32
		{CFDF53C8-7B79-46D2-96F2-E5958337EF62}.Release|Win32.Build.0 = Release|Win32
		{CFDF53C8-7B79-46D2-96F2-E5958337EF62}.Release|Win32.Deploy.0 = Release|Win32
		{CFDF53C8-7B79-46D2-96F2-E5958337EF62}.Release|x64.ActiveCfg = Release|x64
		{CFDF53C8-7B79-46D2-96F2-E5958337EF62}.Release|x64.Build.0 = Release|x64
		{CFDF53C8-7B79-46D2-96F2-E5958337EF62}.Release|x64.Deploy.0 = Release|x64
		{2E5A52F4-FF61-4914-B9BD-61C50E835957}.Debug|Win32.ActiveCfg = Debug|Win32
		{2E5A52F4-FF61-4914-B9BD-61C50E835957}.Debug|Win32.Build.0 = Debug|Win32
		{2E5A52F4-FF61-4914-B9BD-61C50E835957}.Debug|Win32.Deploy.0 = Debug|Win32
		{2E5A52F4-FF61-4914-B9BD-61C50E835957}.Debug|x64.ActiveCfg = Debug|x64
		{2E5A52F4-FF61-4914-B9BD-61C50E835957}.Debug|x64.Build.0 = Debug|x64
		{2E5A52F4-FF61-4914-B9BD-61C50E835957}.Debug|x64.Deploy.0 = Debug|x64
		{2E5A52F4-FF61-4914-B9BD-61C50E835957}.Release|Win32.ActiveCfg = Release|Win32
		{2E5A52F4-FF61-4914-B9BD-61C50E835957}.Release|Win32.Build.0 = Release|Win32
		{2E5A52F4-FF61-4914-B9BD-61C50E835957}.Release|Win32.Deploy.0 = Release|Win32
		{2E5A52F4-FF61-4914-B9BD-61C50E835957}.Release|x64.ActiveCfg = Release|x64
		{2E5A52F4-FF61-4914-B9BD-61C50E835957}.Release|x64.Build.0 = Release|x64
		{2E5A52F4-FF61-4914-B9BD-61C50E835957}.Release|x64.Deploy.0 = Release|x64
		{927B7D19-3387-473A-BB92-D791D696C265}.Debug|Win32.ActiveCfg = Debug|Win32
		{927B7D19-3387-473A-BB92-D791D696C265}.Debug|Win32.Build.0 = Debug|Win32
		{927B7D19-3387-473A-BB92-D791D696C265}.Debug|Win32.Deploy.0 = Debug|Win32
		{927B7D19-3387-473A-BB92-D791D696C265}.Debug|x64.ActiveCfg = Debug|x64
		{927B7D19-3387-473A-BB92-D791D696C265}.Debug|x64.Build.0 = Debug|x64
		{927B7D19-3387-473A-BB92-D791D696C265}.Debug|x64.Deploy.0 = Debug|x64
		{927B7D19-3387-473A-BB92-D791D696C265}.Release|Win32.ActiveCfg = Release|Win32
		{927B7D19-3387-473A-BB92-D791D696C265}.Release|Win32.Build.0 = Release|Win32
		{927B7D19-3387-473A-BB92-D791D696C265}.Release|Win32.Deploy.0 = Release|Win32
		{927B7D19-3387-473A-BB92-D791D696C265}.Release|x64.ActiveCfg = Release|x64
		{927B7D19-3387-473A-BB92-D791D696C265}.Release|x64.Build.0 = Release|x64
		{927B7D19-3387-473A-BB92-D791D696C265}.Release|x64.Deploy.0 = Release|x64
	EndGlobalSection
	GlobalSection(SolutionProperties) = preSolution
		HideSolutionNode = FALSE
	EndGlobalSection
EndGlobal
