<?xml version="1.0" encoding="utf-8"?>
<Project ToolsVersion="16.0" xmlns="http://schemas.microsoft.com/developer/msbuild/2003">
  <ItemGroup>
    <ClCompile Include="C:\KGFramework\KGFramework\KGFramework\KGPhysics\PhysX-4.1\physx\source\lowlevel\api\src\px_globals.cpp">
      <Filter>API Source</Filter>
    </ClCompile>
    <ClCompile Include="C:\KGFramework\KGFramework\KGFramework\KGPhysics\PhysX-4.1\physx\source\lowlevel\common\src\pipeline\PxcContactCache.cpp">
      <Filter>Common Source\pipeline</Filter>
    </ClCompile>
    <ClCompile Include="C:\KGFramework\KGFramework\KGFramework\KGPhysics\PhysX-4.1\physx\source\lowlevel\common\src\pipeline\PxcContactMethodImpl.cpp">
      <Filter>Common Source\pipeline</Filter>
    </ClCompile>
    <ClCompile Include="C:\KGFramework\KGFramework\KGFramework\KGPhysics\PhysX-4.1\physx\source\lowlevel\common\src\pipeline\PxcMaterialHeightField.cpp">
      <Filter>Common Source\pipeline</Filter>
    </ClCompile>
    <ClCompile Include="C:\KGFramework\KGFramework\KGFramework\KGPhysics\PhysX-4.1\physx\source\lowlevel\common\src\pipeline\PxcMaterialMesh.cpp">
      <Filter>Common Source\pipeline</Filter>
    </ClCompile>
    <ClCompile Include="C:\KGFramework\KGFramework\KGFramework\KGPhysics\PhysX-4.1\physx\source\lowlevel\common\src\pipeline\PxcMaterialMethodImpl.cpp">
      <Filter>Common Source\pipeline</Filter>
    </ClCompile>
    <ClCompile Include="C:\KGFramework\KGFramework\KGFramework\KGPhysics\PhysX-4.1\physx\source\lowlevel\common\src\pipeline\PxcMaterialShape.cpp">
      <Filter>Common Source\pipeline</Filter>
    </ClCompile>
    <ClCompile Include="C:\KGFramework\KGFramework\KGFramework\KGPhysics\PhysX-4.1\physx\source\lowlevel\common\src\pipeline\PxcNpBatch.cpp">
      <Filter>Common Source\pipeline</Filter>
    </ClCompile>
    <ClCompile Include="C:\KGFramework\KGFramework\KGFramework\KGPhysics\PhysX-4.1\physx\source\lowlevel\common\src\pipeline\PxcNpCacheStreamPair.cpp">
      <Filter>Common Source\pipeline</Filter>
    </ClCompile>
    <ClCompile Include="C:\KGFramework\KGFramework\KGFramework\KGPhysics\PhysX-4.1\physx\source\lowlevel\common\src\pipeline\PxcNpContactPrepShared.cpp">
      <Filter>Common Source\pipeline</Filter>
    </ClCompile>
    <ClCompile Include="C:\KGFramework\KGFramework\KGFramework\KGPhysics\PhysX-4.1\physx\source\lowlevel\common\src\pipeline\PxcNpMemBlockPool.cpp">
      <Filter>Common Source\pipeline</Filter>
    </ClCompile>
    <ClCompile Include="C:\KGFramework\KGFramework\KGFramework\KGPhysics\PhysX-4.1\physx\source\lowlevel\common\src\pipeline\PxcNpThreadContext.cpp">
      <Filter>Common Source\pipeline</Filter>
    </ClCompile>
    <ClCompile Include="C:\KGFramework\KGFramework\KGFramework\KGPhysics\PhysX-4.1\physx\source\lowlevel\software\src\PxsCCD.cpp">
      <Filter>Software Source</Filter>
    </ClCompile>
    <ClCompile Include="C:\KGFramework\KGFramework\KGFramework\KGPhysics\PhysX-4.1\physx\source\lowlevel\software\src\PxsContactManager.cpp">
      <Filter>Software Source</Filter>
    </ClCompile>
    <ClCompile Include="C:\KGFramework\KGFramework\KGFramework\KGPhysics\PhysX-4.1\physx\source\lowlevel\software\src\PxsContext.cpp">
      <Filter>Software Source</Filter>
    </ClCompile>
    <ClCompile Include="C:\KGFramework\KGFramework\KGFramework\KGPhysics\PhysX-4.1\physx\source\lowlevel\software\src\PxsDefaultMemoryManager.cpp">
      <Filter>Software Source</Filter>
    </ClCompile>
    <ClCompile Include="C:\KGFramework\KGFramework\KGFramework\KGPhysics\PhysX-4.1\physx\source\lowlevel\software\src\PxsIslandSim.cpp">
      <Filter>Software Source</Filter>
    </ClCompile>
    <ClCompile Include="C:\KGFramework\KGFramework\KGFramework\KGPhysics\PhysX-4.1\physx\source\lowlevel\software\src\PxsMaterialCombiner.cpp">
      <Filter>Software Source</Filter>
    </ClCompile>
    <ClCompile Include="C:\KGFramework\KGFramework\KGFramework\KGPhysics\PhysX-4.1\physx\source\lowlevel\software\src\PxsNphaseImplementationContext.cpp">
      <Filter>Software Source</Filter>
    </ClCompile>
    <ClCompile Include="C:\KGFramework\KGFramework\KGFramework\KGPhysics\PhysX-4.1\physx\source\lowlevel\software\src\PxsSimpleIslandManager.cpp">
      <Filter>Software Source</Filter>
    </ClCompile>
  </ItemGroup>
  <ItemGroup>
    <ClInclude Include="C:\KGFramework\KGFramework\KGFramework\KGPhysics\PhysX-4.1\physx\source\lowlevel\api\include\PxsMaterialCore.h">
      <Filter>API Includes</Filter>
    </ClInclude>
    <ClInclude Include="C:\KGFramework\KGFramework\KGFramework\KGPhysics\PhysX-4.1\physx\source\lowlevel\api\include\PxsMaterialManager.h">
      <Filter>API Includes</Filter>
    </ClInclude>
    <ClInclude Include="C:\KGFramework\KGFramework\KGFramework\KGPhysics\PhysX-4.1\physx\source\lowlevel\api\include\PxvConfig.h">
      <Filter>API Includes</Filter>
    </ClInclude>
    <ClInclude Include="C:\KGFramework\KGFramework\KGFramework\KGPhysics\PhysX-4.1\physx\source\lowlevel\api\include\PxvDynamics.h">
      <Filter>API Includes</Filter>
    </ClInclude>
    <ClInclude Include="C:\KGFramework\KGFramework\KGFramework\KGPhysics\PhysX-4.1\physx\source\lowlevel\api\include\PxvGeometry.h">
      <Filter>API Includes</Filter>
    </ClInclude>
    <ClInclude Include="C:\KGFramework\KGFramework\KGFramework\KGPhysics\PhysX-4.1\physx\source\lowlevel\api\include\PxvGlobals.h">
      <Filter>API Includes</Filter>
    </ClInclude>
    <ClInclude Include="C:\KGFramework\KGFramework\KGFramework\KGPhysics\PhysX-4.1\physx\source\lowlevel\api\include\PxvManager.h">
      <Filter>API Includes</Filter>
    </ClInclude>
    <ClInclude Include="C:\KGFramework\KGFramework\KGFramework\KGPhysics\PhysX-4.1\physx\source\lowlevel\api\include\PxvSimStats.h">
      <Filter>API Includes</Filter>
    </ClInclude>
    <ClInclude Include="C:\KGFramework\KGFramework\KGFramework\KGPhysics\PhysX-4.1\physx\source\lowlevel\common\include\collision\PxcContactMethodImpl.h">
      <Filter>Common Includes\collision</Filter>
    </ClInclude>
    <ClInclude Include="C:\KGFramework\KGFramework\KGFramework\KGPhysics\PhysX-4.1\physx\source\lowlevel\common\include\pipeline\PxcConstraintBlockStream.h">
      <Filter>Common Includes\pipeline</Filter>
    </ClInclude>
    <ClInclude Include="C:\KGFramework\KGFramework\KGFramework\KGPhysics\PhysX-4.1\physx\source\lowlevel\common\include\pipeline\PxcContactCache.h">
      <Filter>Common Includes\pipeline</Filter>
    </ClInclude>
    <ClInclude Include="C:\KGFramework\KGFramework\KGFramework\KGPhysics\PhysX-4.1\physx\source\lowlevel\common\include\pipeline\PxcMaterialMethodImpl.h">
      <Filter>Common Includes\pipeline</Filter>
    </ClInclude>
    <ClInclude Include="C:\KGFramework\KGFramework\KGFramework\KGPhysics\PhysX-4.1\physx\source\lowlevel\common\include\pipeline\PxcNpBatch.h">
      <Filter>Common Includes\pipeline</Filter>
    </ClInclude>
    <ClInclude Include="C:\KGFramework\KGFramework\KGFramework\KGPhysics\PhysX-4.1\physx\source\lowlevel\common\include\pipeline\PxcNpCache.h">
      <Filter>Common Includes\pipeline</Filter>
    </ClInclude>
    <ClInclude Include="C:\KGFramework\KGFramework\KGFramework\KGPhysics\PhysX-4.1\physx\source\lowlevel\common\include\pipeline\PxcNpCacheStreamPair.h">
      <Filter>Common Includes\pipeline</Filter>
    </ClInclude>
    <ClInclude Include="C:\KGFramework\KGFramework\KGFramework\KGPhysics\PhysX-4.1\physx\source\lowlevel\common\include\pipeline\PxcNpContactPrepShared.h">
      <Filter>Common Includes\pipeline</Filter>
    </ClInclude>
    <ClInclude Include="C:\KGFramework\KGFramework\KGFramework\KGPhysics\PhysX-4.1\physx\source\lowlevel\common\include\pipeline\PxcNpMemBlockPool.h">
      <Filter>Common Includes\pipeline</Filter>
    </ClInclude>
    <ClInclude Include="C:\KGFramework\KGFramework\KGFramework\KGPhysics\PhysX-4.1\physx\source\lowlevel\common\include\pipeline\PxcNpThreadContext.h">
      <Filter>Common Includes\pipeline</Filter>
    </ClInclude>
    <ClInclude Include="C:\KGFramework\KGFramework\KGFramework\KGPhysics\PhysX-4.1\physx\source\lowlevel\common\include\pipeline\PxcNpWorkUnit.h">
      <Filter>Common Includes\pipeline</Filter>
    </ClInclude>
    <ClInclude Include="C:\KGFramework\KGFramework\KGFramework\KGPhysics\PhysX-4.1\physx\source\lowlevel\common\include\utils\PxcScratchAllocator.h">
      <Filter>Common Includes\utils</Filter>
    </ClInclude>
    <ClInclude Include="C:\KGFramework\KGFramework\KGFramework\KGPhysics\PhysX-4.1\physx\source\lowlevel\common\include\utils\PxcThreadCoherentCache.h">
      <Filter>Common Includes\utils</Filter>
    </ClInclude>
    <ClInclude Include="C:\KGFramework\KGFramework\KGFramework\KGPhysics\PhysX-4.1\physx\source\lowlevel\software\include\PxsBodySim.h">
      <Filter>Software Includes</Filter>
    </ClInclude>
    <ClInclude Include="C:\KGFramework\KGFramework\KGFramework\KGPhysics\PhysX-4.1\physx\source\lowlevel\software\include\PxsCCD.h">
      <Filter>Software Includes</Filter>
    </ClInclude>
    <ClInclude Include="C:\KGFramework\KGFramework\KGFramework\KGPhysics\PhysX-4.1\physx\source\lowlevel\software\include\PxsContactManager.h">
      <Filter>Software Includes</Filter>
    </ClInclude>
    <ClInclude Include="C:\KGFramework\KGFramework\KGFramework\KGPhysics\PhysX-4.1\physx\source\lowlevel\software\include\PxsContactManagerState.h">
      <Filter>Software Includes</Filter>
    </ClInclude>
    <ClInclude Include="C:\KGFramework\KGFramework\KGFramework\KGPhysics\PhysX-4.1\physx\source\lowlevel\software\include\PxsContext.h">
      <Filter>Software Includes</Filter>
    </ClInclude>
    <ClInclude Include="C:\KGFramework\KGFramework\KGFramework\KGPhysics\PhysX-4.1\physx\source\lowlevel\software\include\PxsDefaultMemoryManager.h">
      <Filter>Software Includes</Filter>
    </ClInclude>
    <ClInclude Include="C:\KGFramework\KGFramework\KGFramework\KGPhysics\PhysX-4.1\physx\source\lowlevel\software\include\PxsHeapMemoryAllocator.h">
      <Filter>Software Includes</Filter>
    </ClInclude>
    <ClInclude Include="C:\KGFramework\KGFramework\KGFramework\KGPhysics\PhysX-4.1\physx\source\lowlevel\software\include\PxsIncrementalConstraintPartitioning.h">
      <Filter>Software Includes</Filter>
    </ClInclude>
    <ClInclude Include="C:\KGFramework\KGFramework\KGFramework\KGPhysics\PhysX-4.1\physx\source\lowlevel\software\include\PxsIslandManagerTypes.h">
      <Filter>Software Includes</Filter>
    </ClInclude>
    <ClInclude Include="C:\KGFramework\KGFramework\KGFramework\KGPhysics\PhysX-4.1\physx\source\lowlevel\software\include\PxsIslandSim.h">
      <Filter>Software Includes</Filter>
    </ClInclude>
    <ClInclude Include="C:\KGFramework\KGFramework\KGFramework\KGPhysics\PhysX-4.1\physx\source\lowlevel\software\include\PxsIslandNodeIndex.h">
      <Filter>Software Includes</Filter>
    </ClInclude>
    <ClInclude Include="C:\KGFramework\KGFramework\KGFramework\KGPhysics\PhysX-4.1\physx\source\lowlevel\software\include\PxsKernelWrangler.h">
      <Filter>Software Includes</Filter>
    </ClInclude>
    <ClInclude Include="C:\KGFramework\KGFramework\KGFramework\KGPhysics\PhysX-4.1\physx\source\lowlevel\software\include\PxsMaterialCombiner.h">
      <Filter>Software Includes</Filter>
    </ClInclude>
    <ClInclude Include="C:\KGFramework\KGFramework\KGFramework\KGPhysics\PhysX-4.1\physx\source\lowlevel\software\include\PxsMemoryManager.h">
      <Filter>Software Includes</Filter>
    </ClInclude>
    <ClInclude Include="C:\KGFramework\KGFramework\KGFramework\KGPhysics\PhysX-4.1\physx\source\lowlevel\software\include\PxsNphaseImplementationContext.h">
      <Filter>Software Includes</Filter>
    </ClInclude>
    <ClInclude Include="C:\KGFramework\KGFramework\KGFramework\KGPhysics\PhysX-4.1\physx\source\lowlevel\software\include\PxsRigidBody.h">
      <Filter>Software Includes</Filter>
    </ClInclude>
    <ClInclude Include="C:\KGFramework\KGFramework\KGFramework\KGPhysics\PhysX-4.1\physx\source\lowlevel\software\include\PxsShapeSim.h">
      <Filter>Software Includes</Filter>
    </ClInclude>
    <ClInclude Include="C:\KGFramework\KGFramework\KGFramework\KGPhysics\PhysX-4.1\physx\source\lowlevel\software\include\PxsSimpleIslandManager.h">
      <Filter>Software Includes</Filter>
    </ClInclude>
    <ClInclude Include="C:\KGFramework\KGFramework\KGFramework\KGPhysics\PhysX-4.1\physx\source\lowlevel\software\include\PxsSimulationController.h">
      <Filter>Software Includes</Filter>
    </ClInclude>
    <ClInclude Include="C:\KGFramework\KGFramework\KGFramework\KGPhysics\PhysX-4.1\physx\source\lowlevel\software\include\PxsTransformCache.h">
      <Filter>Software Includes</Filter>
    </ClInclude>
    <ClInclude Include="C:\KGFramework\KGFramework\KGFramework\KGPhysics\PhysX-4.1\physx\source\lowlevel\software\include\PxvNphaseImplementationContext.h">
      <Filter>Software Includes</Filter>
    </ClInclude>
  </ItemGroup>
  <ItemGroup>
    <CustomBuild Include="C:\KGFramework\KGFramework\KGFramework\KGPhysics\PhysX-4.1\physx\source\compiler\cmake\CMakeLists.txt" />
  </ItemGroup>
  <ItemGroup>
    <Filter Include="API Includes">
      <UniqueIdentifier>{7B5F8B69-A7A4-3DD4-A0CA-EC3A54621124}</UniqueIdentifier>
    </Filter>
    <Filter Include="API Source">
      <UniqueIdentifier>{232F6398-2FDD-3CDF-AB16-89D636A9C013}</UniqueIdentifier>
    </Filter>
    <Filter Include="Common Includes">
      <UniqueIdentifier>{96558160-F11F-36C4-826E-5AE9BF392DEF}</UniqueIdentifier>
    </Filter>
    <Filter Include="Common Includes\collision">
      <UniqueIdentifier>{72D007D4-540F-385C-95CE-6DE5541118E1}</UniqueIdentifier>
    </Filter>
    <Filter Include="Common Includes\pipeline">
      <UniqueIdentifier>{2A3622D6-D219-341B-A8F3-9194EA05794C}</UniqueIdentifier>
    </Filter>
    <Filter Include="Common Includes\utils">
      <UniqueIdentifier>{4FB57D7A-97E5-3EC2-9DDB-D272604A1EE0}</UniqueIdentifier>
    </Filter>
    <Filter Include="Common Source">
      <UniqueIdentifier>{0D761617-2295-3717-920E-3C725E90B334}</UniqueIdentifier>
    </Filter>
    <Filter Include="Common Source\pipeline">
      <UniqueIdentifier>{0A843D35-9752-33B9-AA63-2E5DE0C5F8D1}</UniqueIdentifier>
    </Filter>
    <Filter Include="Software Includes">
      <UniqueIdentifier>{914FD737-10C4-35DE-8087-F9069FC3C57F}</UniqueIdentifier>
    </Filter>
    <Filter Include="Software Source">
      <UniqueIdentifier>{B90616BF-C587-3506-9BCE-E3863CDE9D51}</UniqueIdentifier>
    </Filter>
  </ItemGroup>
</Project>
