<?xml version="1.0" encoding="utf-8"?>
<Project ToolsVersion="4.0" xmlns="http://schemas.microsoft.com/developer/msbuild/2003">
  <ItemGroup>
    <Filter Include="소스 파일">
      <UniqueIdentifier>{4FC737F1-C7A5-4376-A066-2A32D752A2FF}</UniqueIdentifier>
      <Extensions>cpp;c;cc;cxx;c++;cppm;ixx;def;odl;idl;hpj;bat;asm;asmx</Extensions>
    </Filter>
    <Filter Include="헤더 파일">
      <UniqueIdentifier>{93995380-89BD-4b04-88EB-625FBE52EBFB}</UniqueIdentifier>
      <Extensions>h;hh;hpp;hxx;h++;hm;inl;inc;ipp;xsd</Extensions>
    </Filter>
    <Filter Include="리소스 파일">
      <UniqueIdentifier>{67DA6AB6-F800-4c08-8B7A-83BB121AAD01}</UniqueIdentifier>
      <Extensions>rc;ico;cur;bmp;dlg;rc2;rct;bin;rgs;gif;jpg;jpeg;jpe;resx;tiff;tif;png;wav;mfcribbon-ms</Extensions>
    </Filter>
    <Filter Include="헤더 파일\Core">
      <UniqueIdentifier>{32513365-0f11-484c-9bce-fb18adb5fc27}</UniqueIdentifier>
    </Filter>
    <Filter Include="헤더 파일\Interface">
      <UniqueIdentifier>{7e0b5d98-b8dd-403a-8d68-f9aa12f70034}</UniqueIdentifier>
    </Filter>
    <Filter Include="헤더 파일\Component">
      <UniqueIdentifier>{b4ddd4d6-f45a-4b92-bb62-80209aac8868}</UniqueIdentifier>
    </Filter>
    <Filter Include="소스 파일\Core">
      <UniqueIdentifier>{d7ded9b8-3739-4904-bfda-c5c5ceb79566}</UniqueIdentifier>
    </Filter>
    <Filter Include="소스 파일\Component">
      <UniqueIdentifier>{51947ee5-ff5e-4121-b1b1-368b5bafbb8d}</UniqueIdentifier>
    </Filter>
    <Filter Include="헤더 파일\Utill">
      <UniqueIdentifier>{a28df158-f96c-4039-8ef2-cb95ddad8986}</UniqueIdentifier>
    </Filter>
  </ItemGroup>
  <ItemGroup>
    <ClInclude Include="include\framework.h">
      <Filter>헤더 파일</Filter>
    </ClInclude>
    <ClInclude Include="include\pch.h">
      <Filter>헤더 파일</Filter>
    </ClInclude>
    <ClInclude Include="include\KGServer.h">
      <Filter>헤더 파일\Core</Filter>
    </ClInclude>
    <ClInclude Include="export\IKGServer.h">
      <Filter>헤더 파일\Interface</Filter>
    </ClInclude>
    <ClInclude Include="include\Session.h">
      <Filter>헤더 파일\Core</Filter>
    </ClInclude>
    <ClInclude Include="include\ServerUtill.h">
      <Filter>헤더 파일\Utill</Filter>
    </ClInclude>
    <ClInclude Include="export\ServerBaseComponent.h">
      <Filter>헤더 파일\Component</Filter>
    </ClInclude>
    <ClInclude Include="export\ServerGameManagerComponent.h">
      <Filter>헤더 파일\Component</Filter>
    </ClInclude>
    <ClInclude Include="export\ServerPlayerControllerComponent.h">
      <Filter>헤더 파일\Component</Filter>
    </ClInclude>
    <ClInclude Include="export\ServerEnemyControllerComponent.h">
      <Filter>헤더 파일\Component</Filter>
    </ClInclude>
    <ClInclude Include="include\ServerSystems.h">
      <Filter>헤더 파일</Filter>
    </ClInclude>
    <ClInclude Include="export\EnemyGeneratorComponent.h">
      <Filter>헤더 파일\Component</Filter>
    </ClInclude>
  </ItemGroup>
  <ItemGroup>
    <ClCompile Include="src\dllmain.cpp">
      <Filter>소스 파일</Filter>
    </ClCompile>
    <ClCompile Include="src\pch.cpp">
      <Filter>소스 파일</Filter>
    </ClCompile>
    <ClCompile Include="src\KGServer.cpp">
      <Filter>소스 파일\Core</Filter>
    </ClCompile>
    <ClCompile Include="src\ServerUtill.cpp">
      <Filter>소스 파일</Filter>
    </ClCompile>
    <ClCompile Include="src\ServerEnemyControllerComponent.cpp">
      <Filter>소스 파일\Component</Filter>
    </ClCompile>
    <ClCompile Include="src\ServerBaseComponent.cpp">
      <Filter>소스 파일\Component</Filter>
    </ClCompile>
    <ClCompile Include="src\ServerGameManagerComponent.cpp">
      <Filter>소스 파일\Component</Filter>
    </ClCompile>
    <ClCompile Include="src\ServerPlayerControllerComponent.cpp">
      <Filter>소스 파일\Component</Filter>
    </ClCompile>
    <ClCompile Include="src\ServerSystems.cpp">
      <Filter>소스 파일</Filter>
    </ClCompile>
    <ClCompile Include="src\EnemyGeneratorComponent.cpp">
      <Filter>소스 파일\Component</Filter>
    </ClCompile>
  </ItemGroup>
</Project>