<?xml version="1.0" encoding="utf-8"?>
<Project ToolsVersion="4.0" xmlns="http://schemas.microsoft.com/developer/msbuild/2003">
  <ItemGroup>
    <Filter Include="소스 파일">
      <UniqueIdentifier>{4FC737F1-C7A5-4376-A066-2A32D752A2FF}</UniqueIdentifier>
      <Extensions>cpp;c;cc;cxx;c++;cppm;ixx;def;odl;idl;hpj;bat;asm;asmx</Extensions>
    </Filter>
    <Filter Include="헤더 파일">
      <UniqueIdentifier>{93995380-89BD-4b04-88EB-625FBE52EBFB}</UniqueIdentifier>
      <Extensions>h;hh;hpp;hxx;h++;hm;inl;inc;ipp;xsd</Extensions>
    </Filter>
    <Filter Include="리소스 파일">
      <UniqueIdentifier>{67DA6AB6-F800-4c08-8B7A-83BB121AAD01}</UniqueIdentifier>
      <Extensions>rc;ico;cur;bmp;dlg;rc2;rct;bin;rgs;gif;jpg;jpeg;jpe;resx;tiff;tif;png;wav;mfcribbon-ms</Extensions>
    </Filter>
    <Filter Include="헤더 파일\Interface">
      <UniqueIdentifier>{1c151843-4f00-467c-bba6-2c6b95296053}</UniqueIdentifier>
    </Filter>
    <Filter Include="헤더 파일\Core">
      <UniqueIdentifier>{9a430839-a3ad-409d-8186-67f10f1862ab}</UniqueIdentifier>
    </Filter>
    <Filter Include="헤더 파일\Utill">
      <UniqueIdentifier>{aa3350f9-85bc-46d0-a2f7-9ae0004041e6}</UniqueIdentifier>
    </Filter>
    <Filter Include="헤더 파일\Component">
      <UniqueIdentifier>{1a2aab36-951a-4e33-84fb-38a15d676a37}</UniqueIdentifier>
    </Filter>
    <Filter Include="소스 파일\Component">
      <UniqueIdentifier>{05c2fc19-7e8e-410b-bf63-a2b730a28c13}</UniqueIdentifier>
    </Filter>
  </ItemGroup>
  <ItemGroup>
    <ClCompile Include="src\pch.cpp">
      <Filter>소스 파일</Filter>
    </ClCompile>
    <ClCompile Include="src\dllmain.cpp">
      <Filter>소스 파일</Filter>
    </ClCompile>
    <ClCompile Include="src\Network.cpp">
      <Filter>소스 파일</Filter>
    </ClCompile>
    <ClCompile Include="src\NetworkUtill.cpp">
      <Filter>소스 파일</Filter>
    </ClCompile>
    <ClCompile Include="src\ClientBaseComponent.cpp">
      <Filter>소스 파일\Component</Filter>
    </ClCompile>
    <ClCompile Include="src\ClientCharacterComponent.cpp">
      <Filter>소스 파일\Component</Filter>
    </ClCompile>
    <ClCompile Include="src\ClientEnemyControllerComponent.cpp">
      <Filter>소스 파일\Component</Filter>
    </ClCompile>
    <ClCompile Include="src\ClientGameManagerComponent.cpp">
      <Filter>소스 파일\Component</Filter>
    </ClCompile>
    <ClCompile Include="src\ClientPlayerControllerComponent.cpp">
      <Filter>소스 파일\Component</Filter>
    </ClCompile>
    <ClCompile Include="src\ClientSystems.cpp">
      <Filter>소스 파일</Filter>
    </ClCompile>
    <ClCompile Include="src\ClientProjectileComponent.cpp">
      <Filter>소스 파일\Component</Filter>
    </ClCompile>
  </ItemGroup>
  <ItemGroup>
    <ClInclude Include="include\framework.h">
      <Filter>헤더 파일</Filter>
    </ClInclude>
    <ClInclude Include="include\pch.h">
      <Filter>헤더 파일</Filter>
    </ClInclude>
    <ClInclude Include="export\IKGNetwork.h">
      <Filter>헤더 파일\Interface</Filter>
    </ClInclude>
    <ClInclude Include="include\Network.h">
      <Filter>헤더 파일\Core</Filter>
    </ClInclude>
    <ClInclude Include="include\NetworkUtill.h">
      <Filter>헤더 파일\Utill</Filter>
    </ClInclude>
    <ClInclude Include="export\ClientBaseComponent.h">
      <Filter>헤더 파일\Component</Filter>
    </ClInclude>
    <ClInclude Include="export\ClientGameManagerComponent.h">
      <Filter>헤더 파일\Component</Filter>
    </ClInclude>
    <ClInclude Include="export\ClientPlayerControllerComponent.h">
      <Filter>헤더 파일\Component</Filter>
    </ClInclude>
    <ClInclude Include="export\ClientCharacterComponent.h">
      <Filter>헤더 파일\Component</Filter>
    </ClInclude>
    <ClInclude Include="export\ClientEnemyControllerComponent.h">
      <Filter>헤더 파일\Component</Filter>
    </ClInclude>
    <ClInclude Include="include\ClientSystems.h">
      <Filter>헤더 파일</Filter>
    </ClInclude>
    <ClInclude Include="export\ClientProjectileComponent.h">
      <Filter>헤더 파일\Component</Filter>
    </ClInclude>
  </ItemGroup>
</Project>