
Microsoft Visual Studio Solution File, Format Version 11.00
# Visual Studio Version 16
Project("{8BC9CEB8-8B4A-11D0-8D11-00A0C91BC942}") = "3d", "3d.vcxproj", "{D5B63886-8F61-4064-9800-2587B04C660B}"
EndProject
Project("{8BC9CEB8-8B4A-11D0-8D11-00A0C91BC942}") = "asyncio", "asyncio.vcxproj", "{114DCFF0-13B7-4A96-B137-E1B7CDA33401}"
EndProject
Project("{8BC9CEB8-8B4A-11D0-8D11-00A0C91BC942}") = "channel_groups", "channel_groups.vcxproj", "{86156DB2-7063-4A64-99CB-10519DF1365F}"
EndProject
Project("{8BC9CEB8-8B4A-11D0-8D11-00A0C91BC942}") = "convolution_reverb", "convolution_reverb.vcxproj", "{2135A366-30FA-413C-A8C1-7EF58FC7F703}"
EndProject
Project("{8BC9CEB8-8B4A-11D0-8D11-00A0C91BC942}") = "dsp_custom", "dsp_custom.vcxproj", "{256CD669-18DF-4542-A72B-DE717DE3F6A5}"
EndProject
Project("{8BC9CEB8-8B4A-11D0-8D11-00A0C91BC942}") = "dsp_effect_per_speaker", "dsp_effect_per_speaker.vcxproj", "{F7E4EC54-92B6-4B98-82EF-51BD1A27BC90}"
EndProject
Project("{8BC9CEB8-8B4A-11D0-8D11-00A0C91BC942}") = "dsp_inspector", "dsp_inspector.vcxproj", "{EC802933-9502-4469-BD87-143074B56F63}"
EndProject
Project("{8BC9CEB8-8B4A-11D0-8D11-00A0C91BC942}") = "effects", "effects.vcxproj", "{2BFDDC59-CD2B-4F85-B1B0-06BAC8AF8906}"
EndProject
Project("{8BC9CEB8-8B4A-11D0-8D11-00A0C91BC942}") = "gapless_playback", "gapless_playback.vcxproj", "{5D6FE233-A6A7-44C2-9911-F7003F760246}"
EndProject
Project("{8BC9CEB8-8B4A-11D0-8D11-00A0C91BC942}") = "generate_tone", "generate_tone.vcxproj", "{C96FE3D3-44CF-44CA-8512-87A640F9F332}"
EndProject
Project("{8BC9CEB8-8B4A-11D0-8D11-00A0C91BC942}") = "granular_synth", "granular_synth.vcxproj", "{C8AFC066-599E-4849-B639-E834B47F7C07}"
EndProject
Project("{8BC9CEB8-8B4A-11D0-8D11-00A0C91BC942}") = "load_from_memory", "load_from_memory.vcxproj", "{B3AC230B-29C3-469F-8DF2-BCDE9E02244C}"
EndProject
Project("{8BC9CEB8-8B4A-11D0-8D11-00A0C91BC942}") = "multiple_speaker", "multiple_speaker.vcxproj", "{7B8DC300-3652-4929-A0E9-02789F1A0739}"
EndProject
Project("{8BC9CEB8-8B4A-11D0-8D11-00A0C91BC942}") = "multiple_system", "multiple_system.vcxproj", "{BCFC3E3C-5860-423E-81DF-CB4D950DAF7C}"
EndProject
Project("{8BC9CEB8-8B4A-11D0-8D11-00A0C91BC942}") = "net_stream", "net_stream.vcxproj", "{75E86D88-61DF-4A4F-ABB1-F6D3280F4882}"
EndProject
Project("{8BC9CEB8-8B4A-11D0-8D11-00A0C91BC942}") = "play_sound", "play_sound.vcxproj", "{74775C65-5712-4324-84EB-E39A0BF13CD7}"
EndProject
Project("{8BC9CEB8-8B4A-11D0-8D11-00A0C91BC942}") = "play_stream", "play_stream.vcxproj", "{E2900162-D819-4CCD-A060-73F42EDCD889}"
EndProject
Project("{8BC9CEB8-8B4A-11D0-8D11-00A0C91BC942}") = "record", "record.vcxproj", "{4F0F395D-BF6C-4667-AA03-B323BD312489}"
EndProject
Project("{8BC9CEB8-8B4A-11D0-8D11-00A0C91BC942}") = "record_enumeration", "record_enumeration.vcxproj", "{B2988262-A1B4-4492-B837-F814889213A8}"
EndProject
Project("{8BC9CEB8-8B4A-11D0-8D11-00A0C91BC942}") = "user_created_sound", "user_created_sound.vcxproj", "{D0CC242D-2EE7-4B47-B9A9-D402CECB1607}"
EndProject
Project("{8BC9CEB8-8B4A-11D0-8D11-00A0C91BC942}") = "fmod_codec_raw", "fmod_codec_raw.vcxproj", "{F8704B82-3BF2-4750-BB59-F065D837FC0B}"
EndProject
Project("{8BC9CEB8-8B4A-11D0-8D11-00A0C91BC942}") = "fmod_distance_filter", "fmod_distance_filter.vcxproj", "{95FF3B1E-4DC5-4279-B825-36F85C33EB1D}"
EndProject
Project("{8BC9CEB8-8B4A-11D0-8D11-00A0C91BC942}") = "fmod_gain", "fmod_gain.vcxproj", "{B4C2ABA7-7594-4CAD-A05C-6F024EFB4168}"
EndProject
Project("{8BC9CEB8-8B4A-11D0-8D11-00A0C91BC942}") = "fmod_noise", "fmod_noise.vcxproj", "{CBFE266F-3E99-4A78-9665-539BA1C7E068}"
EndProject
Project("{8BC9CEB8-8B4A-11D0-8D11-00A0C91BC942}") = "output_mp3", "output_mp3.vcxproj", "{C06F70C1-1B90-4801-BEA5-EE6CE6CAA8D4}"
EndProject
Global
	GlobalSection(SolutionConfigurationPlatforms) = preSolution
		Debug|Win32 = Debug|Win32
		Debug|x64 = Debug|x64
		Release|Win32 = Release|Win32
		Release|x64 = Release|x64
	EndGlobalSection
	GlobalSection(ProjectConfigurationPlatforms) = postSolution
		{D5B63886-8F61-4064-9800-2587B04C660B}.Debug|Win32.ActiveCfg = Debug|Win32
		{D5B63886-8F61-4064-9800-2587B04C660B}.Debug|Win32.Build.0 = Debug|Win32
		{D5B63886-8F61-4064-9800-2587B04C660B}.Debug|Win32.Deploy.0 = Debug|Win32
		{D5B63886-8F61-4064-9800-2587B04C660B}.Debug|x64.ActiveCfg = Debug|x64
		{D5B63886-8F61-4064-9800-2587B04C660B}.Debug|x64.Build.0 = Debug|x64
		{D5B63886-8F61-4064-9800-2587B04C660B}.Debug|x64.Deploy.0 = Debug|x64
		{D5B63886-8F61-4064-9800-2587B04C660B}.Release|Win32.ActiveCfg = Release|Win32
		{D5B63886-8F61-4064-9800-2587B04C660B}.Release|Win32.Build.0 = Release|Win32
		{D5B63886-8F61-4064-9800-2587B04C660B}.Release|Win32.Deploy.0 = Release|Win32
		{D5B63886-8F61-4064-9800-2587B04C660B}.Release|x64.ActiveCfg = Release|x64
		{D5B63886-8F61-4064-9800-2587B04C660B}.Release|x64.Build.0 = Release|x64
		{D5B63886-8F61-4064-9800-2587B04C660B}.Release|x64.Deploy.0 = Release|x64
		{114DCFF0-13B7-4A96-B137-E1B7CDA33401}.Debug|Win32.ActiveCfg = Debug|Win32
		{114DCFF0-13B7-4A96-B137-E1B7CDA33401}.Debug|Win32.Build.0 = Debug|Win32
		{114DCFF0-13B7-4A96-B137-E1B7CDA33401}.Debug|Win32.Deploy.0 = Debug|Win32
		{114DCFF0-13B7-4A96-B137-E1B7CDA33401}.Debug|x64.ActiveCfg = Debug|x64
		{114DCFF0-13B7-4A96-B137-E1B7CDA33401}.Debug|x64.Build.0 = Debug|x64
		{114DCFF0-13B7-4A96-B137-E1B7CDA33401}.Debug|x64.Deploy.0 = Debug|x64
		{114DCFF0-13B7-4A96-B137-E1B7CDA33401}.Release|Win32.ActiveCfg = Release|Win32
		{114DCFF0-13B7-4A96-B137-E1B7CDA33401}.Release|Win32.Build.0 = Release|Win32
		{114DCFF0-13B7-4A96-B137-E1B7CDA33401}.Release|Win32.Deploy.0 = Release|Win32
		{114DCFF0-13B7-4A96-B137-E1B7CDA33401}.Release|x64.ActiveCfg = Release|x64
		{114DCFF0-13B7-4A96-B137-E1B7CDA33401}.Release|x64.Build.0 = Release|x64
		{114DCFF0-13B7-4A96-B137-E1B7CDA33401}.Release|x64.Deploy.0 = Release|x64
		{86156DB2-7063-4A64-99CB-10519DF1365F}.Debug|Win32.ActiveCfg = Debug|Win32
		{86156DB2-7063-4A64-99CB-10519DF1365F}.Debug|Win32.Build.0 = Debug|Win32
		{86156DB2-7063-4A64-99CB-10519DF1365F}.Debug|Win32.Deploy.0 = Debug|Win32
		{86156DB2-7063-4A64-99CB-10519DF1365F}.Debug|x64.ActiveCfg = Debug|x64
		{86156DB2-7063-4A64-99CB-10519DF1365F}.Debug|x64.Build.0 = Debug|x64
		{86156DB2-7063-4A64-99CB-10519DF1365F}.Debug|x64.Deploy.0 = Debug|x64
		{86156DB2-7063-4A64-99CB-10519DF1365F}.Release|Win32.ActiveCfg = Release|Win32
		{86156DB2-7063-4A64-99CB-10519DF1365F}.Release|Win32.Build.0 = Release|Win32
		{86156DB2-7063-4A64-99CB-10519DF1365F}.Release|Win32.Deploy.0 = Release|Win32
		{86156DB2-7063-4A64-99CB-10519DF1365F}.Release|x64.ActiveCfg = Release|x64
		{86156DB2-7063-4A64-99CB-10519DF1365F}.Release|x64.Build.0 = Release|x64
		{86156DB2-7063-4A64-99CB-10519DF1365F}.Release|x64.Deploy.0 = Release|x64
		{2135A366-30FA-413C-A8C1-7EF58FC7F703}.Debug|Win32.ActiveCfg = Debug|Win32
		{2135A366-30FA-413C-A8C1-7EF58FC7F703}.Debug|Win32.Build.0 = Debug|Win32
		{2135A366-30FA-413C-A8C1-7EF58FC7F703}.Debug|Win32.Deploy.0 = Debug|Win32
		{2135A366-30FA-413C-A8C1-7EF58FC7F703}.Debug|x64.ActiveCfg = Debug|x64
		{2135A366-30FA-413C-A8C1-7EF58FC7F703}.Debug|x64.Build.0 = Debug|x64
		{2135A366-30FA-413C-A8C1-7EF58FC7F703}.Debug|x64.Deploy.0 = Debug|x64
		{2135A366-30FA-413C-A8C1-7EF58FC7F703}.Release|Win32.ActiveCfg = Release|Win32
		{2135A366-30FA-413C-A8C1-7EF58FC7F703}.Release|Win32.Build.0 = Release|Win32
		{2135A366-30FA-413C-A8C1-7EF58FC7F703}.Release|Win32.Deploy.0 = Release|Win32
		{2135A366-30FA-413C-A8C1-7EF58FC7F703}.Release|x64.ActiveCfg = Release|x64
		{2135A366-30FA-413C-A8C1-7EF58FC7F703}.Release|x64.Build.0 = Release|x64
		{2135A366-30FA-413C-A8C1-7EF58FC7F703}.Release|x64.Deploy.0 = Release|x64
		{256CD669-18DF-4542-A72B-DE717DE3F6A5}.Debug|Win32.ActiveCfg = Debug|Win32
		{256CD669-18DF-4542-A72B-DE717DE3F6A5}.Debug|Win32.Build.0 = Debug|Win32
		{256CD669-18DF-4542-A72B-DE717DE3F6A5}.Debug|Win32.Deploy.0 = Debug|Win32
		{256CD669-18DF-4542-A72B-DE717DE3F6A5}.Debug|x64.ActiveCfg = Debug|x64
		{256CD669-18DF-4542-A72B-DE717DE3F6A5}.Debug|x64.Build.0 = Debug|x64
		{256CD669-18DF-4542-A72B-DE717DE3F6A5}.Debug|x64.Deploy.0 = Debug|x64
		{256CD669-18DF-4542-A72B-DE717DE3F6A5}.Release|Win32.ActiveCfg = Release|Win32
		{256CD669-18DF-4542-A72B-DE717DE3F6A5}.Release|Win32.Build.0 = Release|Win32
		{256CD669-18DF-4542-A72B-DE717DE3F6A5}.Release|Win32.Deploy.0 = Release|Win32
		{256CD669-18DF-4542-A72B-DE717DE3F6A5}.Release|x64.ActiveCfg = Release|x64
		{256CD669-18DF-4542-A72B-DE717DE3F6A5}.Release|x64.Build.0 = Release|x64
		{256CD669-18DF-4542-A72B-DE717DE3F6A5}.Release|x64.Deploy.0 = Release|x64
		{F7E4EC54-92B6-4B98-82EF-51BD1A27BC90}.Debug|Win32.ActiveCfg = Debug|Win32
		{F7E4EC54-92B6-4B98-82EF-51BD1A27BC90}.Debug|Win32.Build.0 = Debug|Win32
		{F7E4EC54-92B6-4B98-82EF-51BD1A27BC90}.Debug|Win32.Deploy.0 = Debug|Win32
		{F7E4EC54-92B6-4B98-82EF-51BD1A27BC90}.Debug|x64.ActiveCfg = Debug|x64
		{F7E4EC54-92B6-4B98-82EF-51BD1A27BC90}.Debug|x64.Build.0 = Debug|x64
		{F7E4EC54-92B6-4B98-82EF-51BD1A27BC90}.Debug|x64.Deploy.0 = Debug|x64
		{F7E4EC54-92B6-4B98-82EF-51BD1A27BC90}.Release|Win32.ActiveCfg = Release|Win32
		{F7E4EC54-92B6-4B98-82EF-51BD1A27BC90}.Release|Win32.Build.0 = Release|Win32
		{F7E4EC54-92B6-4B98-82EF-51BD1A27BC90}.Release|Win32.Deploy.0 = Release|Win32
		{F7E4EC54-92B6-4B98-82EF-51BD1A27BC90}.Release|x64.ActiveCfg = Release|x64
		{F7E4EC54-92B6-4B98-82EF-51BD1A27BC90}.Release|x64.Build.0 = Release|x64
		{F7E4EC54-92B6-4B98-82EF-51BD1A27BC90}.Release|x64.Deploy.0 = Release|x64
		{EC802933-9502-4469-BD87-143074B56F63}.Debug|Win32.ActiveCfg = Debug|Win32
		{EC802933-9502-4469-BD87-143074B56F63}.Debug|Win32.Build.0 = Debug|Win32
		{EC802933-9502-4469-BD87-143074B56F63}.Debug|Win32.Deploy.0 = Debug|Win32
		{EC802933-9502-4469-BD87-143074B56F63}.Debug|x64.ActiveCfg = Debug|x64
		{EC802933-9502-4469-BD87-143074B56F63}.Debug|x64.Build.0 = Debug|x64
		{EC802933-9502-4469-BD87-143074B56F63}.Debug|x64.Deploy.0 = Debug|x64
		{EC802933-9502-4469-BD87-143074B56F63}.Release|Win32.ActiveCfg = Release|Win32
		{EC802933-9502-4469-BD87-143074B56F63}.Release|Win32.Build.0 = Release|Win32
		{EC802933-9502-4469-BD87-143074B56F63}.Release|Win32.Deploy.0 = Release|Win32
		{EC802933-9502-4469-BD87-143074B56F63}.Release|x64.ActiveCfg = Release|x64
		{EC802933-9502-4469-BD87-143074B56F63}.Release|x64.Build.0 = Release|x64
		{EC802933-9502-4469-BD87-143074B56F63}.Release|x64.Deploy.0 = Release|x64
		{2BFDDC59-CD2B-4F85-B1B0-06BAC8AF8906}.Debug|Win32.ActiveCfg = Debug|Win32
		{2BFDDC59-CD2B-4F85-B1B0-06BAC8AF8906}.Debug|Win32.Build.0 = Debug|Win32
		{2BFDDC59-CD2B-4F85-B1B0-06BAC8AF8906}.Debug|Win32.Deploy.0 = Debug|Win32
		{2BFDDC59-CD2B-4F85-B1B0-06BAC8AF8906}.Debug|x64.ActiveCfg = Debug|x64
		{2BFDDC59-CD2B-4F85-B1B0-06BAC8AF8906}.Debug|x64.Build.0 = Debug|x64
		{2BFDDC59-CD2B-4F85-B1B0-06BAC8AF8906}.Debug|x64.Deploy.0 = Debug|x64
		{2BFDDC59-CD2B-4F85-B1B0-06BAC8AF8906}.Release|Win32.ActiveCfg = Release|Win32
		{2BFDDC59-CD2B-4F85-B1B0-06BAC8AF8906}.Release|Win32.Build.0 = Release|Win32
		{2BFDDC59-CD2B-4F85-B1B0-06BAC8AF8906}.Release|Win32.Deploy.0 = Release|Win32
		{2BFDDC59-CD2B-4F85-B1B0-06BAC8AF8906}.Release|x64.ActiveCfg = Release|x64
		{2BFDDC59-CD2B-4F85-B1B0-06BAC8AF8906}.Release|x64.Build.0 = Release|x64
		{2BFDDC59-CD2B-4F85-B1B0-06BAC8AF8906}.Release|x64.Deploy.0 = Release|x64
		{5D6FE233-A6A7-44C2-9911-F7003F760246}.Debug|Win32.ActiveCfg = Debug|Win32
		{5D6FE233-A6A7-44C2-9911-F7003F760246}.Debug|Win32.Build.0 = Debug|Win32
		{5D6FE233-A6A7-44C2-9911-F7003F760246}.Debug|Win32.Deploy.0 = Debug|Win32
		{5D6FE233-A6A7-44C2-9911-F7003F760246}.Debug|x64.ActiveCfg = Debug|x64
		{5D6FE233-A6A7-44C2-9911-F7003F760246}.Debug|x64.Build.0 = Debug|x64
		{5D6FE233-A6A7-44C2-9911-F7003F760246}.Debug|x64.Deploy.0 = Debug|x64
		{5D6FE233-A6A7-44C2-9911-F7003F760246}.Release|Win32.ActiveCfg = Release|Win32
		{5D6FE233-A6A7-44C2-9911-F7003F760246}.Release|Win32.Build.0 = Release|Win32
		{5D6FE233-A6A7-44C2-9911-F7003F760246}.Release|Win32.Deploy.0 = Release|Win32
		{5D6FE233-A6A7-44C2-9911-F7003F760246}.Release|x64.ActiveCfg = Release|x64
		{5D6FE233-A6A7-44C2-9911-F7003F760246}.Release|x64.Build.0 = Release|x64
		{5D6FE233-A6A7-44C2-9911-F7003F760246}.Release|x64.Deploy.0 = Release|x64
		{C96FE3D3-44CF-44CA-8512-87A640F9F332}.Debug|Win32.ActiveCfg = Debug|Win32
		{C96FE3D3-44CF-44CA-8512-87A640F9F332}.Debug|Win32.Build.0 = Debug|Win32
		{C96FE3D3-44CF-44CA-8512-87A640F9F332}.Debug|Win32.Deploy.0 = Debug|Win32
		{C96FE3D3-44CF-44CA-8512-87A640F9F332}.Debug|x64.ActiveCfg = Debug|x64
		{C96FE3D3-44CF-44CA-8512-87A640F9F332}.Debug|x64.Build.0 = Debug|x64
		{C96FE3D3-44CF-44CA-8512-87A640F9F332}.Debug|x64.Deploy.0 = Debug|x64
		{C96FE3D3-44CF-44CA-8512-87A640F9F332}.Release|Win32.ActiveCfg = Release|Win32
		{C96FE3D3-44CF-44CA-8512-87A640F9F332}.Release|Win32.Build.0 = Release|Win32
		{C96FE3D3-44CF-44CA-8512-87A640F9F332}.Release|Win32.Deploy.0 = Release|Win32
		{C96FE3D3-44CF-44CA-8512-87A640F9F332}.Release|x64.ActiveCfg = Release|x64
		{C96FE3D3-44CF-44CA-8512-87A640F9F332}.Release|x64.Build.0 = Release|x64
		{C96FE3D3-44CF-44CA-8512-87A640F9F332}.Release|x64.Deploy.0 = Release|x64
		{C8AFC066-599E-4849-B639-E834B47F7C07}.Debug|Win32.ActiveCfg = Debug|Win32
		{C8AFC066-599E-4849-B639-E834B47F7C07}.Debug|Win32.Build.0 = Debug|Win32
		{C8AFC066-599E-4849-B639-E834B47F7C07}.Debug|Win32.Deploy.0 = Debug|Win32
		{C8AFC066-599E-4849-B639-E834B47F7C07}.Debug|x64.ActiveCfg = Debug|x64
		{C8AFC066-599E-4849-B639-E834B47F7C07}.Debug|x64.Build.0 = Debug|x64
		{C8AFC066-599E-4849-B639-E834B47F7C07}.Debug|x64.Deploy.0 = Debug|x64
		{C8AFC066-599E-4849-B639-E834B47F7C07}.Release|Win32.ActiveCfg = Release|Win32
		{C8AFC066-599E-4849-B639-E834B47F7C07}.Release|Win32.Build.0 = Release|Win32
		{C8AFC066-599E-4849-B639-E834B47F7C07}.Release|Win32.Deploy.0 = Release|Win32
		{C8AFC066-599E-4849-B639-E834B47F7C07}.Release|x64.ActiveCfg = Release|x64
		{C8AFC066-599E-4849-B639-E834B47F7C07}.Release|x64.Build.0 = Release|x64
		{C8AFC066-599E-4849-B639-E834B47F7C07}.Release|x64.Deploy.0 = Release|x64
		{B3AC230B-29C3-469F-8DF2-BCDE9E02244C}.Debug|Win32.ActiveCfg = Debug|Win32
		{B3AC230B-29C3-469F-8DF2-BCDE9E02244C}.Debug|Win32.Build.0 = Debug|Win32
		{B3AC230B-29C3-469F-8DF2-BCDE9E02244C}.Debug|Win32.Deploy.0 = Debug|Win32
		{B3AC230B-29C3-469F-8DF2-BCDE9E02244C}.Debug|x64.ActiveCfg = Debug|x64
		{B3AC230B-29C3-469F-8DF2-BCDE9E02244C}.Debug|x64.Build.0 = Debug|x64
		{B3AC230B-29C3-469F-8DF2-BCDE9E02244C}.Debug|x64.Deploy.0 = Debug|x64
		{B3AC230B-29C3-469F-8DF2-BCDE9E02244C}.Release|Win32.ActiveCfg = Release|Win32
		{B3AC230B-29C3-469F-8DF2-BCDE9E02244C}.Release|Win32.Build.0 = Release|Win32
		{B3AC230B-29C3-469F-8DF2-BCDE9E02244C}.Release|Win32.Deploy.0 = Release|Win32
		{B3AC230B-29C3-469F-8DF2-BCDE9E02244C}.Release|x64.ActiveCfg = Release|x64
		{B3AC230B-29C3-469F-8DF2-BCDE9E02244C}.Release|x64.Build.0 = Release|x64
		{B3AC230B-29C3-469F-8DF2-BCDE9E02244C}.Release|x64.Deploy.0 = Release|x64
		{7B8DC300-3652-4929-A0E9-02789F1A0739}.Debug|Win32.ActiveCfg = Debug|Win32
		{7B8DC300-3652-4929-A0E9-02789F1A0739}.Debug|Win32.Build.0 = Debug|Win32
		{7B8DC300-3652-4929-A0E9-02789F1A0739}.Debug|Win32.Deploy.0 = Debug|Win32
		{7B8DC300-3652-4929-A0E9-02789F1A0739}.Debug|x64.ActiveCfg = Debug|x64
		{7B8DC300-3652-4929-A0E9-02789F1A0739}.Debug|x64.Build.0 = Debug|x64
		{7B8DC300-3652-4929-A0E9-02789F1A0739}.Debug|x64.Deploy.0 = Debug|x64
		{7B8DC300-3652-4929-A0E9-02789F1A0739}.Release|Win32.ActiveCfg = Release|Win32
		{7B8DC300-3652-4929-A0E9-02789F1A0739}.Release|Win32.Build.0 = Release|Win32
		{7B8DC300-3652-4929-A0E9-02789F1A0739}.Release|Win32.Deploy.0 = Release|Win32
		{7B8DC300-3652-4929-A0E9-02789F1A0739}.Release|x64.ActiveCfg = Release|x64
		{7B8DC300-3652-4929-A0E9-02789F1A0739}.Release|x64.Build.0 = Release|x64
		{7B8DC300-3652-4929-A0E9-02789F1A0739}.Release|x64.Deploy.0 = Release|x64
		{BCFC3E3C-5860-423E-81DF-CB4D950DAF7C}.Debug|Win32.ActiveCfg = Debug|Win32
		{BCFC3E3C-5860-423E-81DF-CB4D950DAF7C}.Debug|Win32.Build.0 = Debug|Win32
		{BCFC3E3C-5860-423E-81DF-CB4D950DAF7C}.Debug|Win32.Deploy.0 = Debug|Win32
		{BCFC3E3C-5860-423E-81DF-CB4D950DAF7C}.Debug|x64.ActiveCfg = Debug|x64
		{BCFC3E3C-5860-423E-81DF-CB4D950DAF7C}.Debug|x64.Build.0 = Debug|x64
		{BCFC3E3C-5860-423E-81DF-CB4D950DAF7C}.Debug|x64.Deploy.0 = Debug|x64
		{BCFC3E3C-5860-423E-81DF-CB4D950DAF7C}.Release|Win32.ActiveCfg = Release|Win32
		{BCFC3E3C-5860-423E-81DF-CB4D950DAF7C}.Release|Win32.Build.0 = Release|Win32
		{BCFC3E3C-5860-423E-81DF-CB4D950DAF7C}.Release|Win32.Deploy.0 = Release|Win32
		{BCFC3E3C-5860-423E-81DF-CB4D950DAF7C}.Release|x64.ActiveCfg = Release|x64
		{BCFC3E3C-5860-423E-81DF-CB4D950DAF7C}.Release|x64.Build.0 = Release|x64
		{BCFC3E3C-5860-423E-81DF-CB4D950DAF7C}.Release|x64.Deploy.0 = Release|x64
		{75E86D88-61DF-4A4F-ABB1-F6D3280F4882}.Debug|Win32.ActiveCfg = Debug|Win32
		{75E86D88-61DF-4A4F-ABB1-F6D3280F4882}.Debug|Win32.Build.0 = Debug|Win32
		{75E86D88-61DF-4A4F-ABB1-F6D3280F4882}.Debug|Win32.Deploy.0 = Debug|Win32
		{75E86D88-61DF-4A4F-ABB1-F6D3280F4882}.Debug|x64.ActiveCfg = Debug|x64
		{75E86D88-61DF-4A4F-ABB1-F6D3280F4882}.Debug|x64.Build.0 = Debug|x64
		{75E86D88-61DF-4A4F-ABB1-F6D3280F4882}.Debug|x64.Deploy.0 = Debug|x64
		{75E86D88-61DF-4A4F-ABB1-F6D3280F4882}.Release|Win32.ActiveCfg = Release|Win32
		{75E86D88-61DF-4A4F-ABB1-F6D3280F4882}.Release|Win32.Build.0 = Release|Win32
		{75E86D88-61DF-4A4F-ABB1-F6D3280F4882}.Release|Win32.Deploy.0 = Release|Win32
		{75E86D88-61DF-4A4F-ABB1-F6D3280F4882}.Release|x64.ActiveCfg = Release|x64
		{75E86D88-61DF-4A4F-ABB1-F6D3280F4882}.Release|x64.Build.0 = Release|x64
		{75E86D88-61DF-4A4F-ABB1-F6D3280F4882}.Release|x64.Deploy.0 = Release|x64
		{74775C65-5712-4324-84EB-E39A0BF13CD7}.Debug|Win32.ActiveCfg = Debug|Win32
		{74775C65-5712-4324-84EB-E39A0BF13CD7}.Debug|Win32.Build.0 = Debug|Win32
		{74775C65-5712-4324-84EB-E39A0BF13CD7}.Debug|Win32.Deploy.0 = Debug|Win32
		{74775C65-5712-4324-84EB-E39A0BF13CD7}.Debug|x64.ActiveCfg = Debug|x64
		{74775C65-5712-4324-84EB-E39A0BF13CD7}.Debug|x64.Build.0 = Debug|x64
		{74775C65-5712-4324-84EB-E39A0BF13CD7}.Debug|x64.Deploy.0 = Debug|x64
		{74775C65-5712-4324-84EB-E39A0BF13CD7}.Release|Win32.ActiveCfg = Release|Win32
		{74775C65-5712-4324-84EB-E39A0BF13CD7}.Release|Win32.Build.0 = Release|Win32
		{74775C65-5712-4324-84EB-E39A0BF13CD7}.Release|Win32.Deploy.0 = Release|Win32
		{74775C65-5712-4324-84EB-E39A0BF13CD7}.Release|x64.ActiveCfg = Release|x64
		{74775C65-5712-4324-84EB-E39A0BF13CD7}.Release|x64.Build.0 = Release|x64
		{74775C65-5712-4324-84EB-E39A0BF13CD7}.Release|x64.Deploy.0 = Release|x64
		{E2900162-D819-4CCD-A060-73F42EDCD889}.Debug|Win32.ActiveCfg = Debug|Win32
		{E2900162-D819-4CCD-A060-73F42EDCD889}.Debug|Win32.Build.0 = Debug|Win32
		{E2900162-D819-4CCD-A060-73F42EDCD889}.Debug|Win32.Deploy.0 = Debug|Win32
		{E2900162-D819-4CCD-A060-73F42EDCD889}.Debug|x64.ActiveCfg = Debug|x64
		{E2900162-D819-4CCD-A060-73F42EDCD889}.Debug|x64.Build.0 = Debug|x64
		{E2900162-D819-4CCD-A060-73F42EDCD889}.Debug|x64.Deploy.0 = Debug|x64
		{E2900162-D819-4CCD-A060-73F42EDCD889}.Release|Win32.ActiveCfg = Release|Win32
		{E2900162-D819-4CCD-A060-73F42EDCD889}.Release|Win32.Build.0 = Release|Win32
		{E2900162-D819-4CCD-A060-73F42EDCD889}.Release|Win32.Deploy.0 = Release|Win32
		{E2900162-D819-4CCD-A060-73F42EDCD889}.Release|x64.ActiveCfg = Release|x64
		{E2900162-D819-4CCD-A060-73F42EDCD889}.Release|x64.Build.0 = Release|x64
		{E2900162-D819-4CCD-A060-73F42EDCD889}.Release|x64.Deploy.0 = Release|x64
		{4F0F395D-BF6C-4667-AA03-B323BD312489}.Debug|Win32.ActiveCfg = Debug|Win32
		{4F0F395D-BF6C-4667-AA03-B323BD312489}.Debug|Win32.Build.0 = Debug|Win32
		{4F0F395D-BF6C-4667-AA03-B323BD312489}.Debug|Win32.Deploy.0 = Debug|Win32
		{4F0F395D-BF6C-4667-AA03-B323BD312489}.Debug|x64.ActiveCfg = Debug|x64
		{4F0F395D-BF6C-4667-AA03-B323BD312489}.Debug|x64.Build.0 = Debug|x64
		{4F0F395D-BF6C-4667-AA03-B323BD312489}.Debug|x64.Deploy.0 = Debug|x64
		{4F0F395D-BF6C-4667-AA03-B323BD312489}.Release|Win32.ActiveCfg = Release|Win32
		{4F0F395D-BF6C-4667-AA03-B323BD312489}.Release|Win32.Build.0 = Release|Win32
		{4F0F395D-BF6C-4667-AA03-B323BD312489}.Release|Win32.Deploy.0 = Release|Win32
		{4F0F395D-BF6C-4667-AA03-B323BD312489}.Release|x64.ActiveCfg = Release|x64
		{4F0F395D-BF6C-4667-AA03-B323BD312489}.Release|x64.Build.0 = Release|x64
		{4F0F395D-BF6C-4667-AA03-B323BD312489}.Release|x64.Deploy.0 = Release|x64
		{B2988262-A1B4-4492-B837-F814889213A8}.Debug|Win32.ActiveCfg = Debug|Win32
		{B2988262-A1B4-4492-B837-F814889213A8}.Debug|Win32.Build.0 = Debug|Win32
		{B2988262-A1B4-4492-B837-F814889213A8}.Debug|Win32.Deploy.0 = Debug|Win32
		{B2988262-A1B4-4492-B837-F814889213A8}.Debug|x64.ActiveCfg = Debug|x64
		{B2988262-A1B4-4492-B837-F814889213A8}.Debug|x64.Build.0 = Debug|x64
		{B2988262-A1B4-4492-B837-F814889213A8}.Debug|x64.Deploy.0 = Debug|x64
		{B2988262-A1B4-4492-B837-F814889213A8}.Release|Win32.ActiveCfg = Release|Win32
		{B2988262-A1B4-4492-B837-F814889213A8}.Release|Win32.Build.0 = Release|Win32
		{B2988262-A1B4-4492-B837-F814889213A8}.Release|Win32.Deploy.0 = Release|Win32
		{B2988262-A1B4-4492-B837-F814889213A8}.Release|x64.ActiveCfg = Release|x64
		{B2988262-A1B4-4492-B837-F814889213A8}.Release|x64.Build.0 = Release|x64
		{B2988262-A1B4-4492-B837-F814889213A8}.Release|x64.Deploy.0 = Release|x64
		{D0CC242D-2EE7-4B47-B9A9-D402CECB1607}.Debug|Win32.ActiveCfg = Debug|Win32
		{D0CC242D-2EE7-4B47-B9A9-D402CECB1607}.Debug|Win32.Build.0 = Debug|Win32
		{D0CC242D-2EE7-4B47-B9A9-D402CECB1607}.Debug|Win32.Deploy.0 = Debug|Win32
		{D0CC242D-2EE7-4B47-B9A9-D402CECB1607}.Debug|x64.ActiveCfg = Debug|x64
		{D0CC242D-2EE7-4B47-B9A9-D402CECB1607}.Debug|x64.Build.0 = Debug|x64
		{D0CC242D-2EE7-4B47-B9A9-D402CECB1607}.Debug|x64.Deploy.0 = Debug|x64
		{D0CC242D-2EE7-4B47-B9A9-D402CECB1607}.Release|Win32.ActiveCfg = Release|Win32
		{D0CC242D-2EE7-4B47-B9A9-D402CECB1607}.Release|Win32.Build.0 = Release|Win32
		{D0CC242D-2EE7-4B47-B9A9-D402CECB1607}.Release|Win32.Deploy.0 = Release|Win32
		{D0CC242D-2EE7-4B47-B9A9-D402CECB1607}.Release|x64.ActiveCfg = Release|x64
		{D0CC242D-2EE7-4B47-B9A9-D402CECB1607}.Release|x64.Build.0 = Release|x64
		{D0CC242D-2EE7-4B47-B9A9-D402CECB1607}.Release|x64.Deploy.0 = Release|x64
		{F8704B82-3BF2-4750-BB59-F065D837FC0B}.Debug|Win32.ActiveCfg = Debug|Win32
		{F8704B82-3BF2-4750-BB59-F065D837FC0B}.Debug|Win32.Build.0 = Debug|Win32
		{F8704B82-3BF2-4750-BB59-F065D837FC0B}.Debug|Win32.Deploy.0 = Debug|Win32
		{F8704B82-3BF2-4750-BB59-F065D837FC0B}.Debug|x64.ActiveCfg = Debug|x64
		{F8704B82-3BF2-4750-BB59-F065D837FC0B}.Debug|x64.Build.0 = Debug|x64
		{F8704B82-3BF2-4750-BB59-F065D837FC0B}.Debug|x64.Deploy.0 = Debug|x64
		{F8704B82-3BF2-4750-BB59-F065D837FC0B}.Release|Win32.ActiveCfg = Release|Win32
		{F8704B82-3BF2-4750-BB59-F065D837FC0B}.Release|Win32.Build.0 = Release|Win32
		{F8704B82-3BF2-4750-BB59-F065D837FC0B}.Release|Win32.Deploy.0 = Release|Win32
		{F8704B82-3BF2-4750-BB59-F065D837FC0B}.Release|x64.ActiveCfg = Release|x64
		{F8704B82-3BF2-4750-BB59-F065D837FC0B}.Release|x64.Build.0 = Release|x64
		{F8704B82-3BF2-4750-BB59-F065D837FC0B}.Release|x64.Deploy.0 = Release|x64
		{95FF3B1E-4DC5-4279-B825-36F85C33EB1D}.Debug|Win32.ActiveCfg = Debug|Win32
		{95FF3B1E-4DC5-4279-B825-36F85C33EB1D}.Debug|Win32.Build.0 = Debug|Win32
		{95FF3B1E-4DC5-4279-B825-36F85C33EB1D}.Debug|Win32.Deploy.0 = Debug|Win32
		{95FF3B1E-4DC5-4279-B825-36F85C33EB1D}.Debug|x64.ActiveCfg = Debug|x64
		{95FF3B1E-4DC5-4279-B825-36F85C33EB1D}.Debug|x64.Build.0 = Debug|x64
		{95FF3B1E-4DC5-4279-B825-36F85C33EB1D}.Debug|x64.Deploy.0 = Debug|x64
		{95FF3B1E-4DC5-4279-B825-36F85C33EB1D}.Release|Win32.ActiveCfg = Release|Win32
		{95FF3B1E-4DC5-4279-B825-36F85C33EB1D}.Release|Win32.Build.0 = Release|Win32
		{95FF3B1E-4DC5-4279-B825-36F85C33EB1D}.Release|Win32.Deploy.0 = Release|Win32
		{95FF3B1E-4DC5-4279-B825-36F85C33EB1D}.Release|x64.ActiveCfg = Release|x64
		{95FF3B1E-4DC5-4279-B825-36F85C33EB1D}.Release|x64.Build.0 = Release|x64
		{95FF3B1E-4DC5-4279-B825-36F85C33EB1D}.Release|x64.Deploy.0 = Release|x64
		{B4C2ABA7-7594-4CAD-A05C-6F024EFB4168}.Debug|Win32.ActiveCfg = Debug|Win32
		{B4C2ABA7-7594-4CAD-A05C-6F024EFB4168}.Debug|Win32.Build.0 = Debug|Win32
		{B4C2ABA7-7594-4CAD-A05C-6F024EFB4168}.Debug|Win32.Deploy.0 = Debug|Win32
		{B4C2ABA7-7594-4CAD-A05C-6F024EFB4168}.Debug|x64.ActiveCfg = Debug|x64
		{B4C2ABA7-7594-4CAD-A05C-6F024EFB4168}.Debug|x64.Build.0 = Debug|x64
		{B4C2ABA7-7594-4CAD-A05C-6F024EFB4168}.Debug|x64.Deploy.0 = Debug|x64
		{B4C2ABA7-7594-4CAD-A05C-6F024EFB4168}.Release|Win32.ActiveCfg = Release|Win32
		{B4C2ABA7-7594-4CAD-A05C-6F024EFB4168}.Release|Win32.Build.0 = Release|Win32
		{B4C2ABA7-7594-4CAD-A05C-6F024EFB4168}.Release|Win32.Deploy.0 = Release|Win32
		{B4C2ABA7-7594-4CAD-A05C-6F024EFB4168}.Release|x64.ActiveCfg = Release|x64
		{B4C2ABA7-7594-4CAD-A05C-6F024EFB4168}.Release|x64.Build.0 = Release|x64
		{B4C2ABA7-7594-4CAD-A05C-6F024EFB4168}.Release|x64.Deploy.0 = Release|x64
		{CBFE266F-3E99-4A78-9665-539BA1C7E068}.Debug|Win32.ActiveCfg = Debug|Win32
		{CBFE266F-3E99-4A78-9665-539BA1C7E068}.Debug|Win32.Build.0 = Debug|Win32
		{CBFE266F-3E99-4A78-9665-539BA1C7E068}.Debug|Win32.Deploy.0 = Debug|Win32
		{CBFE266F-3E99-4A78-9665-539BA1C7E068}.Debug|x64.ActiveCfg = Debug|x64
		{CBFE266F-3E99-4A78-9665-539BA1C7E068}.Debug|x64.Build.0 = Debug|x64
		{CBFE266F-3E99-4A78-9665-539BA1C7E068}.Debug|x64.Deploy.0 = Debug|x64
		{CBFE266F-3E99-4A78-9665-539BA1C7E068}.Release|Win32.ActiveCfg = Release|Win32
		{CBFE266F-3E99-4A78-9665-539BA1C7E068}.Release|Win32.Build.0 = Release|Win32
		{CBFE266F-3E99-4A78-9665-539BA1C7E068}.Release|Win32.Deploy.0 = Release|Win32
		{CBFE266F-3E99-4A78-9665-539BA1C7E068}.Release|x64.ActiveCfg = Release|x64
		{CBFE266F-3E99-4A78-9665-539BA1C7E068}.Release|x64.Build.0 = Release|x64
		{CBFE266F-3E99-4A78-9665-539BA1C7E068}.Release|x64.Deploy.0 = Release|x64
		{C06F70C1-1B90-4801-BEA5-EE6CE6CAA8D4}.Debug|Win32.ActiveCfg = Debug|Win32
		{C06F70C1-1B90-4801-BEA5-EE6CE6CAA8D4}.Debug|Win32.Build.0 = Debug|Win32
		{C06F70C1-1B90-4801-BEA5-EE6CE6CAA8D4}.Debug|Win32.Deploy.0 = Debug|Win32
		{C06F70C1-1B90-4801-BEA5-EE6CE6CAA8D4}.Debug|x64.ActiveCfg = Debug|x64
		{C06F70C1-1B90-4801-BEA5-EE6CE6CAA8D4}.Debug|x64.Build.0 = Debug|x64
		{C06F70C1-1B90-4801-BEA5-EE6CE6CAA8D4}.Debug|x64.Deploy.0 = Debug|x64
		{C06F70C1-1B90-4801-BEA5-EE6CE6CAA8D4}.Release|Win32.ActiveCfg = Release|Win32
		{C06F70C1-1B90-4801-BEA5-EE6CE6CAA8D4}.Release|Win32.Build.0 = Release|Win32
		{C06F70C1-1B90-4801-BEA5-EE6CE6CAA8D4}.Release|Win32.Deploy.0 = Release|Win32
		{C06F70C1-1B90-4801-BEA5-EE6CE6CAA8D4}.Release|x64.ActiveCfg = Release|x64
		{C06F70C1-1B90-4801-BEA5-EE6CE6CAA8D4}.Release|x64.Build.0 = Release|x64
		{C06F70C1-1B90-4801-BEA5-EE6CE6CAA8D4}.Release|x64.Deploy.0 = Release|x64
	EndGlobalSection
	GlobalSection(SolutionProperties) = preSolution
		HideSolutionNode = FALSE
	EndGlobalSection
EndGlobal
