<?xml version="1.0" encoding="utf-8"?>
<Project ToolsVersion="4.0" xmlns="http://schemas.microsoft.com/developer/msbuild/2003">
  <ItemGroup>
    <Filter Include="소스 파일">
      <UniqueIdentifier>{4FC737F1-C7A5-4376-A066-2A32D752A2FF}</UniqueIdentifier>
      <Extensions>cpp;c;cc;cxx;c++;def;odl;idl;hpj;bat;asm;asmx</Extensions>
    </Filter>
    <Filter Include="헤더 파일">
      <UniqueIdentifier>{93995380-89BD-4b04-88EB-625FBE52EBFB}</UniqueIdentifier>
      <Extensions>h;hh;hpp;hxx;h++;hm;inl;inc;ipp;xsd</Extensions>
    </Filter>
    <Filter Include="리소스 파일">
      <UniqueIdentifier>{67DA6AB6-F800-4c08-8B7A-83BB121AAD01}</UniqueIdentifier>
      <Extensions>rc;ico;cur;bmp;dlg;rc2;rct;bin;rgs;gif;jpg;jpeg;jpe;resx;tiff;tif;png;wav;mfcribbon-ms</Extensions>
    </Filter>
    <Filter Include="헤더 파일\etc">
      <UniqueIdentifier>{62eddfe2-66d7-4377-9d8a-e48bcfa59c52}</UniqueIdentifier>
    </Filter>
    <Filter Include="헤더 파일\Fake">
      <UniqueIdentifier>{0c5db332-e9ee-4062-9cbd-54589e52ee10}</UniqueIdentifier>
    </Filter>
    <Filter Include="헤더 파일\KGDXRenderer">
      <UniqueIdentifier>{b8ff265f-96c2-4ace-96b0-247c5d1b0b97}</UniqueIdentifier>
    </Filter>
    <Filter Include="헤더 파일\KGDXRenderer\Component">
      <UniqueIdentifier>{f325a709-07de-40fa-868f-4460614b1105}</UniqueIdentifier>
    </Filter>
    <Filter Include="헤더 파일\KGDXRenderer\Core">
      <UniqueIdentifier>{b35b184f-8201-4b65-bc8c-64624b661258}</UniqueIdentifier>
    </Filter>
    <Filter Include="헤더 파일\KGDXRenderer\Animation">
      <UniqueIdentifier>{1900c01e-145f-470c-b994-16fef1b97251}</UniqueIdentifier>
    </Filter>
    <Filter Include="헤더 파일\Interface">
      <UniqueIdentifier>{18b6e730-649f-4cec-a2be-91914a56b223}</UniqueIdentifier>
    </Filter>
    <Filter Include="헤더 파일\KGDXRenderer\Core\RenderQueue">
      <UniqueIdentifier>{8f7e3be8-4e5a-47ff-9fdd-d21131dba610}</UniqueIdentifier>
    </Filter>
    <Filter Include="헤더 파일\KGDXRenderer\Core\ResourceLoader">
      <UniqueIdentifier>{2bc8bb58-6fe0-42e5-9311-6d386decb79b}</UniqueIdentifier>
    </Filter>
    <Filter Include="헤더 파일\KGDXRenderer\Core\System">
      <UniqueIdentifier>{add24173-5235-46e5-974b-f5098fdd66f5}</UniqueIdentifier>
    </Filter>
    <Filter Include="헤더 파일\KGDXRenderer\Core\Data">
      <UniqueIdentifier>{2a0a5fb0-cefd-4c33-8de0-219ed682c7d1}</UniqueIdentifier>
    </Filter>
    <Filter Include="헤더 파일\KGDXRenderer\Core\Utill">
      <UniqueIdentifier>{634be384-0c70-452c-b88e-d627965f192e}</UniqueIdentifier>
    </Filter>
    <Filter Include="헤더 파일\KGDXRenderer\Core\Resource">
      <UniqueIdentifier>{28ac0564-6487-4e08-b73e-15a8855e7aca}</UniqueIdentifier>
    </Filter>
    <Filter Include="소스 파일\KGDXRenderer">
      <UniqueIdentifier>{4d53cc4a-5ff3-4a16-809a-2990af27610a}</UniqueIdentifier>
    </Filter>
    <Filter Include="소스 파일\KGDXRenderer\etc">
      <UniqueIdentifier>{0abc763b-1c1f-4623-875f-1532e13a0c65}</UniqueIdentifier>
    </Filter>
    <Filter Include="소스 파일\KGDXRenderer\Core">
      <UniqueIdentifier>{928f8e26-093f-45a2-8b99-e04f13504269}</UniqueIdentifier>
    </Filter>
    <Filter Include="소스 파일\KGDXRenderer\Core\Resource">
      <UniqueIdentifier>{82ccdba8-3f48-4e9e-8555-835c4a548ab4}</UniqueIdentifier>
    </Filter>
    <Filter Include="소스 파일\KGDXRenderer\Core\Utill">
      <UniqueIdentifier>{2b484364-0d9d-495b-8ebd-0ea24718fc84}</UniqueIdentifier>
    </Filter>
    <Filter Include="소스 파일\KGDXRenderer\Core\RenderQueue">
      <UniqueIdentifier>{0d6ab0b4-0e1d-4e7d-9f09-eade4d9e6979}</UniqueIdentifier>
    </Filter>
    <Filter Include="소스 파일\KGDXRenderer\Component">
      <UniqueIdentifier>{06d17786-452e-4661-b1a1-28ea5012502f}</UniqueIdentifier>
    </Filter>
    <Filter Include="소스 파일\KGDXRenderer\ResourceLoader">
      <UniqueIdentifier>{79e937b1-7b2d-4c56-820d-7111903e9793}</UniqueIdentifier>
    </Filter>
    <Filter Include="소스 파일\KGDXRenderer\System">
      <UniqueIdentifier>{b47cc8f1-cfb1-4e80-837a-84956a6923ca}</UniqueIdentifier>
    </Filter>
    <Filter Include="소스 파일\KGFakeRenderer">
      <UniqueIdentifier>{d5df641d-bab7-4e3c-87c4-6f1c2f330bb3}</UniqueIdentifier>
    </Filter>
    <Filter Include="헤더 파일\Fake\FakeComponent">
      <UniqueIdentifier>{5e1a87eb-e267-4504-82d6-9edc9d9d7939}</UniqueIdentifier>
    </Filter>
  </ItemGroup>
  <ItemGroup>
    <ClCompile Include="src\pch.cpp">
      <Filter>소스 파일\KGDXRenderer\etc</Filter>
    </ClCompile>
    <ClCompile Include="src\dllmain.cpp">
      <Filter>소스 파일\KGDXRenderer\etc</Filter>
    </ClCompile>
    <ClCompile Include="src\D3D12Helper.cpp">
      <Filter>소스 파일\KGDXRenderer\etc</Filter>
    </ClCompile>
    <ClCompile Include="src\KGDXRenderer.cpp">
      <Filter>소스 파일\KGDXRenderer\Core</Filter>
    </ClCompile>
    <ClCompile Include="src\KGRenderer.cpp">
      <Filter>소스 파일\KGDXRenderer\Core</Filter>
    </ClCompile>
    <ClCompile Include="src\DDSTextureLoader.cpp">
      <Filter>소스 파일\KGDXRenderer\etc</Filter>
    </ClCompile>
    <ClCompile Include="src\ResourceContainer.cpp">
      <Filter>소스 파일\KGDXRenderer\ResourceLoader</Filter>
    </ClCompile>
    <ClCompile Include="src\RenderTexture.cpp">
      <Filter>소스 파일\KGDXRenderer\Core\Resource</Filter>
    </ClCompile>
    <ClCompile Include="src\KGShader.cpp">
      <Filter>소스 파일\KGDXRenderer\Core\Resource</Filter>
    </ClCompile>
    <ClCompile Include="src\KGResourceLoader.cpp">
      <Filter>소스 파일\KGDXRenderer\ResourceLoader</Filter>
    </ClCompile>
    <ClCompile Include="src\KGRenderQueue.cpp">
      <Filter>소스 파일\KGDXRenderer\Core\RenderQueue</Filter>
    </ClCompile>
    <ClCompile Include="src\KGModel.cpp">
      <Filter>소스 파일\KGDXRenderer\Core\Resource</Filter>
    </ClCompile>
    <ClCompile Include="src\KGGeometry.cpp">
      <Filter>소스 파일\KGDXRenderer\Core\Resource</Filter>
    </ClCompile>
    <ClCompile Include="src\DescriptorHeapManager.cpp">
      <Filter>소스 파일\KGDXRenderer\Core\Utill</Filter>
    </ClCompile>
    <ClCompile Include="src\GraphicSystem.cpp">
      <Filter>소스 파일\KGDXRenderer\System</Filter>
    </ClCompile>
    <ClCompile Include="src\AnimationComponent.cpp">
      <Filter>소스 파일\KGDXRenderer\Component</Filter>
    </ClCompile>
    <ClCompile Include="src\CameraComponent.cpp">
      <Filter>소스 파일\KGDXRenderer\Component</Filter>
    </ClCompile>
    <ClCompile Include="src\GeometryComponent.cpp">
      <Filter>소스 파일\KGDXRenderer\Component</Filter>
    </ClCompile>
    <ClCompile Include="src\LightComponent.cpp">
      <Filter>소스 파일\KGDXRenderer\Component</Filter>
    </ClCompile>
    <ClCompile Include="src\MaterialComponent.cpp">
      <Filter>소스 파일\KGDXRenderer\Component</Filter>
    </ClCompile>
    <ClCompile Include="src\Render3DComponent.cpp">
      <Filter>소스 파일\KGDXRenderer\Component</Filter>
    </ClCompile>
    <ClCompile Include="src\Texture.cpp">
      <Filter>소스 파일\KGDXRenderer\Core\Resource</Filter>
    </ClCompile>
    <ClCompile Include="src\ShadowCasterComponent.cpp">
      <Filter>소스 파일\KGDXRenderer\Component</Filter>
    </ClCompile>
    <ClCompile Include="src\ParticleEmitterComponent.cpp">
      <Filter>소스 파일\KGDXRenderer\Component</Filter>
    </ClCompile>
    <ClCompile Include="src\ParticleGenerator.cpp">
      <Filter>소스 파일\KGDXRenderer\Core</Filter>
    </ClCompile>
    <ClCompile Include="src\FakeShadowCasterComponent.cpp">
      <Filter>소스 파일\KGFakeRenderer</Filter>
    </ClCompile>
    <ClCompile Include="src\FakeRender3DComponent.cpp">
      <Filter>소스 파일\KGFakeRenderer</Filter>
    </ClCompile>
    <ClCompile Include="src\FakeParticleEmitterComponent.cpp">
      <Filter>소스 파일\KGFakeRenderer</Filter>
    </ClCompile>
    <ClCompile Include="src\FakeMaterialComponent.cpp">
      <Filter>소스 파일\KGFakeRenderer</Filter>
    </ClCompile>
    <ClCompile Include="src\FakeLightComponent.cpp">
      <Filter>소스 파일\KGFakeRenderer</Filter>
    </ClCompile>
    <ClCompile Include="src\FakeCameraComponent.cpp">
      <Filter>소스 파일\KGFakeRenderer</Filter>
    </ClCompile>
    <ClCompile Include="src\FakeAnimationComponent.cpp">
      <Filter>소스 파일\KGFakeRenderer</Filter>
    </ClCompile>
    <ClCompile Include="src\KGFakeRenderer.cpp">
      <Filter>소스 파일\KGFakeRenderer</Filter>
    </ClCompile>
    <ClCompile Include="src\FakeGeometryComponent.cpp">
      <Filter>소스 파일\KGFakeRenderer</Filter>
    </ClCompile>
    <ClCompile Include="src\FakeSystems.cpp">
      <Filter>소스 파일\KGFakeRenderer</Filter>
    </ClCompile>
    <ClCompile Include="src\FakeResourceContainer.cpp">
      <Filter>소스 파일\KGFakeRenderer</Filter>
    </ClCompile>
    <ClCompile Include="src\IParticleEmitterComponent.cpp">
      <Filter>소스 파일\KGDXRenderer\Component</Filter>
    </ClCompile>
    <ClCompile Include="src\FakeRender2DComponent.cpp">
      <Filter>소스 파일\KGFakeRenderer</Filter>
    </ClCompile>
    <ClCompile Include="src\Render2DComponent.cpp">
      <Filter>소스 파일\KGDXRenderer\Component</Filter>
    </ClCompile>
    <ClCompile Include="src\PostProcess.cpp">
      <Filter>소스 파일\KGDXRenderer</Filter>
    </ClCompile>
    <ClCompile Include="include_fake\FakePostProcessComponent.cpp">
      <Filter>소스 파일\KGFakeRenderer</Filter>
    </ClCompile>
    <ClCompile Include="include\PostProcessComponent.cpp">
      <Filter>소스 파일\KGDXRenderer\Component</Filter>
    </ClCompile>
  </ItemGroup>
  <ItemGroup>
    <ClInclude Include="include\framework.h">
      <Filter>헤더 파일\etc</Filter>
    </ClInclude>
    <ClInclude Include="include\pch.h">
      <Filter>헤더 파일\etc</Filter>
    </ClInclude>
    <ClInclude Include="include\D3D12Helper.h">
      <Filter>헤더 파일\etc</Filter>
    </ClInclude>
    <ClInclude Include="include\ResourceContainer.h">
      <Filter>헤더 파일\KGDXRenderer\Core\ResourceLoader</Filter>
    </ClInclude>
    <ClInclude Include="include\d3dx12.h">
      <Filter>헤더 파일\etc</Filter>
    </ClInclude>
    <ClInclude Include="include\DDSTextureLoader.h">
      <Filter>헤더 파일\etc</Filter>
    </ClInclude>
    <ClInclude Include="include\KGResourceLoader.h">
      <Filter>헤더 파일\KGDXRenderer\Core\ResourceLoader</Filter>
    </ClInclude>
    <ClInclude Include="include\KGRenderQueue.h">
      <Filter>헤더 파일\KGDXRenderer\Core\RenderQueue</Filter>
    </ClInclude>
    <ClInclude Include="include\KGGraphicBuffer.h">
      <Filter>헤더 파일\KGDXRenderer\Core\Utill</Filter>
    </ClInclude>
    <ClInclude Include="include\ShaderData.h">
      <Filter>헤더 파일\KGDXRenderer\Core\Data</Filter>
    </ClInclude>
    <ClInclude Include="include\IndexAllocator.h">
      <Filter>헤더 파일\KGDXRenderer\Core\Utill</Filter>
    </ClInclude>
    <ClInclude Include="include\BoneData.h">
      <Filter>헤더 파일\KGDXRenderer\Animation</Filter>
    </ClInclude>
    <ClInclude Include="include\BoneDataBufferManager.h">
      <Filter>헤더 파일\KGDXRenderer\Animation</Filter>
    </ClInclude>
    <ClInclude Include="include\DescriptorHeapManager.h">
      <Filter>헤더 파일\KGDXRenderer\Core\Utill</Filter>
    </ClInclude>
    <ClInclude Include="include\DynamicConstantBufferManager.h">
      <Filter>헤더 파일\KGDXRenderer\Core\Utill</Filter>
    </ClInclude>
    <ClInclude Include="include\DynamicData.h">
      <Filter>헤더 파일\KGDXRenderer\Core\Data</Filter>
    </ClInclude>
    <ClInclude Include="include\RootParameterIndex.h">
      <Filter>헤더 파일\KGDXRenderer\Core\Utill</Filter>
    </ClInclude>
    <ClInclude Include="include\GraphicSystem.h">
      <Filter>헤더 파일\KGDXRenderer\Core\System</Filter>
    </ClInclude>
    <ClInclude Include="include\ParticleGenerator.h">
      <Filter>헤더 파일\KGDXRenderer\Core\Utill</Filter>
    </ClInclude>
    <ClInclude Include="include\KGDXRenderer.h">
      <Filter>헤더 파일\KGDXRenderer</Filter>
    </ClInclude>
    <ClInclude Include="include\CameraComponent.h">
      <Filter>헤더 파일\KGDXRenderer\Component</Filter>
    </ClInclude>
    <ClInclude Include="include\ParticleEmitterComponent.h">
      <Filter>헤더 파일\KGDXRenderer\Component</Filter>
    </ClInclude>
    <ClInclude Include="include\AnimationComponent.h">
      <Filter>헤더 파일\KGDXRenderer\Component</Filter>
    </ClInclude>
    <ClInclude Include="include\GeometryComponent.h">
      <Filter>헤더 파일\KGDXRenderer\Component</Filter>
    </ClInclude>
    <ClInclude Include="include\LightComponent.h">
      <Filter>헤더 파일\KGDXRenderer\Component</Filter>
    </ClInclude>
    <ClInclude Include="include\MaterialComponent.h">
      <Filter>헤더 파일\KGDXRenderer\Component</Filter>
    </ClInclude>
    <ClInclude Include="include\Render3DComponent.h">
      <Filter>헤더 파일\KGDXRenderer\Component</Filter>
    </ClInclude>
    <ClInclude Include="include\ShadowCasterComponent.h">
      <Filter>헤더 파일\KGDXRenderer\Component</Filter>
    </ClInclude>
    <ClInclude Include="export\IAnimationComponent.h">
      <Filter>헤더 파일\Interface</Filter>
    </ClInclude>
    <ClInclude Include="export\ICameraComponent.h">
      <Filter>헤더 파일\Interface</Filter>
    </ClInclude>
    <ClInclude Include="export\IGeometryComponent.h">
      <Filter>헤더 파일\Interface</Filter>
    </ClInclude>
    <ClInclude Include="export\ILightComponent.h">
      <Filter>헤더 파일\Interface</Filter>
    </ClInclude>
    <ClInclude Include="export\IMaterialComponent.h">
      <Filter>헤더 파일\Interface</Filter>
    </ClInclude>
    <ClInclude Include="export\IParticleEmitterComponent.h">
      <Filter>헤더 파일\Interface</Filter>
    </ClInclude>
    <ClInclude Include="export\IRender3DComponent.h">
      <Filter>헤더 파일\Interface</Filter>
    </ClInclude>
    <ClInclude Include="export\IRenderComponent.h">
      <Filter>헤더 파일\Interface</Filter>
    </ClInclude>
    <ClInclude Include="export\IShadowCasterComponent.h">
      <Filter>헤더 파일\Interface</Filter>
    </ClInclude>
    <ClInclude Include="export\KGRenderer.h">
      <Filter>헤더 파일\Interface</Filter>
    </ClInclude>
    <ClInclude Include="export\RendererDesc.h">
      <Filter>헤더 파일\Interface</Filter>
    </ClInclude>
    <ClInclude Include="export\Texture.h">
      <Filter>헤더 파일\KGDXRenderer\Core\Resource</Filter>
    </ClInclude>
    <ClInclude Include="include\RenderTexture.h">
      <Filter>헤더 파일\KGDXRenderer\Core\Resource</Filter>
    </ClInclude>
    <ClInclude Include="include\KGGeometry.h">
      <Filter>헤더 파일\KGDXRenderer\Core\Resource</Filter>
    </ClInclude>
    <ClInclude Include="include\KGModel.h">
      <Filter>헤더 파일\KGDXRenderer\Core\Resource</Filter>
    </ClInclude>
    <ClInclude Include="include\KGShader.h">
      <Filter>헤더 파일\KGDXRenderer\Core\Resource</Filter>
    </ClInclude>
    <ClInclude Include="include\ResourceMetaData.h">
      <Filter>헤더 파일\KGDXRenderer\Core\Resource</Filter>
    </ClInclude>
    <ClInclude Include="include\Texture.h">
      <Filter>헤더 파일\KGDXRenderer\Core\Resource</Filter>
    </ClInclude>
    <ClInclude Include="export\IGraphicComponent.h">
      <Filter>헤더 파일\Interface</Filter>
    </ClInclude>
    <ClInclude Include="include\GraphicComponent.h">
      <Filter>헤더 파일\KGDXRenderer\Component</Filter>
    </ClInclude>
    <ClInclude Include="include\IDXRenderComponent.h">
      <Filter>헤더 파일\KGDXRenderer\Core</Filter>
    </ClInclude>
    <ClInclude Include="include_fake\FakeAnimationComponent.h">
      <Filter>헤더 파일\Fake\FakeComponent</Filter>
    </ClInclude>
    <ClInclude Include="include_fake\FakeCameraComponent.h">
      <Filter>헤더 파일\Fake\FakeComponent</Filter>
    </ClInclude>
    <ClInclude Include="include_fake\FakeGraphicComponent.h">
      <Filter>헤더 파일\Fake\FakeComponent</Filter>
    </ClInclude>
    <ClInclude Include="include_fake\FakeLightComponent.h">
      <Filter>헤더 파일\Fake\FakeComponent</Filter>
    </ClInclude>
    <ClInclude Include="include_fake\FakeMaterialComponent.h">
      <Filter>헤더 파일\Fake\FakeComponent</Filter>
    </ClInclude>
    <ClInclude Include="include_fake\FakeParticleEmitterComponent.h">
      <Filter>헤더 파일\Fake\FakeComponent</Filter>
    </ClInclude>
    <ClInclude Include="include_fake\FakeRender3DComponent.h">
      <Filter>헤더 파일\Fake\FakeComponent</Filter>
    </ClInclude>
    <ClInclude Include="include_fake\FakeShadowCasterComponent.h">
      <Filter>헤더 파일\Fake\FakeComponent</Filter>
    </ClInclude>
    <ClInclude Include="include_fake\KGFakeRenderer.h">
      <Filter>헤더 파일\Fake</Filter>
    </ClInclude>
    <ClInclude Include="include_fake\FakeGeometryComponent.h">
      <Filter>헤더 파일\Fake\FakeComponent</Filter>
    </ClInclude>
    <ClInclude Include="include_fake\FakeSystems.h">
      <Filter>헤더 파일\Fake</Filter>
    </ClInclude>
    <ClInclude Include="include_fake\FakeResourceContainer.h">
      <Filter>헤더 파일\Fake</Filter>
    </ClInclude>
    <ClInclude Include="export\IRender2DComponent.h">
      <Filter>헤더 파일\Interface</Filter>
    </ClInclude>
    <ClInclude Include="include_fake\FakeRender2DComponent.h">
      <Filter>헤더 파일\Fake\FakeComponent</Filter>
    </ClInclude>
    <ClInclude Include="include\Render2DComponent.h">
      <Filter>헤더 파일\KGDXRenderer\Component</Filter>
    </ClInclude>
    <ClInclude Include="include\PostProcess.h">
      <Filter>헤더 파일\KGDXRenderer\Core\Resource</Filter>
    </ClInclude>
    <ClInclude Include="export\IPostProcessComponent.h">
      <Filter>헤더 파일\Interface</Filter>
    </ClInclude>
    <ClInclude Include="export\FakePostProcessComponent.h">
      <Filter>헤더 파일\Fake\FakeComponent</Filter>
    </ClInclude>
    <ClInclude Include="include\PostProcessComponent.h">
      <Filter>헤더 파일\KGDXRenderer\Component</Filter>
    </ClInclude>
  </ItemGroup>
  <ItemGroup>
    <None Include="packages.config" />
  </ItemGroup>
</Project>