<?xml version="1.0" encoding="utf-8"?>
<Project ToolsVersion="4.0" xmlns="http://schemas.microsoft.com/developer/msbuild/2003">
  <ItemGroup>
    <Filter Include="소스 파일">
      <UniqueIdentifier>{4FC737F1-C7A5-4376-A066-2A32D752A2FF}</UniqueIdentifier>
      <Extensions>cpp;c;cc;cxx;c++;def;odl;idl;hpj;bat;asm;asmx</Extensions>
    </Filter>
    <Filter Include="헤더 파일">
      <UniqueIdentifier>{93995380-89BD-4b04-88EB-625FBE52EBFB}</UniqueIdentifier>
      <Extensions>h;hh;hpp;hxx;h++;hm;inl;inc;ipp;xsd</Extensions>
    </Filter>
    <Filter Include="리소스 파일">
      <UniqueIdentifier>{67DA6AB6-F800-4c08-8B7A-83BB121AAD01}</UniqueIdentifier>
      <Extensions>rc;ico;cur;bmp;dlg;rc2;rct;bin;rgs;gif;jpg;jpeg;jpe;resx;tiff;tif;png;wav;mfcribbon-ms</Extensions>
    </Filter>
    <Filter Include="헤더 파일\etc">
      <UniqueIdentifier>{62eddfe2-66d7-4377-9d8a-e48bcfa59c52}</UniqueIdentifier>
    </Filter>
    <Filter Include="소스 파일\etc">
      <UniqueIdentifier>{0abc763b-1c1f-4623-875f-1532e13a0c65}</UniqueIdentifier>
    </Filter>
    <Filter Include="헤더 파일\Core">
      <UniqueIdentifier>{b35b184f-8201-4b65-bc8c-64624b661258}</UniqueIdentifier>
    </Filter>
    <Filter Include="소스 파일\Core">
      <UniqueIdentifier>{928f8e26-093f-45a2-8b99-e04f13504269}</UniqueIdentifier>
    </Filter>
    <Filter Include="헤더 파일\Component">
      <UniqueIdentifier>{f325a709-07de-40fa-868f-4460614b1105}</UniqueIdentifier>
    </Filter>
    <Filter Include="헤더 파일\Resource">
      <UniqueIdentifier>{2bc8bb58-6fe0-42e5-9311-6d386decb79b}</UniqueIdentifier>
    </Filter>
    <Filter Include="헤더 파일\Core\DirectX">
      <UniqueIdentifier>{9ac19abb-5b10-410a-a1fc-6d1ee624a470}</UniqueIdentifier>
    </Filter>
    <Filter Include="헤더 파일\Core\Buffer">
      <UniqueIdentifier>{921794e5-97b5-40a3-87f9-e34fddc121c2}</UniqueIdentifier>
    </Filter>
  </ItemGroup>
  <ItemGroup>
    <ClCompile Include="src\pch.cpp">
      <Filter>소스 파일\etc</Filter>
    </ClCompile>
    <ClCompile Include="src\dllmain.cpp">
      <Filter>소스 파일\etc</Filter>
    </ClCompile>
    <ClCompile Include="src\D3D12Helper.cpp">
      <Filter>소스 파일\etc</Filter>
    </ClCompile>
    <ClCompile Include="src\GraphicComponent.cpp">
      <Filter>소스 파일\Core</Filter>
    </ClCompile>
    <ClCompile Include="src\KGDXRenderer.cpp">
      <Filter>소스 파일\Core</Filter>
    </ClCompile>
    <ClCompile Include="src\KGGeometry.cpp">
      <Filter>소스 파일\Core</Filter>
    </ClCompile>
    <ClCompile Include="src\KGRenderer.cpp">
      <Filter>소스 파일\Core</Filter>
    </ClCompile>
    <ClCompile Include="src\KGShader.cpp">
      <Filter>소스 파일\Core</Filter>
    </ClCompile>
    <ClCompile Include="src\ResourceContainer.cpp">
      <Filter>소스 파일\Core</Filter>
    </ClCompile>
    <ClCompile Include="src\GraphicSystem.cpp">
      <Filter>소스 파일\Core</Filter>
    </ClCompile>
    <ClCompile Include="src\KGResourceLoader.cpp">
      <Filter>소스 파일\Core</Filter>
    </ClCompile>
    <ClCompile Include="src\KGRenderQueue.cpp">
      <Filter>소스 파일\Core</Filter>
    </ClCompile>
    <ClCompile Include="src\DescriptorHeapManager.cpp">
      <Filter>소스 파일\Core</Filter>
    </ClCompile>
  </ItemGroup>
  <ItemGroup>
    <ClInclude Include="include\framework.h">
      <Filter>헤더 파일\etc</Filter>
    </ClInclude>
    <ClInclude Include="include\pch.h">
      <Filter>헤더 파일\etc</Filter>
    </ClInclude>
    <ClInclude Include="export\GraphicComponent.h">
      <Filter>헤더 파일\Component</Filter>
    </ClInclude>
    <ClInclude Include="export\KGRenderer.h">
      <Filter>헤더 파일\Core</Filter>
    </ClInclude>
    <ClInclude Include="include\D3D12Helper.h">
      <Filter>헤더 파일\etc</Filter>
    </ClInclude>
    <ClInclude Include="include\KGRenderQueue.h">
      <Filter>헤더 파일\Core</Filter>
    </ClInclude>
    <ClInclude Include="include\KGDXRenderer.h">
      <Filter>헤더 파일\Core\DirectX</Filter>
    </ClInclude>
    <ClInclude Include="include\KGGraphicBuffer.h">
      <Filter>헤더 파일\Core\DirectX</Filter>
    </ClInclude>
    <ClInclude Include="include\KGShader.h">
      <Filter>헤더 파일\Core\DirectX</Filter>
    </ClInclude>
    <ClInclude Include="include\ShaderData.h">
      <Filter>헤더 파일\Core\DirectX</Filter>
    </ClInclude>
    <ClInclude Include="include\ResourceContainer.h">
      <Filter>헤더 파일\Resource</Filter>
    </ClInclude>
    <ClInclude Include="include\KGGeometry.h">
      <Filter>헤더 파일\Resource</Filter>
    </ClInclude>
    <ClInclude Include="export\ResourceMetaData.h">
      <Filter>헤더 파일\Resource</Filter>
    </ClInclude>
    <ClInclude Include="BuddyAllocator.h">
      <Filter>헤더 파일\Core\Buffer</Filter>
    </ClInclude>
    <ClInclude Include="include\BuddyAllocator.h">
      <Filter>헤더 파일</Filter>
    </ClInclude>
    <ClInclude Include="include\GraphicSystem.h">
      <Filter>헤더 파일</Filter>
    </ClInclude>
    <ClInclude Include="include\KGResourceLoader.h">
      <Filter>헤더 파일</Filter>
    </ClInclude>
    <ClInclude Include="include\ResourceStruct.h">
      <Filter>헤더 파일</Filter>
    </ClInclude>
    <ClInclude Include="include\CameraData.h">
      <Filter>헤더 파일\Core</Filter>
    </ClInclude>
    <ClInclude Include="include\RootParameterIndex.h">
      <Filter>헤더 파일\Core</Filter>
    </ClInclude>
    <ClInclude Include="include\d3dx12.h">
      <Filter>헤더 파일\etc</Filter>
    </ClInclude>
    <ClInclude Include="include\RenderTexture.h">
      <Filter>헤더 파일\Core</Filter>
    </ClInclude>
    <ClInclude Include="include\DescriptorHeapManager.h">
      <Filter>헤더 파일\Core</Filter>
    </ClInclude>
    <ClInclude Include="include\IndexAllocator.h">
      <Filter>헤더 파일\Core</Filter>
    </ClInclude>
    <ClInclude Include="include\DynamicData.h">
      <Filter>헤더 파일\Core</Filter>
    </ClInclude>
    <ClInclude Include="include\DynamicConstantBufferManager.h">
      <Filter>헤더 파일\Core</Filter>
    </ClInclude>
  </ItemGroup>
</Project>